// !$*UTF8*$!
{
	archiveVersion = 1;
	classes = {
	};
	objectVersion = 46;
	objects = {

/* Begin PBXBuildFile section */
		EA1262071A3E2CB000CB61D9 /* JFAppDelegate.m in Sources */ = {isa = PBXBuildFile; fileRef = EA1262001A3E2CB000CB61D9 /* JFAppDelegate.m */; };
		EA12620A1A3E2CB000CB61D9 /* main.m in Sources */ = {isa = PBXBuildFile; fileRef = EA1262051A3E2CB000CB61D9 /* main.m */; };
		EA17F4521A5BF6B300BE36F9 /* Application.xcassets in Resources */ = {isa = PBXBuildFile; fileRef = EA17F4501A5BF6B300BE36F9 /* Application.xcassets */; };
		EA17F4551A5BF7A500BE36F9 /* Database1.xcdatamodeld in Sources */ = {isa = PBXBuildFile; fileRef = EA17F4531A5BF7A500BE36F9 /* Database1.xcdatamodeld */; };
		EA17F4581A5BF7AE00BE36F9 /* Database2.xcdatamodeld in Sources */ = {isa = PBXBuildFile; fileRef = EA17F4561A5BF7AE00BE36F9 /* Database2.xcdatamodeld */; };
		EA5D26031A5AD82800977AA8 /* JFRootViewController.m in Sources */ = {isa = PBXBuildFile; fileRef = EA5D26021A5AD82800977AA8 /* JFRootViewController.m */; };
		EA5D260C1A5AD95E00977AA8 /* JFCoreDataManagerTester.m in Sources */ = {isa = PBXBuildFile; fileRef = EA5D260B1A5AD95E00977AA8 /* JFCoreDataManagerTester.m */; };
		EAAEA02B1A5B273C00CEC003 /* JFModalViewController.m in Sources */ = {isa = PBXBuildFile; fileRef = EAAEA02A1A5B273C00CEC003 /* JFModalViewController.m */; };
		EAAEB5841A3E2ED6003DCD73 /* JFWindowManager.m in Sources */ = {isa = PBXBuildFile; fileRef = EAAEB5831A3E2ED6003DCD73 /* JFWindowManager.m */; };
		EAAEB5861A3E2FB9003DCD73 /* Foundation.framework in Frameworks */ = {isa = PBXBuildFile; fileRef = EAAEB5851A3E2FB9003DCD73 /* Foundation.framework */; };
		EAAEB5881A3E2FC0003DCD73 /* UIKit.framework in Frameworks */ = {isa = PBXBuildFile; fileRef = EAAEB5871A3E2FC0003DCD73 /* UIKit.framework */; };
		EAAEB5931A3E35F1003DCD73 /* JFMobileFramework.a in Frameworks */ = {isa = PBXBuildFile; fileRef = EAAEB5901A3E3478003DCD73 /* JFMobileFramework.a */; };
		EAAEB5A71A3E3F66003DCD73 /* JFMobileFramework.bundle in Resources */ = {isa = PBXBuildFile; fileRef = EAAEB5A61A3E3F34003DCD73 /* JFMobileFramework.bundle */; };
/* End PBXBuildFile section */

/* Begin PBXContainerItemProxy section */
		EAAEB58F1A3E3478003DCD73 /* PBXContainerItemProxy */ = {
			isa = PBXContainerItemProxy;
			containerPortal = EAAEB58B1A3E3478003DCD73 /* JFMobileFramework.xcodeproj */;
			proxyType = 2;
			remoteGlobalIDString = EA6F57531A3E0CDE006D6C37;
			remoteInfo = JFMobileLibrary;
		};
		EAAEB5911A3E35EE003DCD73 /* PBXContainerItemProxy */ = {
			isa = PBXContainerItemProxy;
			containerPortal = EAAEB58B1A3E3478003DCD73 /* JFMobileFramework.xcodeproj */;
			proxyType = 1;
			remoteGlobalIDString = EA6F57521A3E0CDE006D6C37;
			remoteInfo = JFMobileLibrary;
		};
		EAAEB5A21A3E3F34003DCD73 /* PBXContainerItemProxy */ = {
			isa = PBXContainerItemProxy;
			containerPortal = EAAEB58B1A3E3478003DCD73 /* JFMobileFramework.xcodeproj */;
			proxyType = 1;
			remoteGlobalIDString = EAAEB5971A3E3CEE003DCD73;
			remoteInfo = Resources;
		};
		EAAEB5A51A3E3F34003DCD73 /* PBXContainerItemProxy */ = {
			isa = PBXContainerItemProxy;
			containerPortal = EAAEB58B1A3E3478003DCD73 /* JFMobileFramework.xcodeproj */;
			proxyType = 2;
			remoteGlobalIDString = EAAEB5981A3E3CEE003DCD73;
			remoteInfo = Resources;
		};
/* End PBXContainerItemProxy section */

/* Begin PBXFileReference section */
		EA1261FF1A3E2CB000CB61D9 /* JFAppDelegate.h */ = {isa = PBXFileReference; fileEncoding = 4; lastKnownFileType = sourcecode.c.h; path = JFAppDelegate.h; sourceTree = "<group>"; };
		EA1262001A3E2CB000CB61D9 /* JFAppDelegate.m */ = {isa = PBXFileReference; fileEncoding = 4; lastKnownFileType = sourcecode.c.objc; path = JFAppDelegate.m; sourceTree = "<group>"; };
		EA1262041A3E2CB000CB61D9 /* Info.plist */ = {isa = PBXFileReference; fileEncoding = 4; lastKnownFileType = text.plist.xml; path = Info.plist; sourceTree = "<group>"; };
		EA1262051A3E2CB000CB61D9 /* main.m */ = {isa = PBXFileReference; fileEncoding = 4; lastKnownFileType = sourcecode.c.objc; path = main.m; sourceTree = "<group>"; };
		EA17F4501A5BF6B300BE36F9 /* Application.xcassets */ = {isa = PBXFileReference; lastKnownFileType = folder.assetcatalog; path = Application.xcassets; sourceTree = "<group>"; };
		EA17F4541A5BF7A500BE36F9 /* Database1.xcdatamodel */ = {isa = PBXFileReference; lastKnownFileType = wrapper.xcdatamodel; path = Database1.xcdatamodel; sourceTree = "<group>"; };
		EA17F4571A5BF7AE00BE36F9 /* Database2.xcdatamodel */ = {isa = PBXFileReference; lastKnownFileType = wrapper.xcdatamodel; path = Database2.xcdatamodel; sourceTree = "<group>"; };
		EA5D26011A5AD82800977AA8 /* JFRootViewController.h */ = {isa = PBXFileReference; fileEncoding = 4; lastKnownFileType = sourcecode.c.h; path = JFRootViewController.h; sourceTree = "<group>"; };
		EA5D26021A5AD82800977AA8 /* JFRootViewController.m */ = {isa = PBXFileReference; fileEncoding = 4; lastKnownFileType = sourcecode.c.objc; path = JFRootViewController.m; sourceTree = "<group>"; };
		EA5D260A1A5AD95E00977AA8 /* JFCoreDataManagerTester.h */ = {isa = PBXFileReference; fileEncoding = 4; lastKnownFileType = sourcecode.c.h; path = JFCoreDataManagerTester.h; sourceTree = "<group>"; };
		EA5D260B1A5AD95E00977AA8 /* JFCoreDataManagerTester.m */ = {isa = PBXFileReference; fileEncoding = 4; lastKnownFileType = sourcecode.c.objc; path = JFCoreDataManagerTester.m; sourceTree = "<group>"; };
		EAAEA0291A5B273C00CEC003 /* JFModalViewController.h */ = {isa = PBXFileReference; fileEncoding = 4; lastKnownFileType = sourcecode.c.h; path = JFModalViewController.h; sourceTree = "<group>"; };
		EAAEA02A1A5B273C00CEC003 /* JFModalViewController.m */ = {isa = PBXFileReference; fileEncoding = 4; lastKnownFileType = sourcecode.c.objc; path = JFModalViewController.m; sourceTree = "<group>"; };
		EAAEB5801A3E2DB2003DCD73 /* Prefix.pch */ = {isa = PBXFileReference; lastKnownFileType = sourcecode.c.h; path = Prefix.pch; sourceTree = "<group>"; };
		EAAEB5821A3E2ED6003DCD73 /* JFWindowManager.h */ = {isa = PBXFileReference; fileEncoding = 4; lastKnownFileType = sourcecode.c.h; path = JFWindowManager.h; sourceTree = "<group>"; };
		EAAEB5831A3E2ED6003DCD73 /* JFWindowManager.m */ = {isa = PBXFileReference; fileEncoding = 4; lastKnownFileType = sourcecode.c.objc; path = JFWindowManager.m; sourceTree = "<group>"; };
		EAAEB5851A3E2FB9003DCD73 /* Foundation.framework */ = {isa = PBXFileReference; lastKnownFileType = wrapper.framework; name = Foundation.framework; path = System/Library/Frameworks/Foundation.framework; sourceTree = SDKROOT; };
		EAAEB5871A3E2FC0003DCD73 /* UIKit.framework */ = {isa = PBXFileReference; lastKnownFileType = wrapper.framework; name = UIKit.framework; path = System/Library/Frameworks/UIKit.framework; sourceTree = SDKROOT; };
		EAAEB58B1A3E3478003DCD73 /* JFMobileFramework.xcodeproj */ = {isa = PBXFileReference; lastKnownFileType = "wrapper.pb-project"; path = JFMobileFramework.xcodeproj; sourceTree = "<group>"; };
		EAEE07641A3E2BD0003501E6 /* JFMobileFrameworkTester.app */ = {isa = PBXFileReference; explicitFileType = wrapper.application; includeInIndex = 0; path = JFMobileFrameworkTester.app; sourceTree = BUILT_PRODUCTS_DIR; };
/* End PBXFileReference section */

/* Begin PBXFrameworksBuildPhase section */
		EAEE07611A3E2BD0003501E6 /* Frameworks */ = {
			isa = PBXFrameworksBuildPhase;
			buildActionMask = 2147483647;
			files = (
				EAAEB5931A3E35F1003DCD73 /* JFMobileFramework.a in Frameworks */,
				EAAEB5881A3E2FC0003DCD73 /* UIKit.framework in Frameworks */,
				EAAEB5861A3E2FB9003DCD73 /* Foundation.framework in Frameworks */,
			);
			runOnlyForDeploymentPostprocessing = 0;
		};
/* End PBXFrameworksBuildPhase section */

/* Begin PBXGroup section */
		EA1261FC1A3E2CB000CB61D9 /* Resources */ = {
			isa = PBXGroup;
			children = (
				EA17F44E1A5BF6B300BE36F9 /* Data */,
				EA17F44F1A5BF6B300BE36F9 /* Images */,
				EA17F4511A5BF6B300BE36F9 /* Strings */,
			);
			name = Resources;
			path = JFMobileFrameworkTester/Resources;
			sourceTree = "<group>";
		};
		EA1261FE1A3E2CB000CB61D9 /* Sources */ = {
			isa = PBXGroup;
			children = (
				EA1261FF1A3E2CB000CB61D9 /* JFAppDelegate.h */,
				EA1262001A3E2CB000CB61D9 /* JFAppDelegate.m */,
				EAAEA0291A5B273C00CEC003 /* JFModalViewController.h */,
				EAAEA02A1A5B273C00CEC003 /* JFModalViewController.m */,
				EA5D26011A5AD82800977AA8 /* JFRootViewController.h */,
				EA5D26021A5AD82800977AA8 /* JFRootViewController.m */,
				EAAEB5821A3E2ED6003DCD73 /* JFWindowManager.h */,
				EAAEB5831A3E2ED6003DCD73 /* JFWindowManager.m */,
				EA5D26091A5AD95E00977AA8 /* Testers */,
			);
			name = Sources;
			path = JFMobileFrameworkTester/Sources;
			sourceTree = "<group>";
		};
		EA1262031A3E2CB000CB61D9 /* Supporting Files */ = {
			isa = PBXGroup;
			children = (
				EA1262041A3E2CB000CB61D9 /* Info.plist */,
				EA1262051A3E2CB000CB61D9 /* main.m */,
				EAAEB5801A3E2DB2003DCD73 /* Prefix.pch */,
			);
			name = "Supporting Files";
			path = "JFMobileFrameworkTester/Supporting Files";
			sourceTree = "<group>";
		};
		EA17F44E1A5BF6B300BE36F9 /* Data */ = {
			isa = PBXGroup;
			children = (
				EA17F4531A5BF7A500BE36F9 /* Database1.xcdatamodeld */,
				EA17F4561A5BF7AE00BE36F9 /* Database2.xcdatamodeld */,
			);
			path = Data;
			sourceTree = "<group>";
		};
		EA17F44F1A5BF6B300BE36F9 /* Images */ = {
			isa = PBXGroup;
			children = (
				EA17F4501A5BF6B300BE36F9 /* Application.xcassets */,
			);
			path = Images;
			sourceTree = "<group>";
		};
		EA17F4511A5BF6B300BE36F9 /* Strings */ = {
			isa = PBXGroup;
			children = (
			);
			path = Strings;
			sourceTree = "<group>";
		};
		EA5D26091A5AD95E00977AA8 /* Testers */ = {
			isa = PBXGroup;
			children = (
				EA5D260A1A5AD95E00977AA8 /* JFCoreDataManagerTester.h */,
				EA5D260B1A5AD95E00977AA8 /* JFCoreDataManagerTester.m */,
			);
			path = Testers;
			sourceTree = "<group>";
		};
		EAAEB5891A3E2FC5003DCD73 /* Frameworks */ = {
			isa = PBXGroup;
			children = (
				EAAEB5871A3E2FC0003DCD73 /* UIKit.framework */,
				EAAEB5851A3E2FB9003DCD73 /* Foundation.framework */,
			);
			name = Frameworks;
			sourceTree = "<group>";
		};
		EAAEB58A1A3E3464003DCD73 /* Projects */ = {
			isa = PBXGroup;
			children = (
				EAAEB58B1A3E3478003DCD73 /* JFMobileFramework.xcodeproj */,
			);
			name = Projects;
			sourceTree = "<group>";
		};
		EAAEB58C1A3E3478003DCD73 /* Products */ = {
			isa = PBXGroup;
			children = (
				EAAEB5901A3E3478003DCD73 /* JFMobileFramework.a */,
				EAAEB5A61A3E3F34003DCD73 /* JFMobileFramework.bundle */,
			);
			name = Products;
			sourceTree = "<group>";
		};
		EAEE075B1A3E2BD0003501E6 = {
			isa = PBXGroup;
			children = (
				EAAEB5891A3E2FC5003DCD73 /* Frameworks */,
				EAEE07651A3E2BD0003501E6 /* Products */,
				EAAEB58A1A3E3464003DCD73 /* Projects */,
				EA1261FC1A3E2CB000CB61D9 /* Resources */,
				EA1261FE1A3E2CB000CB61D9 /* Sources */,
				EA1262031A3E2CB000CB61D9 /* Supporting Files */,
			);
			sourceTree = "<group>";
		};
		EAEE07651A3E2BD0003501E6 /* Products */ = {
			isa = PBXGroup;
			children = (
				EAEE07641A3E2BD0003501E6 /* JFMobileFrameworkTester.app */,
			);
			name = Products;
			sourceTree = "<group>";
		};
/* End PBXGroup section */

/* Begin PBXNativeTarget section */
		EAEE07631A3E2BD0003501E6 /* JFMobileFrameworkTester */ = {
			isa = PBXNativeTarget;
			buildConfigurationList = EAEE07871A3E2BD0003501E6 /* Build configuration list for PBXNativeTarget "JFMobileFrameworkTester" */;
			buildPhases = (
				EAEE07601A3E2BD0003501E6 /* Sources */,
				EAEE07611A3E2BD0003501E6 /* Frameworks */,
				EAEE07621A3E2BD0003501E6 /* Resources */,
			);
			buildRules = (
			);
			dependencies = (
				EAAEB5A31A3E3F34003DCD73 /* PBXTargetDependency */,
				EAAEB5921A3E35EE003DCD73 /* PBXTargetDependency */,
			);
			name = JFMobileFrameworkTester;
			productName = JFMobileFrameworkTester;
			productReference = EAEE07641A3E2BD0003501E6 /* JFMobileFrameworkTester.app */;
			productType = "com.apple.product-type.application";
		};
/* End PBXNativeTarget section */

/* Begin PBXProject section */
		EAEE075C1A3E2BD0003501E6 /* Project object */ = {
			isa = PBXProject;
			attributes = {
				CLASSPREFIX = JF;
				LastUpgradeCheck = 0610;
				ORGANIZATIONNAME = "Jacopo Filié";
				TargetAttributes = {
					EAEE07631A3E2BD0003501E6 = {
						CreatedOnToolsVersion = 6.1.1;
					};
				};
			};
			buildConfigurationList = EAEE075F1A3E2BD0003501E6 /* Build configuration list for PBXProject "JFMobileFrameworkTester" */;
			compatibilityVersion = "Xcode 3.2";
			developmentRegion = English;
			hasScannedForEncodings = 0;
			knownRegions = (
				en,
				Base,
			);
			mainGroup = EAEE075B1A3E2BD0003501E6;
			productRefGroup = EAEE07651A3E2BD0003501E6 /* Products */;
			projectDirPath = "";
			projectReferences = (
				{
					ProductGroup = EAAEB58C1A3E3478003DCD73 /* Products */;
					ProjectRef = EAAEB58B1A3E3478003DCD73 /* JFMobileFramework.xcodeproj */;
				},
			);
			projectRoot = "";
			targets = (
				EAEE07631A3E2BD0003501E6 /* JFMobileFrameworkTester */,
			);
		};
/* End PBXProject section */

/* Begin PBXReferenceProxy section */
		EAAEB5901A3E3478003DCD73 /* JFMobileFramework.a */ = {
			isa = PBXReferenceProxy;
			fileType = archive.ar;
			path = JFMobileFramework.a;
			remoteRef = EAAEB58F1A3E3478003DCD73 /* PBXContainerItemProxy */;
			sourceTree = BUILT_PRODUCTS_DIR;
		};
		EAAEB5A61A3E3F34003DCD73 /* JFMobileFramework.bundle */ = {
			isa = PBXReferenceProxy;
			fileType = wrapper.cfbundle;
			path = JFMobileFramework.bundle;
			remoteRef = EAAEB5A51A3E3F34003DCD73 /* PBXContainerItemProxy */;
			sourceTree = BUILT_PRODUCTS_DIR;
		};
/* End PBXReferenceProxy section */

/* Begin PBXResourcesBuildPhase section */
		EAEE07621A3E2BD0003501E6 /* Resources */ = {
			isa = PBXResourcesBuildPhase;
			buildActionMask = 2147483647;
			files = (
				EA17F4521A5BF6B300BE36F9 /* Application.xcassets in Resources */,
				EAAEB5A71A3E3F66003DCD73 /* JFMobileFramework.bundle in Resources */,
			);
			runOnlyForDeploymentPostprocessing = 0;
		};
/* End PBXResourcesBuildPhase section */

/* Begin PBXSourcesBuildPhase section */
		EAEE07601A3E2BD0003501E6 /* Sources */ = {
			isa = PBXSourcesBuildPhase;
			buildActionMask = 2147483647;
			files = (
				EA5D26031A5AD82800977AA8 /* JFRootViewController.m in Sources */,
				EA5D260C1A5AD95E00977AA8 /* JFCoreDataManagerTester.m in Sources */,
				EAAEA02B1A5B273C00CEC003 /* JFModalViewController.m in Sources */,
				EA17F4551A5BF7A500BE36F9 /* Database1.xcdatamodeld in Sources */,
				EA12620A1A3E2CB000CB61D9 /* main.m in Sources */,
				EA17F4581A5BF7AE00BE36F9 /* Database2.xcdatamodeld in Sources */,
				EAAEB5841A3E2ED6003DCD73 /* JFWindowManager.m in Sources */,
				EA1262071A3E2CB000CB61D9 /* JFAppDelegate.m in Sources */,
			);
			runOnlyForDeploymentPostprocessing = 0;
		};
/* End PBXSourcesBuildPhase section */

/* Begin PBXTargetDependency section */
		EAAEB5921A3E35EE003DCD73 /* PBXTargetDependency */ = {
			isa = PBXTargetDependency;
			name = JFMobileLibrary;
			targetProxy = EAAEB5911A3E35EE003DCD73 /* PBXContainerItemProxy */;
		};
		EAAEB5A31A3E3F34003DCD73 /* PBXTargetDependency */ = {
			isa = PBXTargetDependency;
			name = Resources;
			targetProxy = EAAEB5A21A3E3F34003DCD73 /* PBXContainerItemProxy */;
		};
/* End PBXTargetDependency section */

/* Begin XCBuildConfiguration section */
		EAEE07851A3E2BD0003501E6 /* Debug */ = {
			isa = XCBuildConfiguration;
			buildSettings = {
				ALWAYS_SEARCH_USER_PATHS = NO;
				CLANG_CXX_LANGUAGE_STANDARD = "gnu++0x";
				CLANG_CXX_LIBRARY = "libc++";
				CLANG_ENABLE_MODULES = YES;
				CLANG_ENABLE_OBJC_ARC = YES;
				CLANG_WARN_BOOL_CONVERSION = YES;
				CLANG_WARN_CONSTANT_CONVERSION = YES;
				CLANG_WARN_DIRECT_OBJC_ISA_USAGE = YES_ERROR;
				CLANG_WARN_EMPTY_BODY = YES;
				CLANG_WARN_ENUM_CONVERSION = YES;
				CLANG_WARN_INT_CONVERSION = YES;
				CLANG_WARN_OBJC_ROOT_CLASS = YES_ERROR;
				CLANG_WARN_UNREACHABLE_CODE = YES;
				CLANG_WARN__DUPLICATE_METHOD_MATCH = YES;
				"CODE_SIGN_IDENTITY[sdk=iphoneos*]" = "iPhone Developer";
				COPY_PHASE_STRIP = NO;
				ENABLE_STRICT_OBJC_MSGSEND = YES;
				GCC_C_LANGUAGE_STANDARD = gnu99;
				GCC_DYNAMIC_NO_PIC = NO;
				GCC_OPTIMIZATION_LEVEL = 0;
				GCC_PREPROCESSOR_DEFINITIONS = (
					"DEBUG=1",
					"$(inherited)",
				);
				GCC_SYMBOLS_PRIVATE_EXTERN = NO;
				GCC_WARN_64_TO_32_BIT_CONVERSION = YES;
				GCC_WARN_ABOUT_RETURN_TYPE = YES_ERROR;
				GCC_WARN_UNDECLARED_SELECTOR = YES;
				GCC_WARN_UNINITIALIZED_AUTOS = YES_AGGRESSIVE;
				GCC_WARN_UNUSED_FUNCTION = YES;
				GCC_WARN_UNUSED_VARIABLE = YES;
				IPHONEOS_DEPLOYMENT_TARGET = 8.1;
				MTL_ENABLE_DEBUG_INFO = YES;
				ONLY_ACTIVE_ARCH = YES;
				SDKROOT = iphoneos;
				TARGETED_DEVICE_FAMILY = "1,2";
			};
			name = Debug;
		};
		EAEE07861A3E2BD0003501E6 /* Release */ = {
			isa = XCBuildConfiguration;
			buildSettings = {
				ALWAYS_SEARCH_USER_PATHS = NO;
				CLANG_CXX_LANGUAGE_STANDARD = "gnu++0x";
				CLANG_CXX_LIBRARY = "libc++";
				CLANG_ENABLE_MODULES = YES;
				CLANG_ENABLE_OBJC_ARC = YES;
				CLANG_WARN_BOOL_CONVERSION = YES;
				CLANG_WARN_CONSTANT_CONVERSION = YES;
				CLANG_WARN_DIRECT_OBJC_ISA_USAGE = YES_ERROR;
				CLANG_WARN_EMPTY_BODY = YES;
				CLANG_WARN_ENUM_CONVERSION = YES;
				CLANG_WARN_INT_CONVERSION = YES;
				CLANG_WARN_OBJC_ROOT_CLASS = YES_ERROR;
				CLANG_WARN_UNREACHABLE_CODE = YES;
				CLANG_WARN__DUPLICATE_METHOD_MATCH = YES;
				"CODE_SIGN_IDENTITY[sdk=iphoneos*]" = "iPhone Developer";
				COPY_PHASE_STRIP = YES;
				ENABLE_NS_ASSERTIONS = NO;
				ENABLE_STRICT_OBJC_MSGSEND = YES;
				GCC_C_LANGUAGE_STANDARD = gnu99;
				GCC_WARN_64_TO_32_BIT_CONVERSION = YES;
				GCC_WARN_ABOUT_RETURN_TYPE = YES_ERROR;
				GCC_WARN_UNDECLARED_SELECTOR = YES;
				GCC_WARN_UNINITIALIZED_AUTOS = YES_AGGRESSIVE;
				GCC_WARN_UNUSED_FUNCTION = YES;
				GCC_WARN_UNUSED_VARIABLE = YES;
				IPHONEOS_DEPLOYMENT_TARGET = 8.1;
				MTL_ENABLE_DEBUG_INFO = NO;
				SDKROOT = iphoneos;
				TARGETED_DEVICE_FAMILY = "1,2";
				VALIDATE_PRODUCT = YES;
			};
			name = Release;
		};
		EAEE07881A3E2BD0003501E6 /* Debug */ = {
			isa = XCBuildConfiguration;
			buildSettings = {
				ASSETCATALOG_COMPILER_APPICON_NAME = AppIcon;
				ASSETCATALOG_COMPILER_LAUNCHIMAGE_NAME = LaunchImage;
				GCC_PREFIX_HEADER = "$(PROJECT_NAME)/Supporting Files/Prefix.pch";
				INFOPLIST_FILE = "$(PROJECT_NAME)/Supporting Files/Info.plist";
				IPHONEOS_DEPLOYMENT_TARGET = 6.0;
				LD_RUNPATH_SEARCH_PATHS = "$(inherited) @executable_path/Frameworks";
				PRODUCT_NAME = "$(TARGET_NAME)";
				USER_HEADER_SEARCH_PATHS = "$(PROJECT_DIR)/JFMobileFramework/**";
			};
			name = Debug;
		};
		EAEE07891A3E2BD0003501E6 /* Release */ = {
			isa = XCBuildConfiguration;
			buildSettings = {
				ASSETCATALOG_COMPILER_APPICON_NAME = AppIcon;
				ASSETCATALOG_COMPILER_LAUNCHIMAGE_NAME = LaunchImage;
				GCC_PREFIX_HEADER = "$(PROJECT_NAME)/Supporting Files/Prefix.pch";
				INFOPLIST_FILE = "$(PROJECT_NAME)/Supporting Files/Info.plist";
				IPHONEOS_DEPLOYMENT_TARGET = 6.0;
				LD_RUNPATH_SEARCH_PATHS = "$(inherited) @executable_path/Frameworks";
				PRODUCT_NAME = "$(TARGET_NAME)";
				USER_HEADER_SEARCH_PATHS = "$(PROJECT_DIR)/JFMobileFramework/**";
			};
			name = Release;
		};
/* End XCBuildConfiguration section */

/* Begin XCConfigurationList section */
		EAEE075F1A3E2BD0003501E6 /* Build configuration list for PBXProject "JFMobileFrameworkTester" */ = {
			isa = XCConfigurationList;
			buildConfigurations = (
				EAEE07851A3E2BD0003501E6 /* Debug */,
				EAEE07861A3E2BD0003501E6 /* Release */,
			);
			defaultConfigurationIsVisible = 0;
			defaultConfigurationName = Release;
		};
		EAEE07871A3E2BD0003501E6 /* Build configuration list for PBXNativeTarget "JFMobileFrameworkTester" */ = {
			isa = XCConfigurationList;
			buildConfigurations = (
				EAEE07881A3E2BD0003501E6 /* Debug */,
				EAEE07891A3E2BD0003501E6 /* Release */,
			);
			defaultConfigurationIsVisible = 0;
			defaultConfigurationName = Release;
		};
/* End XCConfigurationList section */

/* Begin XCVersionGroup section */
		EA17F4531A5BF7A500BE36F9 /* Database1.xcdatamodeld */ = {
			isa = XCVersionGroup;
			children = (
				EA17F4541A5BF7A500BE36F9 /* Database1.xcdatamodel */,
			);
			currentVersion = EA17F4541A5BF7A500BE36F9 /* Database1.xcdatamodel */;
			path = Database1.xcdatamodeld;
			sourceTree = "<group>";
			versionGroupType = wrapper.xcdatamodel;
		};
		EA17F4561A5BF7AE00BE36F9 /* Database2.xcdatamodeld */ = {
			isa = XCVersionGroup;
			children = (
				EA17F4571A5BF7AE00BE36F9 /* Database2.xcdatamodel */,
			);
			currentVersion = EA17F4571A5BF7AE00BE36F9 /* Database2.xcdatamodel */;
			path = Database2.xcdatamodeld;
			sourceTree = "<group>";
			versionGroupType = wrapper.xcdatamodel;
		};
/* End XCVersionGroup section */
	};
	rootObject = EAEE075C1A3E2BD0003501E6 /* Project object */;
}
