// !$*UTF8*$!
{
	archiveVersion = 1;
	classes = {
	};
	objectVersion = 46;
	objects = {

/* Begin PBXBuildFile section */
		EA27C6C41A3E142500B578EB /* JFMobileKit.h in Headers */ = {isa = PBXBuildFile; fileRef = EA5C29331A3E130E0027D706 /* JFMobileKit.h */; settings = {ATTRIBUTES = (Public, ); }; };
		EA27C6C51A3E142500B578EB /* JFCoreDataManager.h in Headers */ = {isa = PBXBuildFile; fileRef = EA6F576C1A3E0CFC006D6C37 /* JFCoreDataManager.h */; settings = {ATTRIBUTES = (Public, ); }; };
		EA27C6C61A3E142500B578EB /* JFHTTPRequest.h in Headers */ = {isa = PBXBuildFile; fileRef = EA6F576E1A3E0CFC006D6C37 /* JFHTTPRequest.h */; settings = {ATTRIBUTES = (Public, ); }; };
		EA27C6C71A3E142500B578EB /* JFLogger.h in Headers */ = {isa = PBXBuildFile; fileRef = EA6F57711A3E0CFC006D6C37 /* JFLogger.h */; settings = {ATTRIBUTES = (Public, ); }; };
		EA27C6C81A3E142500B578EB /* JFActivityIndicatorView.h in Headers */ = {isa = PBXBuildFile; fileRef = EA6F57741A3E0CFC006D6C37 /* JFActivityIndicatorView.h */; settings = {ATTRIBUTES = (Public, ); }; };
		EA27C6C91A3E142500B578EB /* JFAlertView.h in Headers */ = {isa = PBXBuildFile; fileRef = EA6F57761A3E0CFC006D6C37 /* JFAlertView.h */; settings = {ATTRIBUTES = (Public, ); }; };
		EA27C6CA1A3E142500B578EB /* JFDrawerController.h in Headers */ = {isa = PBXBuildFile; fileRef = EA6F57781A3E0CFC006D6C37 /* JFDrawerController.h */; settings = {ATTRIBUTES = (Public, ); }; };
		EA27C6CB1A3E142500B578EB /* JFGalleryView.h in Headers */ = {isa = PBXBuildFile; fileRef = EA6F577A1A3E0CFC006D6C37 /* JFGalleryView.h */; settings = {ATTRIBUTES = (Public, ); }; };
		EA27C6CC1A3E142500B578EB /* JFKeyboardViewHandler.h in Headers */ = {isa = PBXBuildFile; fileRef = EA6F577C1A3E0CFC006D6C37 /* JFKeyboardViewHandler.h */; settings = {ATTRIBUTES = (Public, ); }; };
		EA27C6CD1A3E142500B578EB /* JFLabel.h in Headers */ = {isa = PBXBuildFile; fileRef = EA6F577E1A3E0CFC006D6C37 /* JFLabel.h */; settings = {ATTRIBUTES = (Public, ); }; };
		EA27C6CF1A3E142500B578EB /* JFMenuItem.h in Headers */ = {isa = PBXBuildFile; fileRef = EA6F57821A3E0CFC006D6C37 /* JFMenuItem.h */; settings = {ATTRIBUTES = (Public, ); }; };
		EA27C6D11A3E142500B578EB /* JFMenuViewController.h in Headers */ = {isa = PBXBuildFile; fileRef = EA6F57871A3E0CFC006D6C37 /* JFMenuViewController.h */; settings = {ATTRIBUTES = (Public, ); }; };
		EA27C6D21A3E142500B578EB /* JFNavigationController.h in Headers */ = {isa = PBXBuildFile; fileRef = EA6F57891A3E0CFC006D6C37 /* JFNavigationController.h */; settings = {ATTRIBUTES = (Public, ); }; };
		EA27C6D31A3E142500B578EB /* JFSimpleFormViewController.h in Headers */ = {isa = PBXBuildFile; fileRef = EA6F578B1A3E0CFC006D6C37 /* JFSimpleFormViewController.h */; settings = {ATTRIBUTES = (Public, ); }; };
		EA27C6D41A3E142500B578EB /* JFSliderController.h in Headers */ = {isa = PBXBuildFile; fileRef = EA6F578D1A3E0CFC006D6C37 /* JFSliderController.h */; settings = {ATTRIBUTES = (Public, ); }; };
		EA27C6D51A3E142500B578EB /* JFSplitViewController.h in Headers */ = {isa = PBXBuildFile; fileRef = EA6F578F1A3E0CFC006D6C37 /* JFSplitViewController.h */; settings = {ATTRIBUTES = (Public, ); }; };
		EA27C6D61A3E142500B578EB /* JFTextView.h in Headers */ = {isa = PBXBuildFile; fileRef = EA6F57911A3E0CFC006D6C37 /* JFTextView.h */; settings = {ATTRIBUTES = (Public, ); }; };
		EA27C6D71A3E142500B578EB /* JFTransparentToolbar.h in Headers */ = {isa = PBXBuildFile; fileRef = EA6F57931A3E0CFC006D6C37 /* JFTransparentToolbar.h */; settings = {ATTRIBUTES = (Public, ); }; };
		EA27C6D81A3E142500B578EB /* JFFileManager.h in Headers */ = {isa = PBXBuildFile; fileRef = EA6F57961A3E0CFC006D6C37 /* JFFileManager.h */; settings = {ATTRIBUTES = (Public, ); }; };
		EA27C6D91A3E142500B578EB /* JFUpdatableFile.h in Headers */ = {isa = PBXBuildFile; fileRef = EA6F57981A3E0CFC006D6C37 /* JFUpdatableFile.h */; settings = {ATTRIBUTES = (Public, ); }; };
		EA27C6DA1A3E142500B578EB /* JFUtilities.h in Headers */ = {isa = PBXBuildFile; fileRef = EA6F579A1A3E0CFC006D6C37 /* JFUtilities.h */; settings = {ATTRIBUTES = (Public, ); }; };
		EA5C29341A3E13A00027D706 /* CoreData.framework in Frameworks */ = {isa = PBXBuildFile; fileRef = EAD5B6D018A8F61100414379 /* CoreData.framework */; };
		EA5C29351A3E13A00027D706 /* Foundation.framework in Frameworks */ = {isa = PBXBuildFile; fileRef = EA425D901894211F003C55E8 /* Foundation.framework */; };
		EA5C29361A3E13A00027D706 /* UIKit.framework in Frameworks */ = {isa = PBXBuildFile; fileRef = EA425DD71894224A003C55E8 /* UIKit.framework */; };
		EA69EF461A3E550F00445BAE /* Prefix.pch in Headers */ = {isa = PBXBuildFile; fileRef = EA69EF451A3E550F00445BAE /* Prefix.pch */; };
		EA6F579C1A3E0CFC006D6C37 /* JFCoreDataManager.m in Sources */ = {isa = PBXBuildFile; fileRef = EA6F576D1A3E0CFC006D6C37 /* JFCoreDataManager.m */; };
		EA6F579D1A3E0CFC006D6C37 /* JFHTTPRequest.m in Sources */ = {isa = PBXBuildFile; fileRef = EA6F576F1A3E0CFC006D6C37 /* JFHTTPRequest.m */; };
		EA6F579E1A3E0CFC006D6C37 /* JFLogger.m in Sources */ = {isa = PBXBuildFile; fileRef = EA6F57721A3E0CFC006D6C37 /* JFLogger.m */; };
		EA6F579F1A3E0CFC006D6C37 /* JFActivityIndicatorView.m in Sources */ = {isa = PBXBuildFile; fileRef = EA6F57751A3E0CFC006D6C37 /* JFActivityIndicatorView.m */; };
		EA6F57A01A3E0CFC006D6C37 /* JFAlertView.m in Sources */ = {isa = PBXBuildFile; fileRef = EA6F57771A3E0CFC006D6C37 /* JFAlertView.m */; };
		EA6F57A11A3E0CFC006D6C37 /* JFDrawerController.m in Sources */ = {isa = PBXBuildFile; fileRef = EA6F57791A3E0CFC006D6C37 /* JFDrawerController.m */; };
		EA6F57A21A3E0CFC006D6C37 /* JFGalleryView.m in Sources */ = {isa = PBXBuildFile; fileRef = EA6F577B1A3E0CFC006D6C37 /* JFGalleryView.m */; };
		EA6F57A31A3E0CFC006D6C37 /* JFKeyboardViewHandler.m in Sources */ = {isa = PBXBuildFile; fileRef = EA6F577D1A3E0CFC006D6C37 /* JFKeyboardViewHandler.m */; };
		EA6F57A41A3E0CFC006D6C37 /* JFLabel.m in Sources */ = {isa = PBXBuildFile; fileRef = EA6F577F1A3E0CFC006D6C37 /* JFLabel.m */; };
		EA6F57A61A3E0CFC006D6C37 /* JFMenuItem.m in Sources */ = {isa = PBXBuildFile; fileRef = EA6F57831A3E0CFC006D6C37 /* JFMenuItem.m */; };
		EA6F57A81A3E0CFC006D6C37 /* JFMenuViewController.m in Sources */ = {isa = PBXBuildFile; fileRef = EA6F57881A3E0CFC006D6C37 /* JFMenuViewController.m */; };
		EA6F57A91A3E0CFC006D6C37 /* JFNavigationController.m in Sources */ = {isa = PBXBuildFile; fileRef = EA6F578A1A3E0CFC006D6C37 /* JFNavigationController.m */; };
		EA6F57AA1A3E0CFC006D6C37 /* JFSimpleFormViewController.m in Sources */ = {isa = PBXBuildFile; fileRef = EA6F578C1A3E0CFC006D6C37 /* JFSimpleFormViewController.m */; };
		EA6F57AB1A3E0CFC006D6C37 /* JFSliderController.m in Sources */ = {isa = PBXBuildFile; fileRef = EA6F578E1A3E0CFC006D6C37 /* JFSliderController.m */; };
		EA6F57AC1A3E0CFC006D6C37 /* JFSplitViewController.m in Sources */ = {isa = PBXBuildFile; fileRef = EA6F57901A3E0CFC006D6C37 /* JFSplitViewController.m */; };
		EA6F57AD1A3E0CFC006D6C37 /* JFTextView.m in Sources */ = {isa = PBXBuildFile; fileRef = EA6F57921A3E0CFC006D6C37 /* JFTextView.m */; };
		EA6F57AE1A3E0CFC006D6C37 /* JFTransparentToolbar.m in Sources */ = {isa = PBXBuildFile; fileRef = EA6F57941A3E0CFC006D6C37 /* JFTransparentToolbar.m */; };
		EA6F57AF1A3E0CFC006D6C37 /* JFFileManager.m in Sources */ = {isa = PBXBuildFile; fileRef = EA6F57971A3E0CFC006D6C37 /* JFFileManager.m */; };
		EA6F57B01A3E0CFC006D6C37 /* JFUpdatableFile.m in Sources */ = {isa = PBXBuildFile; fileRef = EA6F57991A3E0CFC006D6C37 /* JFUpdatableFile.m */; };
		EA6F57B11A3E0CFC006D6C37 /* JFUtilities.m in Sources */ = {isa = PBXBuildFile; fileRef = EA6F579B1A3E0CFC006D6C37 /* JFUtilities.m */; };
		EAADAB491A3E544E00BD98D0 /* JFGlobals.h in Headers */ = {isa = PBXBuildFile; fileRef = EAADAB481A3E544E00BD98D0 /* JFGlobals.h */; };
/* End PBXBuildFile section */

/* Begin PBXCopyFilesBuildPhase section */
		EA6F57511A3E0CDE006D6C37 /* CopyFiles */ = {
			isa = PBXCopyFilesBuildPhase;
			buildActionMask = 2147483647;
			dstPath = "include/$(PRODUCT_NAME)";
			dstSubfolderSpec = 16;
			files = (
			);
			runOnlyForDeploymentPostprocessing = 0;
		};
/* End PBXCopyFilesBuildPhase section */

/* Begin PBXFileReference section */
		EA425D901894211F003C55E8 /* Foundation.framework */ = {isa = PBXFileReference; lastKnownFileType = wrapper.framework; name = Foundation.framework; path = System/Library/Frameworks/Foundation.framework; sourceTree = SDKROOT; };
		EA425DD71894224A003C55E8 /* UIKit.framework */ = {isa = PBXFileReference; lastKnownFileType = wrapper.framework; name = UIKit.framework; path = System/Library/Frameworks/UIKit.framework; sourceTree = SDKROOT; };
		EA5C29331A3E130E0027D706 /* JFMobileKit.h */ = {isa = PBXFileReference; lastKnownFileType = sourcecode.c.h; path = JFMobileKit.h; sourceTree = "<group>"; };
		EA69EF451A3E550F00445BAE /* Prefix.pch */ = {isa = PBXFileReference; fileEncoding = 4; lastKnownFileType = sourcecode.c.h; path = Prefix.pch; sourceTree = "<group>"; };
		EA6F57531A3E0CDE006D6C37 /* JFMobileFramework.a */ = {isa = PBXFileReference; explicitFileType = archive.ar; includeInIndex = 0; path = JFMobileFramework.a; sourceTree = BUILT_PRODUCTS_DIR; };
		EA6F576C1A3E0CFC006D6C37 /* JFCoreDataManager.h */ = {isa = PBXFileReference; fileEncoding = 4; lastKnownFileType = sourcecode.c.h; path = JFCoreDataManager.h; sourceTree = "<group>"; };
		EA6F576D1A3E0CFC006D6C37 /* JFCoreDataManager.m */ = {isa = PBXFileReference; fileEncoding = 4; lastKnownFileType = sourcecode.c.objc; lineEnding = 0; path = JFCoreDataManager.m; sourceTree = "<group>"; xcLanguageSpecificationIdentifier = xcode.lang.objc; };
		EA6F576E1A3E0CFC006D6C37 /* JFHTTPRequest.h */ = {isa = PBXFileReference; fileEncoding = 4; lastKnownFileType = sourcecode.c.h; path = JFHTTPRequest.h; sourceTree = "<group>"; };
		EA6F576F1A3E0CFC006D6C37 /* JFHTTPRequest.m */ = {isa = PBXFileReference; fileEncoding = 4; lastKnownFileType = sourcecode.c.objc; lineEnding = 0; path = JFHTTPRequest.m; sourceTree = "<group>"; xcLanguageSpecificationIdentifier = xcode.lang.objc; };
		EA6F57711A3E0CFC006D6C37 /* JFLogger.h */ = {isa = PBXFileReference; fileEncoding = 4; lastKnownFileType = sourcecode.c.h; path = JFLogger.h; sourceTree = "<group>"; };
		EA6F57721A3E0CFC006D6C37 /* JFLogger.m */ = {isa = PBXFileReference; fileEncoding = 4; lastKnownFileType = sourcecode.c.objc; lineEnding = 0; path = JFLogger.m; sourceTree = "<group>"; xcLanguageSpecificationIdentifier = xcode.lang.objc; };
		EA6F57741A3E0CFC006D6C37 /* JFActivityIndicatorView.h */ = {isa = PBXFileReference; fileEncoding = 4; lastKnownFileType = sourcecode.c.h; path = JFActivityIndicatorView.h; sourceTree = "<group>"; };
		EA6F57751A3E0CFC006D6C37 /* JFActivityIndicatorView.m */ = {isa = PBXFileReference; fileEncoding = 4; lastKnownFileType = sourcecode.c.objc; lineEnding = 0; path = JFActivityIndicatorView.m; sourceTree = "<group>"; xcLanguageSpecificationIdentifier = xcode.lang.objc; };
		EA6F57761A3E0CFC006D6C37 /* JFAlertView.h */ = {isa = PBXFileReference; fileEncoding = 4; lastKnownFileType = sourcecode.c.h; lineEnding = 0; path = JFAlertView.h; sourceTree = "<group>"; xcLanguageSpecificationIdentifier = xcode.lang.objcpp; };
		EA6F57771A3E0CFC006D6C37 /* JFAlertView.m */ = {isa = PBXFileReference; fileEncoding = 4; lastKnownFileType = sourcecode.c.objc; lineEnding = 0; path = JFAlertView.m; sourceTree = "<group>"; xcLanguageSpecificationIdentifier = xcode.lang.objc; };
		EA6F57781A3E0CFC006D6C37 /* JFDrawerController.h */ = {isa = PBXFileReference; fileEncoding = 4; lastKnownFileType = sourcecode.c.h; lineEnding = 0; path = JFDrawerController.h; sourceTree = "<group>"; xcLanguageSpecificationIdentifier = xcode.lang.objcpp; };
		EA6F57791A3E0CFC006D6C37 /* JFDrawerController.m */ = {isa = PBXFileReference; fileEncoding = 4; lastKnownFileType = sourcecode.c.objc; lineEnding = 0; path = JFDrawerController.m; sourceTree = "<group>"; xcLanguageSpecificationIdentifier = xcode.lang.objc; };
		EA6F577A1A3E0CFC006D6C37 /* JFGalleryView.h */ = {isa = PBXFileReference; fileEncoding = 4; lastKnownFileType = sourcecode.c.h; path = JFGalleryView.h; sourceTree = "<group>"; };
		EA6F577B1A3E0CFC006D6C37 /* JFGalleryView.m */ = {isa = PBXFileReference; fileEncoding = 4; lastKnownFileType = sourcecode.c.objc; lineEnding = 0; path = JFGalleryView.m; sourceTree = "<group>"; xcLanguageSpecificationIdentifier = xcode.lang.objc; };
		EA6F577C1A3E0CFC006D6C37 /* JFKeyboardViewHandler.h */ = {isa = PBXFileReference; fileEncoding = 4; lastKnownFileType = sourcecode.c.h; path = JFKeyboardViewHandler.h; sourceTree = "<group>"; };
		EA6F577D1A3E0CFC006D6C37 /* JFKeyboardViewHandler.m */ = {isa = PBXFileReference; fileEncoding = 4; lastKnownFileType = sourcecode.c.objc; lineEnding = 0; path = JFKeyboardViewHandler.m; sourceTree = "<group>"; xcLanguageSpecificationIdentifier = xcode.lang.objc; };
		EA6F577E1A3E0CFC006D6C37 /* JFLabel.h */ = {isa = PBXFileReference; fileEncoding = 4; lastKnownFileType = sourcecode.c.h; path = JFLabel.h; sourceTree = "<group>"; };
		EA6F577F1A3E0CFC006D6C37 /* JFLabel.m */ = {isa = PBXFileReference; fileEncoding = 4; lastKnownFileType = sourcecode.c.objc; lineEnding = 0; path = JFLabel.m; sourceTree = "<group>"; xcLanguageSpecificationIdentifier = xcode.lang.objc; };
		EA6F57821A3E0CFC006D6C37 /* JFMenuItem.h */ = {isa = PBXFileReference; fileEncoding = 4; lastKnownFileType = sourcecode.c.h; name = JFMenuItem.h; path = "JFMobileFramework/Sources/User Interface/JFMenuItem.h"; sourceTree = "<group>"; };
		EA6F57831A3E0CFC006D6C37 /* JFMenuItem.m */ = {isa = PBXFileReference; fileEncoding = 4; lastKnownFileType = sourcecode.c.objc; lineEnding = 0; name = JFMenuItem.m; path = "JFMobileFramework/Sources/User Interface/JFMenuItem.m"; sourceTree = "<group>"; xcLanguageSpecificationIdentifier = xcode.lang.objc; };
		EA6F57871A3E0CFC006D6C37 /* JFMenuViewController.h */ = {isa = PBXFileReference; fileEncoding = 4; lastKnownFileType = sourcecode.c.h; name = JFMenuViewController.h; path = "JFMobileFramework/Sources/User Interface/JFMenuViewController.h"; sourceTree = "<group>"; };
		EA6F57881A3E0CFC006D6C37 /* JFMenuViewController.m */ = {isa = PBXFileReference; fileEncoding = 4; lastKnownFileType = sourcecode.c.objc; name = JFMenuViewController.m; path = "JFMobileFramework/Sources/User Interface/JFMenuViewController.m"; sourceTree = "<group>"; };
		EA6F57891A3E0CFC006D6C37 /* JFNavigationController.h */ = {isa = PBXFileReference; fileEncoding = 4; lastKnownFileType = sourcecode.c.h; path = JFNavigationController.h; sourceTree = "<group>"; };
		EA6F578A1A3E0CFC006D6C37 /* JFNavigationController.m */ = {isa = PBXFileReference; fileEncoding = 4; lastKnownFileType = sourcecode.c.objc; path = JFNavigationController.m; sourceTree = "<group>"; };
		EA6F578B1A3E0CFC006D6C37 /* JFSimpleFormViewController.h */ = {isa = PBXFileReference; fileEncoding = 4; lastKnownFileType = sourcecode.c.h; path = JFSimpleFormViewController.h; sourceTree = "<group>"; };
		EA6F578C1A3E0CFC006D6C37 /* JFSimpleFormViewController.m */ = {isa = PBXFileReference; fileEncoding = 4; lastKnownFileType = sourcecode.c.objc; path = JFSimpleFormViewController.m; sourceTree = "<group>"; };
		EA6F578D1A3E0CFC006D6C37 /* JFSliderController.h */ = {isa = PBXFileReference; fileEncoding = 4; lastKnownFileType = sourcecode.c.h; path = JFSliderController.h; sourceTree = "<group>"; };
		EA6F578E1A3E0CFC006D6C37 /* JFSliderController.m */ = {isa = PBXFileReference; fileEncoding = 4; lastKnownFileType = sourcecode.c.objc; path = JFSliderController.m; sourceTree = "<group>"; };
		EA6F578F1A3E0CFC006D6C37 /* JFSplitViewController.h */ = {isa = PBXFileReference; fileEncoding = 4; lastKnownFileType = sourcecode.c.h; path = JFSplitViewController.h; sourceTree = "<group>"; };
		EA6F57901A3E0CFC006D6C37 /* JFSplitViewController.m */ = {isa = PBXFileReference; fileEncoding = 4; lastKnownFileType = sourcecode.c.objc; path = JFSplitViewController.m; sourceTree = "<group>"; };
		EA6F57911A3E0CFC006D6C37 /* JFTextView.h */ = {isa = PBXFileReference; fileEncoding = 4; lastKnownFileType = sourcecode.c.h; path = JFTextView.h; sourceTree = "<group>"; };
		EA6F57921A3E0CFC006D6C37 /* JFTextView.m */ = {isa = PBXFileReference; fileEncoding = 4; lastKnownFileType = sourcecode.c.objc; path = JFTextView.m; sourceTree = "<group>"; };
		EA6F57931A3E0CFC006D6C37 /* JFTransparentToolbar.h */ = {isa = PBXFileReference; fileEncoding = 4; lastKnownFileType = sourcecode.c.h; path = JFTransparentToolbar.h; sourceTree = "<group>"; };
		EA6F57941A3E0CFC006D6C37 /* JFTransparentToolbar.m */ = {isa = PBXFileReference; fileEncoding = 4; lastKnownFileType = sourcecode.c.objc; path = JFTransparentToolbar.m; sourceTree = "<group>"; };
		EA6F57961A3E0CFC006D6C37 /* JFFileManager.h */ = {isa = PBXFileReference; fileEncoding = 4; lastKnownFileType = sourcecode.c.h; path = JFFileManager.h; sourceTree = "<group>"; };
		EA6F57971A3E0CFC006D6C37 /* JFFileManager.m */ = {isa = PBXFileReference; fileEncoding = 4; lastKnownFileType = sourcecode.c.objc; lineEnding = 0; path = JFFileManager.m; sourceTree = "<group>"; xcLanguageSpecificationIdentifier = xcode.lang.objc; };
		EA6F57981A3E0CFC006D6C37 /* JFUpdatableFile.h */ = {isa = PBXFileReference; fileEncoding = 4; lastKnownFileType = sourcecode.c.h; path = JFUpdatableFile.h; sourceTree = "<group>"; };
		EA6F57991A3E0CFC006D6C37 /* JFUpdatableFile.m */ = {isa = PBXFileReference; fileEncoding = 4; lastKnownFileType = sourcecode.c.objc; path = JFUpdatableFile.m; sourceTree = "<group>"; };
		EA6F579A1A3E0CFC006D6C37 /* JFUtilities.h */ = {isa = PBXFileReference; fileEncoding = 4; lastKnownFileType = sourcecode.c.h; path = JFUtilities.h; sourceTree = "<group>"; };
		EA6F579B1A3E0CFC006D6C37 /* JFUtilities.m */ = {isa = PBXFileReference; fileEncoding = 4; lastKnownFileType = sourcecode.c.objc; path = JFUtilities.m; sourceTree = "<group>"; };
		EAADAB481A3E544E00BD98D0 /* JFGlobals.h */ = {isa = PBXFileReference; fileEncoding = 4; lastKnownFileType = sourcecode.c.h; path = JFGlobals.h; sourceTree = "<group>"; };
		EAAEB5981A3E3CEE003DCD73 /* JFMobileFramework.bundle */ = {isa = PBXFileReference; explicitFileType = wrapper.cfbundle; includeInIndex = 0; path = JFMobileFramework.bundle; sourceTree = BUILT_PRODUCTS_DIR; };
		EAAEB5A01A3E3E91003DCD73 /* Resources-Info.plist */ = {isa = PBXFileReference; fileEncoding = 4; lastKnownFileType = text.plist.xml; path = "Resources-Info.plist"; sourceTree = "<group>"; };
		EAD5B6D018A8F61100414379 /* CoreData.framework */ = {isa = PBXFileReference; lastKnownFileType = wrapper.framework; name = CoreData.framework; path = System/Library/Frameworks/CoreData.framework; sourceTree = SDKROOT; };
/* End PBXFileReference section */

/* Begin PBXFrameworksBuildPhase section */
		EA6F57501A3E0CDE006D6C37 /* Frameworks */ = {
			isa = PBXFrameworksBuildPhase;
			buildActionMask = 2147483647;
			files = (
				EA5C29341A3E13A00027D706 /* CoreData.framework in Frameworks */,
				EA5C29351A3E13A00027D706 /* Foundation.framework in Frameworks */,
				EA5C29361A3E13A00027D706 /* UIKit.framework in Frameworks */,
			);
			runOnlyForDeploymentPostprocessing = 0;
		};
		EAAEB5951A3E3CEE003DCD73 /* Frameworks */ = {
			isa = PBXFrameworksBuildPhase;
			buildActionMask = 2147483647;
			files = (
			);
			runOnlyForDeploymentPostprocessing = 0;
		};
/* End PBXFrameworksBuildPhase section */

/* Begin PBXGroup section */
		EA425D841894211F003C55E8 = {
			isa = PBXGroup;
			children = (
				EA6F57821A3E0CFC006D6C37 /* JFMenuItem.h */,
				EA6F57831A3E0CFC006D6C37 /* JFMenuItem.m */,
				EA6F57871A3E0CFC006D6C37 /* JFMenuViewController.h */,
				EA6F57881A3E0CFC006D6C37 /* JFMenuViewController.m */,
				EA425D8F1894211F003C55E8 /* Frameworks */,
				EA425D8E1894211F003C55E8 /* Products */,
				EA6F576A1A3E0CFC006D6C37 /* Sources */,
				EAAEB59F1A3E3E91003DCD73 /* Supporting Files */,
			);
			sourceTree = "<group>";
		};
		EA425D8E1894211F003C55E8 /* Products */ = {
			isa = PBXGroup;
			children = (
				EA6F57531A3E0CDE006D6C37 /* JFMobileFramework.a */,
				EAAEB5981A3E3CEE003DCD73 /* JFMobileFramework.bundle */,
			);
			name = Products;
			sourceTree = "<group>";
		};
		EA425D8F1894211F003C55E8 /* Frameworks */ = {
			isa = PBXGroup;
			children = (
				EAD5B6D018A8F61100414379 /* CoreData.framework */,
				EA425D901894211F003C55E8 /* Foundation.framework */,
				EA425DD71894224A003C55E8 /* UIKit.framework */,
			);
			name = Frameworks;
			sourceTree = "<group>";
		};
		EA6F576A1A3E0CFC006D6C37 /* Sources */ = {
			isa = PBXGroup;
			children = (
				EAADAB481A3E544E00BD98D0 /* JFGlobals.h */,
				EA5C29331A3E130E0027D706 /* JFMobileKit.h */,
				EA6F576B1A3E0CFC006D6C37 /* Data Access */,
				EA6F57701A3E0CFC006D6C37 /* Debug */,
				EA6F57731A3E0CFC006D6C37 /* User Interface */,
				EA6F57951A3E0CFC006D6C37 /* Utilities */,
			);
			name = Sources;
			path = JFMobileFramework/Sources;
			sourceTree = "<group>";
		};
		EA6F576B1A3E0CFC006D6C37 /* Data Access */ = {
			isa = PBXGroup;
			children = (
				EA6F576C1A3E0CFC006D6C37 /* JFCoreDataManager.h */,
				EA6F576D1A3E0CFC006D6C37 /* JFCoreDataManager.m */,
				EA6F576E1A3E0CFC006D6C37 /* JFHTTPRequest.h */,
				EA6F576F1A3E0CFC006D6C37 /* JFHTTPRequest.m */,
			);
			path = "Data Access";
			sourceTree = "<group>";
		};
		EA6F57701A3E0CFC006D6C37 /* Debug */ = {
			isa = PBXGroup;
			children = (
				EA6F57711A3E0CFC006D6C37 /* JFLogger.h */,
				EA6F57721A3E0CFC006D6C37 /* JFLogger.m */,
			);
			path = Debug;
			sourceTree = "<group>";
		};
		EA6F57731A3E0CFC006D6C37 /* User Interface */ = {
			isa = PBXGroup;
			children = (
				EA6F57741A3E0CFC006D6C37 /* JFActivityIndicatorView.h */,
				EA6F57751A3E0CFC006D6C37 /* JFActivityIndicatorView.m */,
				EA6F57761A3E0CFC006D6C37 /* JFAlertView.h */,
				EA6F57771A3E0CFC006D6C37 /* JFAlertView.m */,
				EA6F57781A3E0CFC006D6C37 /* JFDrawerController.h */,
				EA6F57791A3E0CFC006D6C37 /* JFDrawerController.m */,
				EA6F577A1A3E0CFC006D6C37 /* JFGalleryView.h */,
				EA6F577B1A3E0CFC006D6C37 /* JFGalleryView.m */,
				EA6F577C1A3E0CFC006D6C37 /* JFKeyboardViewHandler.h */,
				EA6F577D1A3E0CFC006D6C37 /* JFKeyboardViewHandler.m */,
				EA6F577E1A3E0CFC006D6C37 /* JFLabel.h */,
				EA6F577F1A3E0CFC006D6C37 /* JFLabel.m */,
				EA6F57891A3E0CFC006D6C37 /* JFNavigationController.h */,
				EA6F578A1A3E0CFC006D6C37 /* JFNavigationController.m */,
				EA6F578B1A3E0CFC006D6C37 /* JFSimpleFormViewController.h */,
				EA6F578C1A3E0CFC006D6C37 /* JFSimpleFormViewController.m */,
				EA6F578D1A3E0CFC006D6C37 /* JFSliderController.h */,
				EA6F578E1A3E0CFC006D6C37 /* JFSliderController.m */,
				EA6F578F1A3E0CFC006D6C37 /* JFSplitViewController.h */,
				EA6F57901A3E0CFC006D6C37 /* JFSplitViewController.m */,
				EA6F57911A3E0CFC006D6C37 /* JFTextView.h */,
				EA6F57921A3E0CFC006D6C37 /* JFTextView.m */,
				EA6F57931A3E0CFC006D6C37 /* JFTransparentToolbar.h */,
				EA6F57941A3E0CFC006D6C37 /* JFTransparentToolbar.m */,
			);
			path = "User Interface";
			sourceTree = "<group>";
		};
		EA6F57951A3E0CFC006D6C37 /* Utilities */ = {
			isa = PBXGroup;
			children = (
				EA6F57961A3E0CFC006D6C37 /* JFFileManager.h */,
				EA6F57971A3E0CFC006D6C37 /* JFFileManager.m */,
				EA6F57981A3E0CFC006D6C37 /* JFUpdatableFile.h */,
				EA6F57991A3E0CFC006D6C37 /* JFUpdatableFile.m */,
				EA6F579A1A3E0CFC006D6C37 /* JFUtilities.h */,
				EA6F579B1A3E0CFC006D6C37 /* JFUtilities.m */,
			);
			path = Utilities;
			sourceTree = "<group>";
		};
		EAAEB59F1A3E3E91003DCD73 /* Supporting Files */ = {
			isa = PBXGroup;
			children = (
				EA69EF451A3E550F00445BAE /* Prefix.pch */,
				EAAEB5A01A3E3E91003DCD73 /* Resources-Info.plist */,
			);
			name = "Supporting Files";
			path = "JFMobileFramework/Supporting Files";
			sourceTree = "<group>";
		};
/* End PBXGroup section */

/* Begin PBXHeadersBuildPhase section */
		EA27C6C31A3E140B00B578EB /* Headers */ = {
			isa = PBXHeadersBuildPhase;
			buildActionMask = 2147483647;
			files = (
				EA27C6CB1A3E142500B578EB /* JFGalleryView.h in Headers */,
				EA27C6D71A3E142500B578EB /* JFTransparentToolbar.h in Headers */,
				EA27C6CD1A3E142500B578EB /* JFLabel.h in Headers */,
				EA27C6C71A3E142500B578EB /* JFLogger.h in Headers */,
				EA27C6CA1A3E142500B578EB /* JFDrawerController.h in Headers */,
				EA27C6D91A3E142500B578EB /* JFUpdatableFile.h in Headers */,
				EA27C6DA1A3E142500B578EB /* JFUtilities.h in Headers */,
				EA27C6D21A3E142500B578EB /* JFNavigationController.h in Headers */,
				EA27C6D41A3E142500B578EB /* JFSliderController.h in Headers */,
				EA27C6C41A3E142500B578EB /* JFMobileKit.h in Headers */,
				EA27C6CC1A3E142500B578EB /* JFKeyboardViewHandler.h in Headers */,
				EA27C6CF1A3E142500B578EB /* JFMenuItem.h in Headers */,
				EAADAB491A3E544E00BD98D0 /* JFGlobals.h in Headers */,
				EA27C6D11A3E142500B578EB /* JFMenuViewController.h in Headers */,
				EA27C6D81A3E142500B578EB /* JFFileManager.h in Headers */,
				EA69EF461A3E550F00445BAE /* Prefix.pch in Headers */,
				EA27C6C51A3E142500B578EB /* JFCoreDataManager.h in Headers */,
				EA27C6C81A3E142500B578EB /* JFActivityIndicatorView.h in Headers */,
				EA27C6C91A3E142500B578EB /* JFAlertView.h in Headers */,
				EA27C6D61A3E142500B578EB /* JFTextView.h in Headers */,
				EA27C6C61A3E142500B578EB /* JFHTTPRequest.h in Headers */,
				EA27C6D51A3E142500B578EB /* JFSplitViewController.h in Headers */,
				EA27C6D31A3E142500B578EB /* JFSimpleFormViewController.h in Headers */,
			);
			runOnlyForDeploymentPostprocessing = 0;
		};
/* End PBXHeadersBuildPhase section */

/* Begin PBXNativeTarget section */
		EA6F57521A3E0CDE006D6C37 /* Library */ = {
			isa = PBXNativeTarget;
			buildConfigurationList = EA6F57641A3E0CDF006D6C37 /* Build configuration list for PBXNativeTarget "Library" */;
			buildPhases = (
				EA6F574F1A3E0CDE006D6C37 /* Sources */,
				EA6F57501A3E0CDE006D6C37 /* Frameworks */,
				EA6F57511A3E0CDE006D6C37 /* CopyFiles */,
				EA27C6C31A3E140B00B578EB /* Headers */,
			);
			buildRules = (
			);
			dependencies = (
			);
			name = Library;
			productName = JFMobileLibrary;
			productReference = EA6F57531A3E0CDE006D6C37 /* JFMobileFramework.a */;
			productType = "com.apple.product-type.library.static";
		};
		EAAEB5971A3E3CEE003DCD73 /* Resources */ = {
			isa = PBXNativeTarget;
			buildConfigurationList = EAAEB59E1A3E3CEE003DCD73 /* Build configuration list for PBXNativeTarget "Resources" */;
			buildPhases = (
				EAAEB5941A3E3CEE003DCD73 /* Sources */,
				EAAEB5951A3E3CEE003DCD73 /* Frameworks */,
				EAAEB5961A3E3CEE003DCD73 /* Resources */,
			);
			buildRules = (
			);
			dependencies = (
			);
			name = Resources;
			productName = JFMobileFrameworkResources;
			productReference = EAAEB5981A3E3CEE003DCD73 /* JFMobileFramework.bundle */;
			productType = "com.apple.product-type.bundle";
		};
/* End PBXNativeTarget section */

/* Begin PBXProject section */
		EA425D851894211F003C55E8 /* Project object */ = {
			isa = PBXProject;
			attributes = {
				LastUpgradeCheck = 0510;
				ORGANIZATIONNAME = "Jacopo Filié";
				TargetAttributes = {
					EA6F57521A3E0CDE006D6C37 = {
						CreatedOnToolsVersion = 6.1.1;
					};
					EAAEB5971A3E3CEE003DCD73 = {
						CreatedOnToolsVersion = 6.1.1;
					};
				};
			};
			buildConfigurationList = EA425D881894211F003C55E8 /* Build configuration list for PBXProject "JFMobileFramework" */;
			compatibilityVersion = "Xcode 3.2";
			developmentRegion = English;
			hasScannedForEncodings = 0;
			knownRegions = (
				en,
			);
			mainGroup = EA425D841894211F003C55E8;
			productRefGroup = EA425D8E1894211F003C55E8 /* Products */;
			projectDirPath = "";
			projectRoot = "";
			targets = (
				EA6F57521A3E0CDE006D6C37 /* Library */,
				EAAEB5971A3E3CEE003DCD73 /* Resources */,
			);
		};
/* End PBXProject section */

/* Begin PBXResourcesBuildPhase section */
		EAAEB5961A3E3CEE003DCD73 /* Resources */ = {
			isa = PBXResourcesBuildPhase;
			buildActionMask = 2147483647;
			files = (
			);
			runOnlyForDeploymentPostprocessing = 0;
		};
/* End PBXResourcesBuildPhase section */

/* Begin PBXSourcesBuildPhase section */
		EA6F574F1A3E0CDE006D6C37 /* Sources */ = {
			isa = PBXSourcesBuildPhase;
			buildActionMask = 2147483647;
			files = (
				EA6F57A11A3E0CFC006D6C37 /* JFDrawerController.m in Sources */,
				EA6F57A61A3E0CFC006D6C37 /* JFMenuItem.m in Sources */,
				EA6F579C1A3E0CFC006D6C37 /* JFCoreDataManager.m in Sources */,
				EA6F57A81A3E0CFC006D6C37 /* JFMenuViewController.m in Sources */,
				EA6F57A91A3E0CFC006D6C37 /* JFNavigationController.m in Sources */,
				EA6F57AB1A3E0CFC006D6C37 /* JFSliderController.m in Sources */,
				EA6F57A41A3E0CFC006D6C37 /* JFLabel.m in Sources */,
				EA6F579F1A3E0CFC006D6C37 /* JFActivityIndicatorView.m in Sources */,
				EA6F57AD1A3E0CFC006D6C37 /* JFTextView.m in Sources */,
				EA6F57A01A3E0CFC006D6C37 /* JFAlertView.m in Sources */,
				EA6F57B01A3E0CFC006D6C37 /* JFUpdatableFile.m in Sources */,
				EA6F57B11A3E0CFC006D6C37 /* JFUtilities.m in Sources */,
				EA6F57AC1A3E0CFC006D6C37 /* JFSplitViewController.m in Sources */,
				EA6F57A31A3E0CFC006D6C37 /* JFKeyboardViewHandler.m in Sources */,
				EA6F579D1A3E0CFC006D6C37 /* JFHTTPRequest.m in Sources */,
				EA6F57AA1A3E0CFC006D6C37 /* JFSimpleFormViewController.m in Sources */,
				EA6F579E1A3E0CFC006D6C37 /* JFLogger.m in Sources */,
				EA6F57AF1A3E0CFC006D6C37 /* JFFileManager.m in Sources */,
				EA6F57AE1A3E0CFC006D6C37 /* JFTransparentToolbar.m in Sources */,
				EA6F57A21A3E0CFC006D6C37 /* JFGalleryView.m in Sources */,
			);
			runOnlyForDeploymentPostprocessing = 0;
		};
		EAAEB5941A3E3CEE003DCD73 /* Sources */ = {
			isa = PBXSourcesBuildPhase;
			buildActionMask = 2147483647;
			files = (
			);
			runOnlyForDeploymentPostprocessing = 0;
		};
/* End PBXSourcesBuildPhase section */

/* Begin XCBuildConfiguration section */
		EA425DAE1894211F003C55E8 /* Debug */ = {
			isa = XCBuildConfiguration;
			buildSettings = {
				ALWAYS_SEARCH_USER_PATHS = NO;
				CLANG_CXX_LANGUAGE_STANDARD = "gnu++0x";
				CLANG_CXX_LIBRARY = "libc++";
				CLANG_ENABLE_MODULES = YES;
				CLANG_ENABLE_OBJC_ARC = YES;
				CLANG_WARN_BOOL_CONVERSION = YES;
				CLANG_WARN_CONSTANT_CONVERSION = YES;
				CLANG_WARN_DIRECT_OBJC_ISA_USAGE = YES_ERROR;
				CLANG_WARN_EMPTY_BODY = YES;
				CLANG_WARN_ENUM_CONVERSION = YES;
				CLANG_WARN_INT_CONVERSION = YES;
				CLANG_WARN_OBJC_IMPLICIT_RETAIN_SELF = YES;
				CLANG_WARN_OBJC_MISSING_PROPERTY_SYNTHESIS = YES;
				CLANG_WARN_OBJC_ROOT_CLASS = YES_ERROR;
				CLANG_WARN__DUPLICATE_METHOD_MATCH = YES;
				CODE_SIGN_IDENTITY = "iPhone Developer";
				COPY_PHASE_STRIP = NO;
				DEAD_CODE_STRIPPING = NO;
				DSTROOT = "/tmp/$(TARGET_NAME).dst";
				GCC_C_LANGUAGE_STANDARD = gnu11;
				GCC_OPTIMIZATION_LEVEL = 0;
				GCC_PREPROCESSOR_DEFINITIONS = (
					"DEBUG=1",
					"$(inherited)",
				);
				GCC_WARN_64_TO_32_BIT_CONVERSION = YES;
				GCC_WARN_ABOUT_RETURN_TYPE = YES_ERROR;
				GCC_WARN_UNDECLARED_SELECTOR = YES;
				GCC_WARN_UNINITIALIZED_AUTOS = YES;
				GCC_WARN_UNUSED_FUNCTION = YES;
				GCC_WARN_UNUSED_VARIABLE = YES;
				IPHONEOS_DEPLOYMENT_TARGET = 6.0;
				ONLY_ACTIVE_ARCH = YES;
				OTHER_LDFLAGS = "-ObjC";
				PRODUCT_NAME = "$(PROJECT_NAME)";
				PUBLIC_HEADERS_FOLDER_PATH = "include/$(PROJECT_NAME)";
				SDKROOT = iphoneos;
				SKIP_INSTALL = YES;
				STRIP_STYLE = "non-global";
				TARGETED_DEVICE_FAMILY = "1,2";
			};
			name = Debug;
		};
		EA425DAF1894211F003C55E8 /* Release */ = {
			isa = XCBuildConfiguration;
			buildSettings = {
				ALWAYS_SEARCH_USER_PATHS = NO;
				CLANG_CXX_LANGUAGE_STANDARD = "gnu++0x";
				CLANG_CXX_LIBRARY = "libc++";
				CLANG_ENABLE_MODULES = YES;
				CLANG_ENABLE_OBJC_ARC = YES;
				CLANG_WARN_BOOL_CONVERSION = YES;
				CLANG_WARN_CONSTANT_CONVERSION = YES;
				CLANG_WARN_DIRECT_OBJC_ISA_USAGE = YES_ERROR;
				CLANG_WARN_EMPTY_BODY = YES;
				CLANG_WARN_ENUM_CONVERSION = YES;
				CLANG_WARN_INT_CONVERSION = YES;
				CLANG_WARN_OBJC_IMPLICIT_RETAIN_SELF = YES;
				CLANG_WARN_OBJC_MISSING_PROPERTY_SYNTHESIS = YES;
				CLANG_WARN_OBJC_ROOT_CLASS = YES_ERROR;
				CLANG_WARN__DUPLICATE_METHOD_MATCH = YES;
				COPY_PHASE_STRIP = NO;
				DEAD_CODE_STRIPPING = NO;
				DSTROOT = "/tmp/$(TARGET_NAME).dst";
				ENABLE_NS_ASSERTIONS = NO;
				GCC_C_LANGUAGE_STANDARD = gnu11;
				GCC_WARN_64_TO_32_BIT_CONVERSION = YES;
				GCC_WARN_ABOUT_RETURN_TYPE = YES_ERROR;
				GCC_WARN_UNDECLARED_SELECTOR = YES;
				GCC_WARN_UNINITIALIZED_AUTOS = YES;
				GCC_WARN_UNUSED_FUNCTION = YES;
				GCC_WARN_UNUSED_VARIABLE = YES;
				IPHONEOS_DEPLOYMENT_TARGET = 6.0;
				OTHER_LDFLAGS = "-ObjC";
				PRODUCT_NAME = "$(PROJECT_NAME)";
				PUBLIC_HEADERS_FOLDER_PATH = "include/$(PROJECT_NAME)";
				SDKROOT = iphoneos;
				SKIP_INSTALL = YES;
				STRIP_STYLE = "non-global";
				TARGETED_DEVICE_FAMILY = "1,2";
				VALIDATE_PRODUCT = YES;
			};
			name = Release;
		};
		EA6F57651A3E0CDF006D6C37 /* Debug */ = {
			isa = XCBuildConfiguration;
			buildSettings = {
				CLANG_WARN_UNREACHABLE_CODE = YES;
				ENABLE_STRICT_OBJC_MSGSEND = YES;
				EXECUTABLE_PREFIX = "";
				GCC_C_LANGUAGE_STANDARD = gnu99;
				GCC_DYNAMIC_NO_PIC = NO;
				GCC_PREFIX_HEADER = "$(PROJECT_NAME)/Supporting Files/Prefix.pch";
				GCC_PREPROCESSOR_DEFINITIONS = (
					"DEBUG=1",
					"$(inherited)",
				);
				GCC_SYMBOLS_PRIVATE_EXTERN = NO;
				GCC_WARN_UNINITIALIZED_AUTOS = YES_AGGRESSIVE;
				IPHONEOS_DEPLOYMENT_TARGET = 8.1;
				MTL_ENABLE_DEBUG_INFO = YES;
				OTHER_LDFLAGS = "-ObjC";
				SKIP_INSTALL = YES;
			};
			name = Debug;
		};
		EA6F57661A3E0CDF006D6C37 /* Release */ = {
			isa = XCBuildConfiguration;
			buildSettings = {
				CLANG_WARN_UNREACHABLE_CODE = YES;
				ENABLE_STRICT_OBJC_MSGSEND = YES;
				EXECUTABLE_PREFIX = "";
				GCC_C_LANGUAGE_STANDARD = gnu99;
				GCC_PREFIX_HEADER = "$(PROJECT_NAME)/Supporting Files/Prefix.pch";
				GCC_WARN_UNINITIALIZED_AUTOS = YES_AGGRESSIVE;
				IPHONEOS_DEPLOYMENT_TARGET = 8.1;
				MTL_ENABLE_DEBUG_INFO = NO;
				OTHER_LDFLAGS = "-ObjC";
				SKIP_INSTALL = YES;
			};
			name = Release;
		};
		EAAEB59C1A3E3CEE003DCD73 /* Debug */ = {
			isa = XCBuildConfiguration;
			buildSettings = {
				CLANG_WARN_UNREACHABLE_CODE = YES;
				COMBINE_HIDPI_IMAGES = NO;
				ENABLE_STRICT_OBJC_MSGSEND = YES;
				GCC_C_LANGUAGE_STANDARD = gnu99;
				GCC_DYNAMIC_NO_PIC = NO;
				GCC_PREPROCESSOR_DEFINITIONS = (
					"DEBUG=1",
					"$(inherited)",
				);
				GCC_SYMBOLS_PRIVATE_EXTERN = NO;
				GCC_WARN_UNINITIALIZED_AUTOS = YES_AGGRESSIVE;
				INFOPLIST_FILE = "$(PROJECT_NAME)/Supporting Files/Resources-Info.plist";
				INSTALL_PATH = "$(LOCAL_LIBRARY_DIR)/Bundles";
				MACOSX_DEPLOYMENT_TARGET = 10.9;
				MTL_ENABLE_DEBUG_INFO = YES;
				SKIP_INSTALL = YES;
				WRAPPER_EXTENSION = bundle;
			};
			name = Debug;
		};
		EAAEB59D1A3E3CEE003DCD73 /* Release */ = {
			isa = XCBuildConfiguration;
			buildSettings = {
				CLANG_WARN_UNREACHABLE_CODE = YES;
				COMBINE_HIDPI_IMAGES = NO;
				COPY_PHASE_STRIP = YES;
				DEBUG_INFORMATION_FORMAT = "dwarf-with-dsym";
				ENABLE_STRICT_OBJC_MSGSEND = YES;
				GCC_C_LANGUAGE_STANDARD = gnu99;
				GCC_WARN_UNINITIALIZED_AUTOS = YES_AGGRESSIVE;
				INFOPLIST_FILE = "$(PROJECT_NAME)/Supporting Files/Resources-Info.plist";
				INSTALL_PATH = "$(LOCAL_LIBRARY_DIR)/Bundles";
				MACOSX_DEPLOYMENT_TARGET = 10.9;
				MTL_ENABLE_DEBUG_INFO = NO;
				SKIP_INSTALL = YES;
				WRAPPER_EXTENSION = bundle;
			};
			name = Release;
		};
/* End XCBuildConfiguration section */

/* Begin XCConfigurationList section */
		EA425D881894211F003C55E8 /* Build configuration list for PBXProject "JFMobileFramework" */ = {
			isa = XCConfigurationList;
			buildConfigurations = (
				EA425DAE1894211F003C55E8 /* Debug */,
				EA425DAF1894211F003C55E8 /* Release */,
			);
			defaultConfigurationIsVisible = 0;
			defaultConfigurationName = Release;
		};
		EA6F57641A3E0CDF006D6C37 /* Build configuration list for PBXNativeTarget "Library" */ = {
			isa = XCConfigurationList;
			buildConfigurations = (
				EA6F57651A3E0CDF006D6C37 /* Debug */,
				EA6F57661A3E0CDF006D6C37 /* Release */,
			);
			defaultConfigurationIsVisible = 0;
			defaultConfigurationName = Release;
		};
		EAAEB59E1A3E3CEE003DCD73 /* Build configuration list for PBXNativeTarget "Resources" */ = {
			isa = XCConfigurationList;
			buildConfigurations = (
				EAAEB59C1A3E3CEE003DCD73 /* Debug */,
				EAAEB59D1A3E3CEE003DCD73 /* Release */,
			);
			defaultConfigurationIsVisible = 0;
			defaultConfigurationName = Release;
		};
/* End XCConfigurationList section */
	};
	rootObject = EA425D851894211F003C55E8 /* Project object */;
}
