// !$*UTF8*$!
{
	archiveVersion = 1;
	classes = {
	};
	objectVersion = 46;
	objects = {

/* Begin PBXBuildFile section */
		EA27C6C41A3E142500B578EB /* JFMobileKit.h in Headers */ = {isa = PBXBuildFile; fileRef = EA5C29331A3E130E0027D706 /* JFMobileKit.h */; settings = {ATTRIBUTES = (Public, ); }; };
		EA27C6C51A3E142500B578EB /* JFCoreDataManager.h in Headers */ = {isa = PBXBuildFile; fileRef = EA6F576C1A3E0CFC006D6C37 /* JFCoreDataManager.h */; settings = {ATTRIBUTES = (Public, ); }; };
		EA27C6C61A3E142500B578EB /* JFHTTPRequest.h in Headers */ = {isa = PBXBuildFile; fileRef = EA6F576E1A3E0CFC006D6C37 /* JFHTTPRequest.h */; settings = {ATTRIBUTES = (Public, ); }; };
		EA27C6C71A3E142500B578EB /* JFLogger.h in Headers */ = {isa = PBXBuildFile; fileRef = EA6F57711A3E0CFC006D6C37 /* JFLogger.h */; settings = {ATTRIBUTES = (Public, ); }; };
		EA27C6D81A3E142500B578EB /* JFFileManager.h in Headers */ = {isa = PBXBuildFile; fileRef = EA6F57961A3E0CFC006D6C37 /* JFFileManager.h */; settings = {ATTRIBUTES = (Public, ); }; };
		EA27C6D91A3E142500B578EB /* JFUpdatableFile.h in Headers */ = {isa = PBXBuildFile; fileRef = EA6F57981A3E0CFC006D6C37 /* JFUpdatableFile.h */; settings = {ATTRIBUTES = (Public, ); }; };
		EA27C6DA1A3E142500B578EB /* JFUtilities.h in Headers */ = {isa = PBXBuildFile; fileRef = EA6F579A1A3E0CFC006D6C37 /* JFUtilities.h */; settings = {ATTRIBUTES = (Public, ); }; };
		EA5C29341A3E13A00027D706 /* CoreData.framework in Frameworks */ = {isa = PBXBuildFile; fileRef = EAD5B6D018A8F61100414379 /* CoreData.framework */; };
		EA5C29351A3E13A00027D706 /* Foundation.framework in Frameworks */ = {isa = PBXBuildFile; fileRef = EA425D901894211F003C55E8 /* Foundation.framework */; };
		EA5C29361A3E13A00027D706 /* UIKit.framework in Frameworks */ = {isa = PBXBuildFile; fileRef = EA425DD71894224A003C55E8 /* UIKit.framework */; };
		EA5D263A1A5AE3AB00977AA8 /* JFActivityIndicatorView.h in Headers */ = {isa = PBXBuildFile; fileRef = EA5D26121A5AE3AB00977AA8 /* JFActivityIndicatorView.h */; settings = {ATTRIBUTES = (Public, ); }; };
		EA5D263B1A5AE3AB00977AA8 /* JFActivityIndicatorView.m in Sources */ = {isa = PBXBuildFile; fileRef = EA5D26131A5AE3AB00977AA8 /* JFActivityIndicatorView.m */; };
		EA5D263C1A5AE3AB00977AA8 /* JFAlertView.h in Headers */ = {isa = PBXBuildFile; fileRef = EA5D26151A5AE3AB00977AA8 /* JFAlertView.h */; settings = {ATTRIBUTES = (Public, ); }; };
		EA5D263D1A5AE3AB00977AA8 /* JFAlertView.m in Sources */ = {isa = PBXBuildFile; fileRef = EA5D26161A5AE3AB00977AA8 /* JFAlertView.m */; };
		EA5D263E1A5AE3AB00977AA8 /* JFGalleryView.h in Headers */ = {isa = PBXBuildFile; fileRef = EA5D26181A5AE3AB00977AA8 /* JFGalleryView.h */; settings = {ATTRIBUTES = (Public, ); }; };
		EA5D263F1A5AE3AB00977AA8 /* JFGalleryView.m in Sources */ = {isa = PBXBuildFile; fileRef = EA5D26191A5AE3AB00977AA8 /* JFGalleryView.m */; };
		EA5D26401A5AE3AB00977AA8 /* JFKeyboardViewHandler.h in Headers */ = {isa = PBXBuildFile; fileRef = EA5D261B1A5AE3AB00977AA8 /* JFKeyboardViewHandler.h */; settings = {ATTRIBUTES = (Public, ); }; };
		EA5D26411A5AE3AB00977AA8 /* JFKeyboardViewHandler.m in Sources */ = {isa = PBXBuildFile; fileRef = EA5D261C1A5AE3AB00977AA8 /* JFKeyboardViewHandler.m */; };
		EA5D264A1A5AE3AB00977AA8 /* JFTableViewSection.h in Headers */ = {isa = PBXBuildFile; fileRef = EA5D26271A5AE3AB00977AA8 /* JFTableViewSection.h */; settings = {ATTRIBUTES = (Public, ); }; };
		EA5D264B1A5AE3AB00977AA8 /* JFTableViewSection.m in Sources */ = {isa = PBXBuildFile; fileRef = EA5D26281A5AE3AB00977AA8 /* JFTableViewSection.m */; };
		EA5D264C1A5AE3AB00977AA8 /* JFLabel.h in Headers */ = {isa = PBXBuildFile; fileRef = EA5D262A1A5AE3AB00977AA8 /* JFLabel.h */; settings = {ATTRIBUTES = (Public, ); }; };
		EA5D264D1A5AE3AB00977AA8 /* JFLabel.m in Sources */ = {isa = PBXBuildFile; fileRef = EA5D262B1A5AE3AB00977AA8 /* JFLabel.m */; };
		EA5D264E1A5AE3AB00977AA8 /* JFTextView.h in Headers */ = {isa = PBXBuildFile; fileRef = EA5D262C1A5AE3AB00977AA8 /* JFTextView.h */; settings = {ATTRIBUTES = (Public, ); }; };
		EA5D264F1A5AE3AB00977AA8 /* JFTextView.m in Sources */ = {isa = PBXBuildFile; fileRef = EA5D262D1A5AE3AB00977AA8 /* JFTextView.m */; };
		EA5D26501A5AE3AB00977AA8 /* JFTransparentToolbar.h in Headers */ = {isa = PBXBuildFile; fileRef = EA5D262F1A5AE3AB00977AA8 /* JFTransparentToolbar.h */; settings = {ATTRIBUTES = (Public, ); }; };
		EA5D26511A5AE3AB00977AA8 /* JFTransparentToolbar.m in Sources */ = {isa = PBXBuildFile; fileRef = EA5D26301A5AE3AB00977AA8 /* JFTransparentToolbar.m */; };
		EA5D26521A5AE3AB00977AA8 /* JFDrawerController.h in Headers */ = {isa = PBXBuildFile; fileRef = EA5D26321A5AE3AB00977AA8 /* JFDrawerController.h */; settings = {ATTRIBUTES = (Public, ); }; };
		EA5D26531A5AE3AB00977AA8 /* JFDrawerController.m in Sources */ = {isa = PBXBuildFile; fileRef = EA5D26331A5AE3AB00977AA8 /* JFDrawerController.m */; };
		EA5D26541A5AE3AB00977AA8 /* JFMenuItem.h in Headers */ = {isa = PBXBuildFile; fileRef = EA5D26341A5AE3AB00977AA8 /* JFMenuItem.h */; settings = {ATTRIBUTES = (Public, ); }; };
		EA5D26551A5AE3AB00977AA8 /* JFMenuItem.m in Sources */ = {isa = PBXBuildFile; fileRef = EA5D26351A5AE3AB00977AA8 /* JFMenuItem.m */; };
		EA5D26561A5AE3AB00977AA8 /* JFMenuViewController.h in Headers */ = {isa = PBXBuildFile; fileRef = EA5D26361A5AE3AB00977AA8 /* JFMenuViewController.h */; settings = {ATTRIBUTES = (Public, ); }; };
		EA5D26571A5AE3AB00977AA8 /* JFMenuViewController.m in Sources */ = {isa = PBXBuildFile; fileRef = EA5D26371A5AE3AB00977AA8 /* JFMenuViewController.m */; };
		EA5D26581A5AE3AB00977AA8 /* JFSimpleFormViewController.h in Headers */ = {isa = PBXBuildFile; fileRef = EA5D26381A5AE3AB00977AA8 /* JFSimpleFormViewController.h */; settings = {ATTRIBUTES = (Public, ); }; };
		EA5D26591A5AE3AB00977AA8 /* JFSimpleFormViewController.m in Sources */ = {isa = PBXBuildFile; fileRef = EA5D26391A5AE3AB00977AA8 /* JFSimpleFormViewController.m */; };
		EA5D26701A5AE50600977AA8 /* JFNavigationController.h in Headers */ = {isa = PBXBuildFile; fileRef = EA5D26681A5AE50600977AA8 /* JFNavigationController.h */; settings = {ATTRIBUTES = (Public, ); }; };
		EA5D26711A5AE50600977AA8 /* JFNavigationController.m in Sources */ = {isa = PBXBuildFile; fileRef = EA5D26691A5AE50600977AA8 /* JFNavigationController.m */; };
		EA5D26721A5AE50600977AA8 /* JFSliderController.h in Headers */ = {isa = PBXBuildFile; fileRef = EA5D266A1A5AE50600977AA8 /* JFSliderController.h */; settings = {ATTRIBUTES = (Public, ); }; };
		EA5D26731A5AE50600977AA8 /* JFSliderController.m in Sources */ = {isa = PBXBuildFile; fileRef = EA5D266B1A5AE50600977AA8 /* JFSliderController.m */; };
		EA5D26741A5AE50600977AA8 /* JFSplitViewController.h in Headers */ = {isa = PBXBuildFile; fileRef = EA5D266C1A5AE50600977AA8 /* JFSplitViewController.h */; settings = {ATTRIBUTES = (Public, ); }; };
		EA5D26751A5AE50600977AA8 /* JFSplitViewController.m in Sources */ = {isa = PBXBuildFile; fileRef = EA5D266D1A5AE50600977AA8 /* JFSplitViewController.m */; };
		EA5D26761A5AE50600977AA8 /* JFTabBarController.h in Headers */ = {isa = PBXBuildFile; fileRef = EA5D266E1A5AE50600977AA8 /* JFTabBarController.h */; settings = {ATTRIBUTES = (Public, ); }; };
		EA5D26771A5AE50600977AA8 /* JFTabBarController.m in Sources */ = {isa = PBXBuildFile; fileRef = EA5D266F1A5AE50600977AA8 /* JFTabBarController.m */; };
		EA69EF461A3E550F00445BAE /* Prefix.pch in Headers */ = {isa = PBXBuildFile; fileRef = EA69EF451A3E550F00445BAE /* Prefix.pch */; };
		EA6E73A61A6A827800DAC604 /* JFWindowController.h in Headers */ = {isa = PBXBuildFile; fileRef = EA6E73A41A6A827800DAC604 /* JFWindowController.h */; };
		EA6E73A71A6A827800DAC604 /* JFWindowController.m in Sources */ = {isa = PBXBuildFile; fileRef = EA6E73A51A6A827800DAC604 /* JFWindowController.m */; };
		EA6F579C1A3E0CFC006D6C37 /* JFCoreDataManager.m in Sources */ = {isa = PBXBuildFile; fileRef = EA6F576D1A3E0CFC006D6C37 /* JFCoreDataManager.m */; };
		EA6F579D1A3E0CFC006D6C37 /* JFHTTPRequest.m in Sources */ = {isa = PBXBuildFile; fileRef = EA6F576F1A3E0CFC006D6C37 /* JFHTTPRequest.m */; };
		EA6F579E1A3E0CFC006D6C37 /* JFLogger.m in Sources */ = {isa = PBXBuildFile; fileRef = EA6F57721A3E0CFC006D6C37 /* JFLogger.m */; };
		EA6F57AF1A3E0CFC006D6C37 /* JFFileManager.m in Sources */ = {isa = PBXBuildFile; fileRef = EA6F57971A3E0CFC006D6C37 /* JFFileManager.m */; };
		EA6F57B01A3E0CFC006D6C37 /* JFUpdatableFile.m in Sources */ = {isa = PBXBuildFile; fileRef = EA6F57991A3E0CFC006D6C37 /* JFUpdatableFile.m */; };
		EA6F57B11A3E0CFC006D6C37 /* JFUtilities.m in Sources */ = {isa = PBXBuildFile; fileRef = EA6F579B1A3E0CFC006D6C37 /* JFUtilities.m */; };
		EAADAB491A3E544E00BD98D0 /* JFGlobals.h in Headers */ = {isa = PBXBuildFile; fileRef = EAADAB481A3E544E00BD98D0 /* JFGlobals.h */; settings = {ATTRIBUTES = (Public, ); }; };
/* End PBXBuildFile section */

/* Begin PBXCopyFilesBuildPhase section */
		EA6F57511A3E0CDE006D6C37 /* CopyFiles */ = {
			isa = PBXCopyFilesBuildPhase;
			buildActionMask = 2147483647;
			dstPath = "include/$(PRODUCT_NAME)";
			dstSubfolderSpec = 16;
			files = (
			);
			runOnlyForDeploymentPostprocessing = 0;
		};
/* End PBXCopyFilesBuildPhase section */

/* Begin PBXFileReference section */
		EA425D901894211F003C55E8 /* Foundation.framework */ = {isa = PBXFileReference; lastKnownFileType = wrapper.framework; name = Foundation.framework; path = System/Library/Frameworks/Foundation.framework; sourceTree = SDKROOT; };
		EA425DD71894224A003C55E8 /* UIKit.framework */ = {isa = PBXFileReference; lastKnownFileType = wrapper.framework; name = UIKit.framework; path = System/Library/Frameworks/UIKit.framework; sourceTree = SDKROOT; };
		EA5C29331A3E130E0027D706 /* JFMobileKit.h */ = {isa = PBXFileReference; lastKnownFileType = sourcecode.c.h; path = JFMobileKit.h; sourceTree = "<group>"; };
		EA5D26121A5AE3AB00977AA8 /* JFActivityIndicatorView.h */ = {isa = PBXFileReference; fileEncoding = 4; lastKnownFileType = sourcecode.c.h; path = JFActivityIndicatorView.h; sourceTree = "<group>"; };
		EA5D26131A5AE3AB00977AA8 /* JFActivityIndicatorView.m */ = {isa = PBXFileReference; fileEncoding = 4; lastKnownFileType = sourcecode.c.objc; path = JFActivityIndicatorView.m; sourceTree = "<group>"; };
		EA5D26151A5AE3AB00977AA8 /* JFAlertView.h */ = {isa = PBXFileReference; fileEncoding = 4; lastKnownFileType = sourcecode.c.h; path = JFAlertView.h; sourceTree = "<group>"; };
		EA5D26161A5AE3AB00977AA8 /* JFAlertView.m */ = {isa = PBXFileReference; fileEncoding = 4; lastKnownFileType = sourcecode.c.objc; path = JFAlertView.m; sourceTree = "<group>"; };
		EA5D26181A5AE3AB00977AA8 /* JFGalleryView.h */ = {isa = PBXFileReference; fileEncoding = 4; lastKnownFileType = sourcecode.c.h; path = JFGalleryView.h; sourceTree = "<group>"; };
		EA5D26191A5AE3AB00977AA8 /* JFGalleryView.m */ = {isa = PBXFileReference; fileEncoding = 4; lastKnownFileType = sourcecode.c.objc; path = JFGalleryView.m; sourceTree = "<group>"; };
		EA5D261B1A5AE3AB00977AA8 /* JFKeyboardViewHandler.h */ = {isa = PBXFileReference; fileEncoding = 4; lastKnownFileType = sourcecode.c.h; path = JFKeyboardViewHandler.h; sourceTree = "<group>"; };
		EA5D261C1A5AE3AB00977AA8 /* JFKeyboardViewHandler.m */ = {isa = PBXFileReference; fileEncoding = 4; lastKnownFileType = sourcecode.c.objc; path = JFKeyboardViewHandler.m; sourceTree = "<group>"; };
		EA5D26271A5AE3AB00977AA8 /* JFTableViewSection.h */ = {isa = PBXFileReference; fileEncoding = 4; lastKnownFileType = sourcecode.c.h; path = JFTableViewSection.h; sourceTree = "<group>"; };
		EA5D26281A5AE3AB00977AA8 /* JFTableViewSection.m */ = {isa = PBXFileReference; fileEncoding = 4; lastKnownFileType = sourcecode.c.objc; path = JFTableViewSection.m; sourceTree = "<group>"; };
		EA5D262A1A5AE3AB00977AA8 /* JFLabel.h */ = {isa = PBXFileReference; fileEncoding = 4; lastKnownFileType = sourcecode.c.h; path = JFLabel.h; sourceTree = "<group>"; };
		EA5D262B1A5AE3AB00977AA8 /* JFLabel.m */ = {isa = PBXFileReference; fileEncoding = 4; lastKnownFileType = sourcecode.c.objc; path = JFLabel.m; sourceTree = "<group>"; };
		EA5D262C1A5AE3AB00977AA8 /* JFTextView.h */ = {isa = PBXFileReference; fileEncoding = 4; lastKnownFileType = sourcecode.c.h; path = JFTextView.h; sourceTree = "<group>"; };
		EA5D262D1A5AE3AB00977AA8 /* JFTextView.m */ = {isa = PBXFileReference; fileEncoding = 4; lastKnownFileType = sourcecode.c.objc; path = JFTextView.m; sourceTree = "<group>"; };
		EA5D262F1A5AE3AB00977AA8 /* JFTransparentToolbar.h */ = {isa = PBXFileReference; fileEncoding = 4; lastKnownFileType = sourcecode.c.h; path = JFTransparentToolbar.h; sourceTree = "<group>"; };
		EA5D26301A5AE3AB00977AA8 /* JFTransparentToolbar.m */ = {isa = PBXFileReference; fileEncoding = 4; lastKnownFileType = sourcecode.c.objc; path = JFTransparentToolbar.m; sourceTree = "<group>"; };
		EA5D26321A5AE3AB00977AA8 /* JFDrawerController.h */ = {isa = PBXFileReference; fileEncoding = 4; lastKnownFileType = sourcecode.c.h; path = JFDrawerController.h; sourceTree = "<group>"; };
		EA5D26331A5AE3AB00977AA8 /* JFDrawerController.m */ = {isa = PBXFileReference; fileEncoding = 4; lastKnownFileType = sourcecode.c.objc; path = JFDrawerController.m; sourceTree = "<group>"; };
		EA5D26341A5AE3AB00977AA8 /* JFMenuItem.h */ = {isa = PBXFileReference; fileEncoding = 4; lastKnownFileType = sourcecode.c.h; path = JFMenuItem.h; sourceTree = "<group>"; };
		EA5D26351A5AE3AB00977AA8 /* JFMenuItem.m */ = {isa = PBXFileReference; fileEncoding = 4; lastKnownFileType = sourcecode.c.objc; path = JFMenuItem.m; sourceTree = "<group>"; };
		EA5D26361A5AE3AB00977AA8 /* JFMenuViewController.h */ = {isa = PBXFileReference; fileEncoding = 4; lastKnownFileType = sourcecode.c.h; path = JFMenuViewController.h; sourceTree = "<group>"; };
		EA5D26371A5AE3AB00977AA8 /* JFMenuViewController.m */ = {isa = PBXFileReference; fileEncoding = 4; lastKnownFileType = sourcecode.c.objc; path = JFMenuViewController.m; sourceTree = "<group>"; };
		EA5D26381A5AE3AB00977AA8 /* JFSimpleFormViewController.h */ = {isa = PBXFileReference; fileEncoding = 4; lastKnownFileType = sourcecode.c.h; path = JFSimpleFormViewController.h; sourceTree = "<group>"; };
		EA5D26391A5AE3AB00977AA8 /* JFSimpleFormViewController.m */ = {isa = PBXFileReference; fileEncoding = 4; lastKnownFileType = sourcecode.c.objc; path = JFSimpleFormViewController.m; sourceTree = "<group>"; };
		EA5D26681A5AE50600977AA8 /* JFNavigationController.h */ = {isa = PBXFileReference; fileEncoding = 4; lastKnownFileType = sourcecode.c.h; path = JFNavigationController.h; sourceTree = "<group>"; };
		EA5D26691A5AE50600977AA8 /* JFNavigationController.m */ = {isa = PBXFileReference; fileEncoding = 4; lastKnownFileType = sourcecode.c.objc; path = JFNavigationController.m; sourceTree = "<group>"; };
		EA5D266A1A5AE50600977AA8 /* JFSliderController.h */ = {isa = PBXFileReference; fileEncoding = 4; lastKnownFileType = sourcecode.c.h; path = JFSliderController.h; sourceTree = "<group>"; };
		EA5D266B1A5AE50600977AA8 /* JFSliderController.m */ = {isa = PBXFileReference; fileEncoding = 4; lastKnownFileType = sourcecode.c.objc; path = JFSliderController.m; sourceTree = "<group>"; };
		EA5D266C1A5AE50600977AA8 /* JFSplitViewController.h */ = {isa = PBXFileReference; fileEncoding = 4; lastKnownFileType = sourcecode.c.h; path = JFSplitViewController.h; sourceTree = "<group>"; };
		EA5D266D1A5AE50600977AA8 /* JFSplitViewController.m */ = {isa = PBXFileReference; fileEncoding = 4; lastKnownFileType = sourcecode.c.objc; path = JFSplitViewController.m; sourceTree = "<group>"; };
		EA5D266E1A5AE50600977AA8 /* JFTabBarController.h */ = {isa = PBXFileReference; fileEncoding = 4; lastKnownFileType = sourcecode.c.h; path = JFTabBarController.h; sourceTree = "<group>"; };
		EA5D266F1A5AE50600977AA8 /* JFTabBarController.m */ = {isa = PBXFileReference; fileEncoding = 4; lastKnownFileType = sourcecode.c.objc; path = JFTabBarController.m; sourceTree = "<group>"; };
		EA69EF451A3E550F00445BAE /* Prefix.pch */ = {isa = PBXFileReference; fileEncoding = 4; lastKnownFileType = sourcecode.c.h; path = Prefix.pch; sourceTree = "<group>"; };
		EA6E73A41A6A827800DAC604 /* JFWindowController.h */ = {isa = PBXFileReference; fileEncoding = 4; lastKnownFileType = sourcecode.c.h; path = JFWindowController.h; sourceTree = "<group>"; };
		EA6E73A51A6A827800DAC604 /* JFWindowController.m */ = {isa = PBXFileReference; fileEncoding = 4; lastKnownFileType = sourcecode.c.objc; path = JFWindowController.m; sourceTree = "<group>"; };
		EA6F57531A3E0CDE006D6C37 /* JFMobileFramework.a */ = {isa = PBXFileReference; explicitFileType = archive.ar; includeInIndex = 0; path = JFMobileFramework.a; sourceTree = BUILT_PRODUCTS_DIR; };
		EA6F576C1A3E0CFC006D6C37 /* JFCoreDataManager.h */ = {isa = PBXFileReference; fileEncoding = 4; lastKnownFileType = sourcecode.c.h; path = JFCoreDataManager.h; sourceTree = "<group>"; };
		EA6F576D1A3E0CFC006D6C37 /* JFCoreDataManager.m */ = {isa = PBXFileReference; fileEncoding = 4; lastKnownFileType = sourcecode.c.objc; lineEnding = 0; path = JFCoreDataManager.m; sourceTree = "<group>"; xcLanguageSpecificationIdentifier = xcode.lang.objc; };
		EA6F576E1A3E0CFC006D6C37 /* JFHTTPRequest.h */ = {isa = PBXFileReference; fileEncoding = 4; lastKnownFileType = sourcecode.c.h; path = JFHTTPRequest.h; sourceTree = "<group>"; };
		EA6F576F1A3E0CFC006D6C37 /* JFHTTPRequest.m */ = {isa = PBXFileReference; fileEncoding = 4; lastKnownFileType = sourcecode.c.objc; lineEnding = 0; path = JFHTTPRequest.m; sourceTree = "<group>"; xcLanguageSpecificationIdentifier = xcode.lang.objc; };
		EA6F57711A3E0CFC006D6C37 /* JFLogger.h */ = {isa = PBXFileReference; fileEncoding = 4; lastKnownFileType = sourcecode.c.h; path = JFLogger.h; sourceTree = "<group>"; };
		EA6F57721A3E0CFC006D6C37 /* JFLogger.m */ = {isa = PBXFileReference; fileEncoding = 4; lastKnownFileType = sourcecode.c.objc; lineEnding = 0; path = JFLogger.m; sourceTree = "<group>"; xcLanguageSpecificationIdentifier = xcode.lang.objc; };
		EA6F57961A3E0CFC006D6C37 /* JFFileManager.h */ = {isa = PBXFileReference; fileEncoding = 4; lastKnownFileType = sourcecode.c.h; path = JFFileManager.h; sourceTree = "<group>"; };
		EA6F57971A3E0CFC006D6C37 /* JFFileManager.m */ = {isa = PBXFileReference; fileEncoding = 4; lastKnownFileType = sourcecode.c.objc; lineEnding = 0; path = JFFileManager.m; sourceTree = "<group>"; xcLanguageSpecificationIdentifier = xcode.lang.objc; };
		EA6F57981A3E0CFC006D6C37 /* JFUpdatableFile.h */ = {isa = PBXFileReference; fileEncoding = 4; lastKnownFileType = sourcecode.c.h; path = JFUpdatableFile.h; sourceTree = "<group>"; };
		EA6F57991A3E0CFC006D6C37 /* JFUpdatableFile.m */ = {isa = PBXFileReference; fileEncoding = 4; lastKnownFileType = sourcecode.c.objc; path = JFUpdatableFile.m; sourceTree = "<group>"; };
		EA6F579A1A3E0CFC006D6C37 /* JFUtilities.h */ = {isa = PBXFileReference; fileEncoding = 4; lastKnownFileType = sourcecode.c.h; path = JFUtilities.h; sourceTree = "<group>"; };
		EA6F579B1A3E0CFC006D6C37 /* JFUtilities.m */ = {isa = PBXFileReference; fileEncoding = 4; lastKnownFileType = sourcecode.c.objc; path = JFUtilities.m; sourceTree = "<group>"; };
		EAADAB481A3E544E00BD98D0 /* JFGlobals.h */ = {isa = PBXFileReference; fileEncoding = 4; lastKnownFileType = sourcecode.c.h; path = JFGlobals.h; sourceTree = "<group>"; };
		EAAEB5981A3E3CEE003DCD73 /* JFMobileFramework.bundle */ = {isa = PBXFileReference; explicitFileType = wrapper.cfbundle; includeInIndex = 0; path = JFMobileFramework.bundle; sourceTree = BUILT_PRODUCTS_DIR; };
		EAAEB5A01A3E3E91003DCD73 /* Resources-Info.plist */ = {isa = PBXFileReference; fileEncoding = 4; lastKnownFileType = text.plist.xml; path = "Resources-Info.plist"; sourceTree = "<group>"; };
		EAD5B6D018A8F61100414379 /* CoreData.framework */ = {isa = PBXFileReference; lastKnownFileType = wrapper.framework; name = CoreData.framework; path = System/Library/Frameworks/CoreData.framework; sourceTree = SDKROOT; };
/* End PBXFileReference section */

/* Begin PBXFrameworksBuildPhase section */
		EA6F57501A3E0CDE006D6C37 /* Frameworks */ = {
			isa = PBXFrameworksBuildPhase;
			buildActionMask = 2147483647;
			files = (
				EA5C29341A3E13A00027D706 /* CoreData.framework in Frameworks */,
				EA5C29351A3E13A00027D706 /* Foundation.framework in Frameworks */,
				EA5C29361A3E13A00027D706 /* UIKit.framework in Frameworks */,
			);
			runOnlyForDeploymentPostprocessing = 0;
		};
		EAAEB5951A3E3CEE003DCD73 /* Frameworks */ = {
			isa = PBXFrameworksBuildPhase;
			buildActionMask = 2147483647;
			files = (
			);
			runOnlyForDeploymentPostprocessing = 0;
		};
/* End PBXFrameworksBuildPhase section */

/* Begin PBXGroup section */
		EA425D841894211F003C55E8 = {
			isa = PBXGroup;
			children = (
				EA425D8F1894211F003C55E8 /* Frameworks */,
				EA425D8E1894211F003C55E8 /* Products */,
				EA6F576A1A3E0CFC006D6C37 /* Sources */,
				EAAEB59F1A3E3E91003DCD73 /* Supporting Files */,
			);
			sourceTree = "<group>";
		};
		EA425D8E1894211F003C55E8 /* Products */ = {
			isa = PBXGroup;
			children = (
				EA6F57531A3E0CDE006D6C37 /* JFMobileFramework.a */,
				EAAEB5981A3E3CEE003DCD73 /* JFMobileFramework.bundle */,
			);
			name = Products;
			sourceTree = "<group>";
		};
		EA425D8F1894211F003C55E8 /* Frameworks */ = {
			isa = PBXGroup;
			children = (
				EAD5B6D018A8F61100414379 /* CoreData.framework */,
				EA425D901894211F003C55E8 /* Foundation.framework */,
				EA425DD71894224A003C55E8 /* UIKit.framework */,
			);
			name = Frameworks;
			sourceTree = "<group>";
		};
		EA5D26111A5AE3AB00977AA8 /* Activity Indicators */ = {
			isa = PBXGroup;
			children = (
				EA5D26121A5AE3AB00977AA8 /* JFActivityIndicatorView.h */,
				EA5D26131A5AE3AB00977AA8 /* JFActivityIndicatorView.m */,
			);
			path = "Activity Indicators";
			sourceTree = "<group>";
		};
		EA5D26141A5AE3AB00977AA8 /* Alerts */ = {
			isa = PBXGroup;
			children = (
				EA5D26151A5AE3AB00977AA8 /* JFAlertView.h */,
				EA5D26161A5AE3AB00977AA8 /* JFAlertView.m */,
			);
			path = Alerts;
			sourceTree = "<group>";
		};
		EA5D26171A5AE3AB00977AA8 /* Galleries */ = {
			isa = PBXGroup;
			children = (
				EA5D26181A5AE3AB00977AA8 /* JFGalleryView.h */,
				EA5D26191A5AE3AB00977AA8 /* JFGalleryView.m */,
			);
			path = Galleries;
			sourceTree = "<group>";
		};
		EA5D261A1A5AE3AB00977AA8 /* Keyboard */ = {
			isa = PBXGroup;
			children = (
				EA5D261B1A5AE3AB00977AA8 /* JFKeyboardViewHandler.h */,
				EA5D261C1A5AE3AB00977AA8 /* JFKeyboardViewHandler.m */,
			);
			path = Keyboard;
			sourceTree = "<group>";
		};
		EA5D26261A5AE3AB00977AA8 /* Tables */ = {
			isa = PBXGroup;
			children = (
				EA5D26271A5AE3AB00977AA8 /* JFTableViewSection.h */,
				EA5D26281A5AE3AB00977AA8 /* JFTableViewSection.m */,
			);
			path = Tables;
			sourceTree = "<group>";
		};
		EA5D26291A5AE3AB00977AA8 /* Texts */ = {
			isa = PBXGroup;
			children = (
				EA5D262A1A5AE3AB00977AA8 /* JFLabel.h */,
				EA5D262B1A5AE3AB00977AA8 /* JFLabel.m */,
				EA5D262C1A5AE3AB00977AA8 /* JFTextView.h */,
				EA5D262D1A5AE3AB00977AA8 /* JFTextView.m */,
			);
			path = Texts;
			sourceTree = "<group>";
		};
		EA5D262E1A5AE3AB00977AA8 /* Toolbars */ = {
			isa = PBXGroup;
			children = (
				EA5D262F1A5AE3AB00977AA8 /* JFTransparentToolbar.h */,
				EA5D26301A5AE3AB00977AA8 /* JFTransparentToolbar.m */,
			);
			path = Toolbars;
			sourceTree = "<group>";
		};
		EA5D26311A5AE3AB00977AA8 /* Work In Progress */ = {
			isa = PBXGroup;
			children = (
				EA5D26321A5AE3AB00977AA8 /* JFDrawerController.h */,
				EA5D26331A5AE3AB00977AA8 /* JFDrawerController.m */,
				EA5D26341A5AE3AB00977AA8 /* JFMenuItem.h */,
				EA5D26351A5AE3AB00977AA8 /* JFMenuItem.m */,
				EA5D26361A5AE3AB00977AA8 /* JFMenuViewController.h */,
				EA5D26371A5AE3AB00977AA8 /* JFMenuViewController.m */,
				EA5D26381A5AE3AB00977AA8 /* JFSimpleFormViewController.h */,
				EA5D26391A5AE3AB00977AA8 /* JFSimpleFormViewController.m */,
				EA6E73A41A6A827800DAC604 /* JFWindowController.h */,
				EA6E73A51A6A827800DAC604 /* JFWindowController.m */,
			);
			path = "Work In Progress";
			sourceTree = "<group>";
		};
		EA5D26671A5AE50600977AA8 /* Structure */ = {
			isa = PBXGroup;
			children = (
				EA5D26681A5AE50600977AA8 /* JFNavigationController.h */,
				EA5D26691A5AE50600977AA8 /* JFNavigationController.m */,
				EA5D266A1A5AE50600977AA8 /* JFSliderController.h */,
				EA5D266B1A5AE50600977AA8 /* JFSliderController.m */,
				EA5D266C1A5AE50600977AA8 /* JFSplitViewController.h */,
				EA5D266D1A5AE50600977AA8 /* JFSplitViewController.m */,
				EA5D266E1A5AE50600977AA8 /* JFTabBarController.h */,
				EA5D266F1A5AE50600977AA8 /* JFTabBarController.m */,
			);
			path = Structure;
			sourceTree = "<group>";
		};
		EA6F576A1A3E0CFC006D6C37 /* Sources */ = {
			isa = PBXGroup;
			children = (
				EAADAB481A3E544E00BD98D0 /* JFGlobals.h */,
				EA5C29331A3E130E0027D706 /* JFMobileKit.h */,
				EA6F576B1A3E0CFC006D6C37 /* Data Access */,
				EA6F57701A3E0CFC006D6C37 /* Debug */,
				EA6F57731A3E0CFC006D6C37 /* User Interface */,
				EA6F57951A3E0CFC006D6C37 /* Utilities */,
			);
			name = Sources;
			path = JFMobileFramework/Sources;
			sourceTree = "<group>";
		};
		EA6F576B1A3E0CFC006D6C37 /* Data Access */ = {
			isa = PBXGroup;
			children = (
				EA6F576C1A3E0CFC006D6C37 /* JFCoreDataManager.h */,
				EA6F576D1A3E0CFC006D6C37 /* JFCoreDataManager.m */,
				EA6F576E1A3E0CFC006D6C37 /* JFHTTPRequest.h */,
				EA6F576F1A3E0CFC006D6C37 /* JFHTTPRequest.m */,
			);
			path = "Data Access";
			sourceTree = "<group>";
		};
		EA6F57701A3E0CFC006D6C37 /* Debug */ = {
			isa = PBXGroup;
			children = (
				EA6F57711A3E0CFC006D6C37 /* JFLogger.h */,
				EA6F57721A3E0CFC006D6C37 /* JFLogger.m */,
			);
			path = Debug;
			sourceTree = "<group>";
		};
		EA6F57731A3E0CFC006D6C37 /* User Interface */ = {
			isa = PBXGroup;
			children = (
				EA5D26111A5AE3AB00977AA8 /* Activity Indicators */,
				EA5D26141A5AE3AB00977AA8 /* Alerts */,
				EA5D26171A5AE3AB00977AA8 /* Galleries */,
				EA5D261A1A5AE3AB00977AA8 /* Keyboard */,
				EA5D26671A5AE50600977AA8 /* Structure */,
				EA5D26261A5AE3AB00977AA8 /* Tables */,
				EA5D26291A5AE3AB00977AA8 /* Texts */,
				EA5D262E1A5AE3AB00977AA8 /* Toolbars */,
				EA5D26311A5AE3AB00977AA8 /* Work In Progress */,
			);
			path = "User Interface";
			sourceTree = "<group>";
		};
		EA6F57951A3E0CFC006D6C37 /* Utilities */ = {
			isa = PBXGroup;
			children = (
				EA6F57961A3E0CFC006D6C37 /* JFFileManager.h */,
				EA6F57971A3E0CFC006D6C37 /* JFFileManager.m */,
				EA6F57981A3E0CFC006D6C37 /* JFUpdatableFile.h */,
				EA6F57991A3E0CFC006D6C37 /* JFUpdatableFile.m */,
				EA6F579A1A3E0CFC006D6C37 /* JFUtilities.h */,
				EA6F579B1A3E0CFC006D6C37 /* JFUtilities.m */,
			);
			path = Utilities;
			sourceTree = "<group>";
		};
		EAAEB59F1A3E3E91003DCD73 /* Supporting Files */ = {
			isa = PBXGroup;
			children = (
				EA69EF451A3E550F00445BAE /* Prefix.pch */,
				EAAEB5A01A3E3E91003DCD73 /* Resources-Info.plist */,
			);
			name = "Supporting Files";
			path = "JFMobileFramework/Supporting Files";
			sourceTree = "<group>";
		};
/* End PBXGroup section */

/* Begin PBXHeadersBuildPhase section */
		EA27C6C31A3E140B00B578EB /* Headers */ = {
			isa = PBXHeadersBuildPhase;
			buildActionMask = 2147483647;
			files = (
				EA5D26721A5AE50600977AA8 /* JFSliderController.h in Headers */,
				EA5D26761A5AE50600977AA8 /* JFTabBarController.h in Headers */,
				EA5D264A1A5AE3AB00977AA8 /* JFTableViewSection.h in Headers */,
				EA5D26521A5AE3AB00977AA8 /* JFDrawerController.h in Headers */,
				EA5D264E1A5AE3AB00977AA8 /* JFTextView.h in Headers */,
				EA5D263E1A5AE3AB00977AA8 /* JFGalleryView.h in Headers */,
				EAADAB491A3E544E00BD98D0 /* JFGlobals.h in Headers */,
				EA5D26581A5AE3AB00977AA8 /* JFSimpleFormViewController.h in Headers */,
				EA5D26701A5AE50600977AA8 /* JFNavigationController.h in Headers */,
				EA5D26541A5AE3AB00977AA8 /* JFMenuItem.h in Headers */,
				EA5D26561A5AE3AB00977AA8 /* JFMenuViewController.h in Headers */,
				EA5D26401A5AE3AB00977AA8 /* JFKeyboardViewHandler.h in Headers */,
				EA5D263A1A5AE3AB00977AA8 /* JFActivityIndicatorView.h in Headers */,
				EA5D264C1A5AE3AB00977AA8 /* JFLabel.h in Headers */,
				EA6E73A61A6A827800DAC604 /* JFWindowController.h in Headers */,
				EA5D26741A5AE50600977AA8 /* JFSplitViewController.h in Headers */,
				EA5D26501A5AE3AB00977AA8 /* JFTransparentToolbar.h in Headers */,
				EA5D263C1A5AE3AB00977AA8 /* JFAlertView.h in Headers */,
				EA27C6C71A3E142500B578EB /* JFLogger.h in Headers */,
				EA27C6D91A3E142500B578EB /* JFUpdatableFile.h in Headers */,
				EA27C6DA1A3E142500B578EB /* JFUtilities.h in Headers */,
				EA27C6C41A3E142500B578EB /* JFMobileKit.h in Headers */,
				EA27C6D81A3E142500B578EB /* JFFileManager.h in Headers */,
				EA69EF461A3E550F00445BAE /* Prefix.pch in Headers */,
				EA27C6C51A3E142500B578EB /* JFCoreDataManager.h in Headers */,
				EA27C6C61A3E142500B578EB /* JFHTTPRequest.h in Headers */,
			);
			runOnlyForDeploymentPostprocessing = 0;
		};
/* End PBXHeadersBuildPhase section */

/* Begin PBXNativeTarget section */
		EA6F57521A3E0CDE006D6C37 /* Library */ = {
			isa = PBXNativeTarget;
			buildConfigurationList = EA6F57641A3E0CDF006D6C37 /* Build configuration list for PBXNativeTarget "Library" */;
			buildPhases = (
				EA6F574F1A3E0CDE006D6C37 /* Sources */,
				EA6F57501A3E0CDE006D6C37 /* Frameworks */,
				EA6F57511A3E0CDE006D6C37 /* CopyFiles */,
				EA27C6C31A3E140B00B578EB /* Headers */,
			);
			buildRules = (
			);
			dependencies = (
			);
			name = Library;
			productName = JFMobileLibrary;
			productReference = EA6F57531A3E0CDE006D6C37 /* JFMobileFramework.a */;
			productType = "com.apple.product-type.library.static";
		};
		EAAEB5971A3E3CEE003DCD73 /* Resources */ = {
			isa = PBXNativeTarget;
			buildConfigurationList = EAAEB59E1A3E3CEE003DCD73 /* Build configuration list for PBXNativeTarget "Resources" */;
			buildPhases = (
				EAAEB5941A3E3CEE003DCD73 /* Sources */,
				EAAEB5951A3E3CEE003DCD73 /* Frameworks */,
				EAAEB5961A3E3CEE003DCD73 /* Resources */,
			);
			buildRules = (
			);
			dependencies = (
			);
			name = Resources;
			productName = JFMobileFrameworkResources;
			productReference = EAAEB5981A3E3CEE003DCD73 /* JFMobileFramework.bundle */;
			productType = "com.apple.product-type.bundle";
		};
/* End PBXNativeTarget section */

/* Begin PBXProject section */
		EA425D851894211F003C55E8 /* Project object */ = {
			isa = PBXProject;
			attributes = {
				LastUpgradeCheck = 0510;
				ORGANIZATIONNAME = "Jacopo Filié";
				TargetAttributes = {
					EA6F57521A3E0CDE006D6C37 = {
						CreatedOnToolsVersion = 6.1.1;
					};
					EAAEB5971A3E3CEE003DCD73 = {
						CreatedOnToolsVersion = 6.1.1;
					};
				};
			};
			buildConfigurationList = EA425D881894211F003C55E8 /* Build configuration list for PBXProject "JFMobileFramework" */;
			compatibilityVersion = "Xcode 3.2";
			developmentRegion = English;
			hasScannedForEncodings = 0;
			knownRegions = (
				en,
			);
			mainGroup = EA425D841894211F003C55E8;
			productRefGroup = EA425D8E1894211F003C55E8 /* Products */;
			projectDirPath = "";
			projectRoot = "";
			targets = (
				EA6F57521A3E0CDE006D6C37 /* Library */,
				EAAEB5971A3E3CEE003DCD73 /* Resources */,
			);
		};
/* End PBXProject section */

/* Begin PBXResourcesBuildPhase section */
		EAAEB5961A3E3CEE003DCD73 /* Resources */ = {
			isa = PBXResourcesBuildPhase;
			buildActionMask = 2147483647;
			files = (
			);
			runOnlyForDeploymentPostprocessing = 0;
		};
/* End PBXResourcesBuildPhase section */

/* Begin PBXSourcesBuildPhase section */
		EA6F574F1A3E0CDE006D6C37 /* Sources */ = {
			isa = PBXSourcesBuildPhase;
			buildActionMask = 2147483647;
			files = (
				EA6E73A71A6A827800DAC604 /* JFWindowController.m in Sources */,
				EA5D26571A5AE3AB00977AA8 /* JFMenuViewController.m in Sources */,
				EA5D263B1A5AE3AB00977AA8 /* JFActivityIndicatorView.m in Sources */,
				EA5D26511A5AE3AB00977AA8 /* JFTransparentToolbar.m in Sources */,
				EA5D264D1A5AE3AB00977AA8 /* JFLabel.m in Sources */,
				EA5D263F1A5AE3AB00977AA8 /* JFGalleryView.m in Sources */,
				EA5D26411A5AE3AB00977AA8 /* JFKeyboardViewHandler.m in Sources */,
				EA5D264B1A5AE3AB00977AA8 /* JFTableViewSection.m in Sources */,
				EA6F579C1A3E0CFC006D6C37 /* JFCoreDataManager.m in Sources */,
				EA5D26751A5AE50600977AA8 /* JFSplitViewController.m in Sources */,
				EA6F57B01A3E0CFC006D6C37 /* JFUpdatableFile.m in Sources */,
				EA5D26531A5AE3AB00977AA8 /* JFDrawerController.m in Sources */,
				EA5D263D1A5AE3AB00977AA8 /* JFAlertView.m in Sources */,
				EA5D26731A5AE50600977AA8 /* JFSliderController.m in Sources */,
				EA6F57B11A3E0CFC006D6C37 /* JFUtilities.m in Sources */,
				EA5D264F1A5AE3AB00977AA8 /* JFTextView.m in Sources */,
				EA5D26591A5AE3AB00977AA8 /* JFSimpleFormViewController.m in Sources */,
				EA5D26551A5AE3AB00977AA8 /* JFMenuItem.m in Sources */,
				EA6F579D1A3E0CFC006D6C37 /* JFHTTPRequest.m in Sources */,
				EA6F579E1A3E0CFC006D6C37 /* JFLogger.m in Sources */,
				EA6F57AF1A3E0CFC006D6C37 /* JFFileManager.m in Sources */,
				EA5D26711A5AE50600977AA8 /* JFNavigationController.m in Sources */,
				EA5D26771A5AE50600977AA8 /* JFTabBarController.m in Sources */,
			);
			runOnlyForDeploymentPostprocessing = 0;
		};
		EAAEB5941A3E3CEE003DCD73 /* Sources */ = {
			isa = PBXSourcesBuildPhase;
			buildActionMask = 2147483647;
			files = (
			);
			runOnlyForDeploymentPostprocessing = 0;
		};
/* End PBXSourcesBuildPhase section */

/* Begin XCBuildConfiguration section */
		EA425DAE1894211F003C55E8 /* Debug */ = {
			isa = XCBuildConfiguration;
			buildSettings = {
				ALWAYS_SEARCH_USER_PATHS = NO;
				CLANG_CXX_LANGUAGE_STANDARD = "gnu++0x";
				CLANG_CXX_LIBRARY = "libc++";
				CLANG_ENABLE_MODULES = YES;
				CLANG_ENABLE_OBJC_ARC = YES;
				CLANG_WARN_BOOL_CONVERSION = YES;
				CLANG_WARN_CONSTANT_CONVERSION = YES;
				CLANG_WARN_DIRECT_OBJC_ISA_USAGE = YES_ERROR;
				CLANG_WARN_EMPTY_BODY = YES;
				CLANG_WARN_ENUM_CONVERSION = YES;
				CLANG_WARN_INT_CONVERSION = YES;
				CLANG_WARN_OBJC_IMPLICIT_RETAIN_SELF = YES;
				CLANG_WARN_OBJC_MISSING_PROPERTY_SYNTHESIS = YES;
				CLANG_WARN_OBJC_ROOT_CLASS = YES_ERROR;
				CLANG_WARN__DUPLICATE_METHOD_MATCH = YES;
				CODE_SIGN_IDENTITY = "iPhone Developer";
				COPY_PHASE_STRIP = NO;
				DEAD_CODE_STRIPPING = NO;
				DSTROOT = "/tmp/$(TARGET_NAME).dst";
				GCC_C_LANGUAGE_STANDARD = gnu11;
				GCC_OPTIMIZATION_LEVEL = 0;
				GCC_PREPROCESSOR_DEFINITIONS = (
					"DEBUG=1",
					"$(inherited)",
				);
				GCC_WARN_64_TO_32_BIT_CONVERSION = YES;
				GCC_WARN_ABOUT_RETURN_TYPE = YES_ERROR;
				GCC_WARN_UNDECLARED_SELECTOR = YES;
				GCC_WARN_UNINITIALIZED_AUTOS = YES;
				GCC_WARN_UNUSED_FUNCTION = YES;
				GCC_WARN_UNUSED_VARIABLE = YES;
				IPHONEOS_DEPLOYMENT_TARGET = 6.0;
				ONLY_ACTIVE_ARCH = YES;
				OTHER_LDFLAGS = "-ObjC";
				PRODUCT_NAME = "$(PROJECT_NAME)";
				PUBLIC_HEADERS_FOLDER_PATH = "include/$(PROJECT_NAME)";
				SDKROOT = iphoneos;
				SKIP_INSTALL = YES;
				STRIP_STYLE = "non-global";
				TARGETED_DEVICE_FAMILY = "1,2";
			};
			name = Debug;
		};
		EA425DAF1894211F003C55E8 /* Release */ = {
			isa = XCBuildConfiguration;
			buildSettings = {
				ALWAYS_SEARCH_USER_PATHS = NO;
				CLANG_CXX_LANGUAGE_STANDARD = "gnu++0x";
				CLANG_CXX_LIBRARY = "libc++";
				CLANG_ENABLE_MODULES = YES;
				CLANG_ENABLE_OBJC_ARC = YES;
				CLANG_WARN_BOOL_CONVERSION = YES;
				CLANG_WARN_CONSTANT_CONVERSION = YES;
				CLANG_WARN_DIRECT_OBJC_ISA_USAGE = YES_ERROR;
				CLANG_WARN_EMPTY_BODY = YES;
				CLANG_WARN_ENUM_CONVERSION = YES;
				CLANG_WARN_INT_CONVERSION = YES;
				CLANG_WARN_OBJC_IMPLICIT_RETAIN_SELF = YES;
				CLANG_WARN_OBJC_MISSING_PROPERTY_SYNTHESIS = YES;
				CLANG_WARN_OBJC_ROOT_CLASS = YES_ERROR;
				CLANG_WARN__DUPLICATE_METHOD_MATCH = YES;
				COPY_PHASE_STRIP = NO;
				DEAD_CODE_STRIPPING = NO;
				DSTROOT = "/tmp/$(TARGET_NAME).dst";
				ENABLE_NS_ASSERTIONS = NO;
				GCC_C_LANGUAGE_STANDARD = gnu11;
				GCC_WARN_64_TO_32_BIT_CONVERSION = YES;
				GCC_WARN_ABOUT_RETURN_TYPE = YES_ERROR;
				GCC_WARN_UNDECLARED_SELECTOR = YES;
				GCC_WARN_UNINITIALIZED_AUTOS = YES;
				GCC_WARN_UNUSED_FUNCTION = YES;
				GCC_WARN_UNUSED_VARIABLE = YES;
				IPHONEOS_DEPLOYMENT_TARGET = 6.0;
				OTHER_LDFLAGS = "-ObjC";
				PRODUCT_NAME = "$(PROJECT_NAME)";
				PUBLIC_HEADERS_FOLDER_PATH = "include/$(PROJECT_NAME)";
				SDKROOT = iphoneos;
				SKIP_INSTALL = YES;
				STRIP_STYLE = "non-global";
				TARGETED_DEVICE_FAMILY = "1,2";
				VALIDATE_PRODUCT = YES;
			};
			name = Release;
		};
		EA6F57651A3E0CDF006D6C37 /* Debug */ = {
			isa = XCBuildConfiguration;
			buildSettings = {
				CLANG_WARN_UNREACHABLE_CODE = YES;
				ENABLE_STRICT_OBJC_MSGSEND = YES;
				EXECUTABLE_PREFIX = "";
				GCC_C_LANGUAGE_STANDARD = gnu99;
				GCC_DYNAMIC_NO_PIC = NO;
				GCC_PREFIX_HEADER = "$(PROJECT_NAME)/Supporting Files/Prefix.pch";
				GCC_PREPROCESSOR_DEFINITIONS = (
					"DEBUG=1",
					"$(inherited)",
				);
				GCC_SYMBOLS_PRIVATE_EXTERN = NO;
				GCC_WARN_UNINITIALIZED_AUTOS = YES_AGGRESSIVE;
				IPHONEOS_DEPLOYMENT_TARGET = 8.1;
				MTL_ENABLE_DEBUG_INFO = YES;
				OTHER_LDFLAGS = "-ObjC";
				SKIP_INSTALL = YES;
			};
			name = Debug;
		};
		EA6F57661A3E0CDF006D6C37 /* Release */ = {
			isa = XCBuildConfiguration;
			buildSettings = {
				CLANG_WARN_UNREACHABLE_CODE = YES;
				ENABLE_STRICT_OBJC_MSGSEND = YES;
				EXECUTABLE_PREFIX = "";
				GCC_C_LANGUAGE_STANDARD = gnu99;
				GCC_PREFIX_HEADER = "$(PROJECT_NAME)/Supporting Files/Prefix.pch";
				GCC_WARN_UNINITIALIZED_AUTOS = YES_AGGRESSIVE;
				IPHONEOS_DEPLOYMENT_TARGET = 8.1;
				MTL_ENABLE_DEBUG_INFO = NO;
				OTHER_LDFLAGS = "-ObjC";
				SKIP_INSTALL = YES;
			};
			name = Release;
		};
		EAAEB59C1A3E3CEE003DCD73 /* Debug */ = {
			isa = XCBuildConfiguration;
			buildSettings = {
				CLANG_WARN_UNREACHABLE_CODE = YES;
				COMBINE_HIDPI_IMAGES = NO;
				ENABLE_STRICT_OBJC_MSGSEND = YES;
				GCC_C_LANGUAGE_STANDARD = gnu99;
				GCC_DYNAMIC_NO_PIC = NO;
				GCC_PREPROCESSOR_DEFINITIONS = (
					"DEBUG=1",
					"$(inherited)",
				);
				GCC_SYMBOLS_PRIVATE_EXTERN = NO;
				GCC_WARN_UNINITIALIZED_AUTOS = YES_AGGRESSIVE;
				INFOPLIST_FILE = "$(PROJECT_NAME)/Supporting Files/Resources-Info.plist";
				INSTALL_PATH = "$(LOCAL_LIBRARY_DIR)/Bundles";
				MACOSX_DEPLOYMENT_TARGET = 10.9;
				MTL_ENABLE_DEBUG_INFO = YES;
				SKIP_INSTALL = YES;
				WRAPPER_EXTENSION = bundle;
			};
			name = Debug;
		};
		EAAEB59D1A3E3CEE003DCD73 /* Release */ = {
			isa = XCBuildConfiguration;
			buildSettings = {
				CLANG_WARN_UNREACHABLE_CODE = YES;
				COMBINE_HIDPI_IMAGES = NO;
				COPY_PHASE_STRIP = YES;
				DEBUG_INFORMATION_FORMAT = "dwarf-with-dsym";
				ENABLE_STRICT_OBJC_MSGSEND = YES;
				GCC_C_LANGUAGE_STANDARD = gnu99;
				GCC_WARN_UNINITIALIZED_AUTOS = YES_AGGRESSIVE;
				INFOPLIST_FILE = "$(PROJECT_NAME)/Supporting Files/Resources-Info.plist";
				INSTALL_PATH = "$(LOCAL_LIBRARY_DIR)/Bundles";
				MACOSX_DEPLOYMENT_TARGET = 10.9;
				MTL_ENABLE_DEBUG_INFO = NO;
				SKIP_INSTALL = YES;
				WRAPPER_EXTENSION = bundle;
			};
			name = Release;
		};
/* End XCBuildConfiguration section */

/* Begin XCConfigurationList section */
		EA425D881894211F003C55E8 /* Build configuration list for PBXProject "JFMobileFramework" */ = {
			isa = XCConfigurationList;
			buildConfigurations = (
				EA425DAE1894211F003C55E8 /* Debug */,
				EA425DAF1894211F003C55E8 /* Release */,
			);
			defaultConfigurationIsVisible = 0;
			defaultConfigurationName = Release;
		};
		EA6F57641A3E0CDF006D6C37 /* Build configuration list for PBXNativeTarget "Library" */ = {
			isa = XCConfigurationList;
			buildConfigurations = (
				EA6F57651A3E0CDF006D6C37 /* Debug */,
				EA6F57661A3E0CDF006D6C37 /* Release */,
			);
			defaultConfigurationIsVisible = 0;
			defaultConfigurationName = Release;
		};
		EAAEB59E1A3E3CEE003DCD73 /* Build configuration list for PBXNativeTarget "Resources" */ = {
			isa = XCConfigurationList;
			buildConfigurations = (
				EAAEB59C1A3E3CEE003DCD73 /* Debug */,
				EAAEB59D1A3E3CEE003DCD73 /* Release */,
			);
			defaultConfigurationIsVisible = 0;
			defaultConfigurationName = Release;
		};
/* End XCConfigurationList section */
	};
	rootObject = EA425D851894211F003C55E8 /* Project object */;
}
