// !$*UTF8*$!
{
	archiveVersion = 1;
	classes = {
	};
	objectVersion = 47;
	objects = {

/* Begin PBXBuildFile section */
		EA5F85A31B769A3700A32291 /* JFFramework-iOS.framework in Frameworks */ = {isa = PBXBuildFile; fileRef = EA5F85971B769A3700A32291 /* JFFramework-iOS.framework */; };
		EA5F85C11B769A4800A32291 /* JFFramework-OSX.framework in Frameworks */ = {isa = PBXBuildFile; fileRef = EA5F85B61B769A4700A32291 /* JFFramework-OSX.framework */; };
		EA5F85DB1B76A48200A32291 /* JFFrameworkTests.m in Sources */ = {isa = PBXBuildFile; fileRef = EA5F85D71B76A40400A32291 /* JFFrameworkTests.m */; };
		EA5F85DC1B76A49A00A32291 /* JFFramework.h in Headers */ = {isa = PBXBuildFile; fileRef = EA5F85D41B76A40400A32291 /* JFFramework.h */; settings = {ATTRIBUTES = (Public, ); }; };
		EA5F85E01B76A85B00A32291 /* Prefix.pch in Headers */ = {isa = PBXBuildFile; fileRef = EA5F85DF1B76A85B00A32291 /* Prefix.pch */; };
		EA5F85E11B76A85B00A32291 /* Prefix.pch in Headers */ = {isa = PBXBuildFile; fileRef = EA5F85DF1B76A85B00A32291 /* Prefix.pch */; };
		EA5F85E21B76B2EC00A32291 /* JFFramework.h in Headers */ = {isa = PBXBuildFile; fileRef = EA5F85D41B76A40400A32291 /* JFFramework.h */; settings = {ATTRIBUTES = (Public, ); }; };
		EA5F85E41B76BC2600A32291 /* JFFrameworkTests.m in Sources */ = {isa = PBXBuildFile; fileRef = EA5F85D71B76A40400A32291 /* JFFrameworkTests.m */; };
		EAA45DAF1B76E48B009F8055 /* JFColor.h in Headers */ = {isa = PBXBuildFile; fileRef = EAA45DAD1B76E48B009F8055 /* JFColor.h */; settings = {ATTRIBUTES = (Public, ); }; };
		EAA45DB01B76E48B009F8055 /* JFColor.h in Headers */ = {isa = PBXBuildFile; fileRef = EAA45DAD1B76E48B009F8055 /* JFColor.h */; settings = {ATTRIBUTES = (Public, ); }; };
		EAA45DB11B76E48B009F8055 /* JFColor.m in Sources */ = {isa = PBXBuildFile; fileRef = EAA45DAE1B76E48B009F8055 /* JFColor.m */; };
		EAA45DB21B76E48B009F8055 /* JFColor.m in Sources */ = {isa = PBXBuildFile; fileRef = EAA45DAE1B76E48B009F8055 /* JFColor.m */; };
		EAA45DB51B76E4B1009F8055 /* JFString.h in Headers */ = {isa = PBXBuildFile; fileRef = EAA45DB31B76E4B1009F8055 /* JFString.h */; settings = {ATTRIBUTES = (Public, ); }; };
		EAA45DB61B76E4B1009F8055 /* JFString.h in Headers */ = {isa = PBXBuildFile; fileRef = EAA45DB31B76E4B1009F8055 /* JFString.h */; settings = {ATTRIBUTES = (Public, ); }; };
		EAA45DB71B76E4B1009F8055 /* JFString.m in Sources */ = {isa = PBXBuildFile; fileRef = EAA45DB41B76E4B1009F8055 /* JFString.m */; };
		EAA45DB81B76E4B1009F8055 /* JFString.m in Sources */ = {isa = PBXBuildFile; fileRef = EAA45DB41B76E4B1009F8055 /* JFString.m */; };
		EAA7C4281B775D9900326189 /* JFUtilities.h in Headers */ = {isa = PBXBuildFile; fileRef = EAA7C4261B775D9900326189 /* JFUtilities.h */; settings = {ATTRIBUTES = (Public, ); }; };
		EAA7C4291B775D9900326189 /* JFUtilities.h in Headers */ = {isa = PBXBuildFile; fileRef = EAA7C4261B775D9900326189 /* JFUtilities.h */; settings = {ATTRIBUTES = (Public, ); }; };
		EAA7C42A1B775D9900326189 /* JFUtilities.m in Sources */ = {isa = PBXBuildFile; fileRef = EAA7C4271B775D9900326189 /* JFUtilities.m */; };
		EAA7C42B1B775D9900326189 /* JFUtilities.m in Sources */ = {isa = PBXBuildFile; fileRef = EAA7C4271B775D9900326189 /* JFUtilities.m */; };
		EAA7C4351B77852C00326189 /* JFColorTests.m in Sources */ = {isa = PBXBuildFile; fileRef = EAA7C4331B77852C00326189 /* JFColorTests.m */; };
		EAA7C4361B77852C00326189 /* JFColorTests.m in Sources */ = {isa = PBXBuildFile; fileRef = EAA7C4331B77852C00326189 /* JFColorTests.m */; };
		EAA7C4371B77852C00326189 /* JFStringTests.m in Sources */ = {isa = PBXBuildFile; fileRef = EAA7C4341B77852C00326189 /* JFStringTests.m */; };
		EAA7C4381B77852C00326189 /* JFStringTests.m in Sources */ = {isa = PBXBuildFile; fileRef = EAA7C4341B77852C00326189 /* JFStringTests.m */; };
		EAA7C43B1B77861F00326189 /* JFUtilitiesTests.m in Sources */ = {isa = PBXBuildFile; fileRef = EAA7C43A1B77861F00326189 /* JFUtilitiesTests.m */; };
		EAA7C43C1B77861F00326189 /* JFUtilitiesTests.m in Sources */ = {isa = PBXBuildFile; fileRef = EAA7C43A1B77861F00326189 /* JFUtilitiesTests.m */; };
		EAA7C4421B7799B500326189 /* JFByteStreamTests.m in Sources */ = {isa = PBXBuildFile; fileRef = EAA7C4411B7799B500326189 /* JFByteStreamTests.m */; };
		EAA7C4431B7799B500326189 /* JFByteStreamTests.m in Sources */ = {isa = PBXBuildFile; fileRef = EAA7C4411B7799B500326189 /* JFByteStreamTests.m */; };
		EAA7C4441B7799BF00326189 /* JFByteStream.m in Sources */ = {isa = PBXBuildFile; fileRef = EAA7C43E1B778C6400326189 /* JFByteStream.m */; };
		EAA7C4451B7799BF00326189 /* JFByteStream.m in Sources */ = {isa = PBXBuildFile; fileRef = EAA7C43E1B778C6400326189 /* JFByteStream.m */; };
		EAA7C4461B7799C600326189 /* JFByteStream.h in Headers */ = {isa = PBXBuildFile; fileRef = EAA7C43D1B778C6400326189 /* JFByteStream.h */; settings = {ATTRIBUTES = (Public, ); }; };
		EAA7C4471B7799C700326189 /* JFByteStream.h in Headers */ = {isa = PBXBuildFile; fileRef = EAA7C43D1B778C6400326189 /* JFByteStream.h */; settings = {ATTRIBUTES = (Public, ); }; };
/* End PBXBuildFile section */

/* Begin PBXContainerItemProxy section */
		EA5F85A41B769A3700A32291 /* PBXContainerItemProxy */ = {
			isa = PBXContainerItemProxy;
			containerPortal = EA5F858C1B768E5A00A32291 /* Project object */;
			proxyType = 1;
			remoteGlobalIDString = EA5F85961B769A3700A32291;
			remoteInfo = "JFFramework-iOS";
		};
		EA5F85C21B769A4800A32291 /* PBXContainerItemProxy */ = {
			isa = PBXContainerItemProxy;
			containerPortal = EA5F858C1B768E5A00A32291 /* Project object */;
			proxyType = 1;
			remoteGlobalIDString = EA5F85B51B769A4700A32291;
			remoteInfo = "JFFramework-OSX";
		};
/* End PBXContainerItemProxy section */

/* Begin PBXFileReference section */
		EA5F85971B769A3700A32291 /* JFFramework-iOS.framework */ = {isa = PBXFileReference; explicitFileType = wrapper.framework; includeInIndex = 0; path = "JFFramework-iOS.framework"; sourceTree = BUILT_PRODUCTS_DIR; };
		EA5F85A21B769A3700A32291 /* JFFramework-iOS-Tests.xctest */ = {isa = PBXFileReference; explicitFileType = wrapper.cfbundle; includeInIndex = 0; path = "JFFramework-iOS-Tests.xctest"; sourceTree = BUILT_PRODUCTS_DIR; };
		EA5F85B61B769A4700A32291 /* JFFramework-OSX.framework */ = {isa = PBXFileReference; explicitFileType = wrapper.framework; includeInIndex = 0; path = "JFFramework-OSX.framework"; sourceTree = BUILT_PRODUCTS_DIR; };
		EA5F85C01B769A4800A32291 /* JFFramework-OSX-Tests.xctest */ = {isa = PBXFileReference; explicitFileType = wrapper.cfbundle; includeInIndex = 0; path = "JFFramework-OSX-Tests.xctest"; sourceTree = BUILT_PRODUCTS_DIR; };
		EA5F85D01B76A40400A32291 /* Info-iOS-Tests.plist */ = {isa = PBXFileReference; lastKnownFileType = text.plist.xml; path = "Info-iOS-Tests.plist"; sourceTree = "<group>"; };
		EA5F85D11B76A40400A32291 /* Info-iOS.plist */ = {isa = PBXFileReference; lastKnownFileType = text.plist.xml; path = "Info-iOS.plist"; sourceTree = "<group>"; };
		EA5F85D21B76A40400A32291 /* Info-OSX-Tests.plist */ = {isa = PBXFileReference; lastKnownFileType = text.plist.xml; path = "Info-OSX-Tests.plist"; sourceTree = "<group>"; };
		EA5F85D31B76A40400A32291 /* Info-OSX.plist */ = {isa = PBXFileReference; lastKnownFileType = text.plist.xml; path = "Info-OSX.plist"; sourceTree = "<group>"; };
		EA5F85D41B76A40400A32291 /* JFFramework.h */ = {isa = PBXFileReference; lastKnownFileType = sourcecode.c.h; path = JFFramework.h; sourceTree = "<group>"; };
		EA5F85D71B76A40400A32291 /* JFFrameworkTests.m */ = {isa = PBXFileReference; lastKnownFileType = sourcecode.c.objc; path = JFFrameworkTests.m; sourceTree = "<group>"; };
		EA5F85DF1B76A85B00A32291 /* Prefix.pch */ = {isa = PBXFileReference; fileEncoding = 4; lastKnownFileType = sourcecode.c.h; path = Prefix.pch; sourceTree = "<group>"; };
		EAA45DAD1B76E48B009F8055 /* JFColor.h */ = {isa = PBXFileReference; fileEncoding = 4; lastKnownFileType = sourcecode.c.h; path = JFColor.h; sourceTree = "<group>"; };
		EAA45DAE1B76E48B009F8055 /* JFColor.m */ = {isa = PBXFileReference; fileEncoding = 4; lastKnownFileType = sourcecode.c.objc; path = JFColor.m; sourceTree = "<group>"; };
		EAA45DB31B76E4B1009F8055 /* JFString.h */ = {isa = PBXFileReference; fileEncoding = 4; lastKnownFileType = sourcecode.c.h; path = JFString.h; sourceTree = "<group>"; };
		EAA45DB41B76E4B1009F8055 /* JFString.m */ = {isa = PBXFileReference; fileEncoding = 4; lastKnownFileType = sourcecode.c.objc; path = JFString.m; sourceTree = "<group>"; };
		EAA7C4261B775D9900326189 /* JFUtilities.h */ = {isa = PBXFileReference; fileEncoding = 4; lastKnownFileType = sourcecode.c.h; path = JFUtilities.h; sourceTree = "<group>"; };
		EAA7C4271B775D9900326189 /* JFUtilities.m */ = {isa = PBXFileReference; fileEncoding = 4; lastKnownFileType = sourcecode.c.objc; path = JFUtilities.m; sourceTree = "<group>"; };
		EAA7C4331B77852C00326189 /* JFColorTests.m */ = {isa = PBXFileReference; fileEncoding = 4; lastKnownFileType = sourcecode.c.objc; path = JFColorTests.m; sourceTree = "<group>"; };
		EAA7C4341B77852C00326189 /* JFStringTests.m */ = {isa = PBXFileReference; fileEncoding = 4; lastKnownFileType = sourcecode.c.objc; path = JFStringTests.m; sourceTree = "<group>"; };
		EAA7C43A1B77861F00326189 /* JFUtilitiesTests.m */ = {isa = PBXFileReference; fileEncoding = 4; lastKnownFileType = sourcecode.c.objc; path = JFUtilitiesTests.m; sourceTree = "<group>"; };
		EAA7C43D1B778C6400326189 /* JFByteStream.h */ = {isa = PBXFileReference; fileEncoding = 4; lastKnownFileType = sourcecode.c.h; path = JFByteStream.h; sourceTree = "<group>"; };
		EAA7C43E1B778C6400326189 /* JFByteStream.m */ = {isa = PBXFileReference; fileEncoding = 4; lastKnownFileType = sourcecode.c.objc; path = JFByteStream.m; sourceTree = "<group>"; };
		EAA7C4411B7799B500326189 /* JFByteStreamTests.m */ = {isa = PBXFileReference; fileEncoding = 4; lastKnownFileType = sourcecode.c.objc; path = JFByteStreamTests.m; sourceTree = "<group>"; };
/* End PBXFileReference section */

/* Begin PBXFrameworksBuildPhase section */
		EA5F85931B769A3700A32291 /* Frameworks */ = {
			isa = PBXFrameworksBuildPhase;
			buildActionMask = 2147483647;
			files = (
			);
			runOnlyForDeploymentPostprocessing = 0;
		};
		EA5F859F1B769A3700A32291 /* Frameworks */ = {
			isa = PBXFrameworksBuildPhase;
			buildActionMask = 2147483647;
			files = (
				EA5F85A31B769A3700A32291 /* JFFramework-iOS.framework in Frameworks */,
			);
			runOnlyForDeploymentPostprocessing = 0;
		};
		EA5F85B21B769A4700A32291 /* Frameworks */ = {
			isa = PBXFrameworksBuildPhase;
			buildActionMask = 2147483647;
			files = (
			);
			runOnlyForDeploymentPostprocessing = 0;
		};
		EA5F85BD1B769A4800A32291 /* Frameworks */ = {
			isa = PBXFrameworksBuildPhase;
			buildActionMask = 2147483647;
			files = (
				EA5F85C11B769A4800A32291 /* JFFramework-OSX.framework in Frameworks */,
			);
			runOnlyForDeploymentPostprocessing = 0;
		};
/* End PBXFrameworksBuildPhase section */

/* Begin PBXGroup section */
		EA5F858B1B768E5A00A32291 = {
			isa = PBXGroup;
			children = (
				EAA45DA41B76CEB6009F8055 /* Sources */,
				EA5F85981B769A3700A32291 /* Products */,
				EA5F85CF1B76A40400A32291 /* Supporting Files */,
				EA5F85D61B76A40400A32291 /* Tests */,
			);
			sourceTree = "<group>";
		};
		EA5F85981B769A3700A32291 /* Products */ = {
			isa = PBXGroup;
			children = (
				EA5F85971B769A3700A32291 /* JFFramework-iOS.framework */,
				EA5F85A21B769A3700A32291 /* JFFramework-iOS-Tests.xctest */,
				EA5F85B61B769A4700A32291 /* JFFramework-OSX.framework */,
				EA5F85C01B769A4800A32291 /* JFFramework-OSX-Tests.xctest */,
			);
			name = Products;
			sourceTree = "<group>";
		};
		EA5F85CF1B76A40400A32291 /* Supporting Files */ = {
			isa = PBXGroup;
			children = (
				EA5F85D01B76A40400A32291 /* Info-iOS-Tests.plist */,
				EA5F85D11B76A40400A32291 /* Info-iOS.plist */,
				EA5F85D21B76A40400A32291 /* Info-OSX-Tests.plist */,
				EA5F85D31B76A40400A32291 /* Info-OSX.plist */,
				EA5F85D41B76A40400A32291 /* JFFramework.h */,
				EA5F85DF1B76A85B00A32291 /* Prefix.pch */,
			);
			name = "Supporting Files";
			path = "JFFramework/Supporting Files";
			sourceTree = "<group>";
		};
		EA5F85D61B76A40400A32291 /* Tests */ = {
			isa = PBXGroup;
			children = (
				EAA7C4321B77852C00326189 /* Data Objects */,
				EA5F85D71B76A40400A32291 /* JFFrameworkTests.m */,
				EAA7C4391B77861000326189 /* Utilities */,
			);
			name = Tests;
			path = JFFramework/Tests;
			sourceTree = "<group>";
		};
		EAA45DA41B76CEB6009F8055 /* Sources */ = {
			isa = PBXGroup;
			children = (
				EAA45DAC1B76E48B009F8055 /* Data Objects */,
				EAA45DA51B76D208009F8055 /* User Interface */,
				EAA7C4251B775D7800326189 /* Utilities */,
			);
			name = Sources;
			path = JFFramework/Sources;
			sourceTree = "<group>";
		};
		EAA45DA51B76D208009F8055 /* User Interface */ = {
			isa = PBXGroup;
			children = (
			);
			path = "User Interface";
			sourceTree = "<group>";
		};
		EAA45DAC1B76E48B009F8055 /* Data Objects */ = {
			isa = PBXGroup;
			children = (
				EAA7C43D1B778C6400326189 /* JFByteStream.h */,
				EAA7C43E1B778C6400326189 /* JFByteStream.m */,
				EAA45DAD1B76E48B009F8055 /* JFColor.h */,
				EAA45DAE1B76E48B009F8055 /* JFColor.m */,
				EAA45DB31B76E4B1009F8055 /* JFString.h */,
				EAA45DB41B76E4B1009F8055 /* JFString.m */,
			);
			path = "Data Objects";
			sourceTree = "<group>";
		};
		EAA7C4251B775D7800326189 /* Utilities */ = {
			isa = PBXGroup;
			children = (
				EAA7C4261B775D9900326189 /* JFUtilities.h */,
				EAA7C4271B775D9900326189 /* JFUtilities.m */,
			);
			path = Utilities;
			sourceTree = "<group>";
		};
		EAA7C4321B77852C00326189 /* Data Objects */ = {
			isa = PBXGroup;
			children = (
				EAA7C4411B7799B500326189 /* JFByteStreamTests.m */,
				EAA7C4331B77852C00326189 /* JFColorTests.m */,
				EAA7C4341B77852C00326189 /* JFStringTests.m */,
			);
			path = "Data Objects";
			sourceTree = "<group>";
		};
		EAA7C4391B77861000326189 /* Utilities */ = {
			isa = PBXGroup;
			children = (
				EAA7C43A1B77861F00326189 /* JFUtilitiesTests.m */,
			);
			path = Utilities;
			sourceTree = "<group>";
		};
/* End PBXGroup section */

/* Begin PBXHeadersBuildPhase section */
		EA5F85941B769A3700A32291 /* Headers */ = {
			isa = PBXHeadersBuildPhase;
			buildActionMask = 2147483647;
			files = (
				EAA7C4281B775D9900326189 /* JFUtilities.h in Headers */,
				EA5F85DC1B76A49A00A32291 /* JFFramework.h in Headers */,
				EAA7C4461B7799C600326189 /* JFByteStream.h in Headers */,
				EA5F85E01B76A85B00A32291 /* Prefix.pch in Headers */,
				EAA45DAF1B76E48B009F8055 /* JFColor.h in Headers */,
				EAA45DB51B76E4B1009F8055 /* JFString.h in Headers */,
			);
			runOnlyForDeploymentPostprocessing = 0;
		};
		EA5F85B31B769A4700A32291 /* Headers */ = {
			isa = PBXHeadersBuildPhase;
			buildActionMask = 2147483647;
			files = (
				EAA7C4291B775D9900326189 /* JFUtilities.h in Headers */,
				EA5F85E11B76A85B00A32291 /* Prefix.pch in Headers */,
				EAA7C4471B7799C700326189 /* JFByteStream.h in Headers */,
				EA5F85E21B76B2EC00A32291 /* JFFramework.h in Headers */,
				EAA45DB01B76E48B009F8055 /* JFColor.h in Headers */,
				EAA45DB61B76E4B1009F8055 /* JFString.h in Headers */,
			);
			runOnlyForDeploymentPostprocessing = 0;
		};
/* End PBXHeadersBuildPhase section */

/* Begin PBXNativeTarget section */
		EA5F85961B769A3700A32291 /* JFFramework-iOS */ = {
			isa = PBXNativeTarget;
			buildConfigurationList = EA5F85AB1B769A3700A32291 /* Build configuration list for PBXNativeTarget "JFFramework-iOS" */;
			buildPhases = (
				EA5F85921B769A3700A32291 /* Sources */,
				EA5F85931B769A3700A32291 /* Frameworks */,
				EA5F85941B769A3700A32291 /* Headers */,
				EA5F85951B769A3700A32291 /* Resources */,
			);
			buildRules = (
			);
			dependencies = (
			);
			name = "JFFramework-iOS";
			productName = "JFFramework-iOS";
			productReference = EA5F85971B769A3700A32291 /* JFFramework-iOS.framework */;
			productType = "com.apple.product-type.framework";
		};
		EA5F85A11B769A3700A32291 /* JFFramework-iOS-Tests */ = {
			isa = PBXNativeTarget;
			buildConfigurationList = EA5F85AE1B769A3700A32291 /* Build configuration list for PBXNativeTarget "JFFramework-iOS-Tests" */;
			buildPhases = (
				EA5F859E1B769A3700A32291 /* Sources */,
				EA5F859F1B769A3700A32291 /* Frameworks */,
				EA5F85A01B769A3700A32291 /* Resources */,
			);
			buildRules = (
			);
			dependencies = (
				EA5F85A51B769A3700A32291 /* PBXTargetDependency */,
			);
			name = "JFFramework-iOS-Tests";
			productName = "JFFramework-iOSTests";
			productReference = EA5F85A21B769A3700A32291 /* JFFramework-iOS-Tests.xctest */;
			productType = "com.apple.product-type.bundle.unit-test";
		};
		EA5F85B51B769A4700A32291 /* JFFramework-OSX */ = {
			isa = PBXNativeTarget;
			buildConfigurationList = EA5F85C91B769A4800A32291 /* Build configuration list for PBXNativeTarget "JFFramework-OSX" */;
			buildPhases = (
				EA5F85B11B769A4700A32291 /* Sources */,
				EA5F85B21B769A4700A32291 /* Frameworks */,
				EA5F85B31B769A4700A32291 /* Headers */,
				EA5F85B41B769A4700A32291 /* Resources */,
			);
			buildRules = (
			);
			dependencies = (
			);
			name = "JFFramework-OSX";
			productName = "JFFramework-OSX";
			productReference = EA5F85B61B769A4700A32291 /* JFFramework-OSX.framework */;
			productType = "com.apple.product-type.framework";
		};
		EA5F85BF1B769A4800A32291 /* JFFramework-OSX-Tests */ = {
			isa = PBXNativeTarget;
			buildConfigurationList = EA5F85CC1B769A4800A32291 /* Build configuration list for PBXNativeTarget "JFFramework-OSX-Tests" */;
			buildPhases = (
				EA5F85BC1B769A4800A32291 /* Sources */,
				EA5F85BD1B769A4800A32291 /* Frameworks */,
				EA5F85BE1B769A4800A32291 /* Resources */,
			);
			buildRules = (
			);
			dependencies = (
				EA5F85C31B769A4800A32291 /* PBXTargetDependency */,
			);
			name = "JFFramework-OSX-Tests";
			productName = "JFFramework-OSXTests";
			productReference = EA5F85C01B769A4800A32291 /* JFFramework-OSX-Tests.xctest */;
			productType = "com.apple.product-type.bundle.unit-test";
		};
/* End PBXNativeTarget section */

/* Begin PBXProject section */
		EA5F858C1B768E5A00A32291 /* Project object */ = {
			isa = PBXProject;
			attributes = {
				LastUpgradeCheck = 0640;
				TargetAttributes = {
					EA5F85961B769A3700A32291 = {
						CreatedOnToolsVersion = 6.4;
						DevelopmentTeam = V7M7DEXA2H;
					};
					EA5F85A11B769A3700A32291 = {
						CreatedOnToolsVersion = 6.4;
					};
					EA5F85B51B769A4700A32291 = {
						CreatedOnToolsVersion = 6.4;
						DevelopmentTeam = V7M7DEXA2H;
					};
					EA5F85BF1B769A4800A32291 = {
						CreatedOnToolsVersion = 6.4;
					};
				};
			};
			buildConfigurationList = EA5F858F1B768E5A00A32291 /* Build configuration list for PBXProject "JFFramework" */;
			compatibilityVersion = "Xcode 6.3";
			developmentRegion = English;
			hasScannedForEncodings = 0;
			knownRegions = (
				en,
			);
			mainGroup = EA5F858B1B768E5A00A32291;
			productRefGroup = EA5F85981B769A3700A32291 /* Products */;
			projectDirPath = "";
			projectRoot = "";
			targets = (
				EA5F85961B769A3700A32291 /* JFFramework-iOS */,
				EA5F85A11B769A3700A32291 /* JFFramework-iOS-Tests */,
				EA5F85B51B769A4700A32291 /* JFFramework-OSX */,
				EA5F85BF1B769A4800A32291 /* JFFramework-OSX-Tests */,
			);
		};
/* End PBXProject section */

/* Begin PBXResourcesBuildPhase section */
		EA5F85951B769A3700A32291 /* Resources */ = {
			isa = PBXResourcesBuildPhase;
			buildActionMask = 2147483647;
			files = (
			);
			runOnlyForDeploymentPostprocessing = 0;
		};
		EA5F85A01B769A3700A32291 /* Resources */ = {
			isa = PBXResourcesBuildPhase;
			buildActionMask = 2147483647;
			files = (
			);
			runOnlyForDeploymentPostprocessing = 0;
		};
		EA5F85B41B769A4700A32291 /* Resources */ = {
			isa = PBXResourcesBuildPhase;
			buildActionMask = 2147483647;
			files = (
			);
			runOnlyForDeploymentPostprocessing = 0;
		};
		EA5F85BE1B769A4800A32291 /* Resources */ = {
			isa = PBXResourcesBuildPhase;
			buildActionMask = 2147483647;
			files = (
			);
			runOnlyForDeploymentPostprocessing = 0;
		};
/* End PBXResourcesBuildPhase section */

/* Begin PBXSourcesBuildPhase section */
		EA5F85921B769A3700A32291 /* Sources */ = {
			isa = PBXSourcesBuildPhase;
			buildActionMask = 2147483647;
			files = (
				EAA45DB71B76E4B1009F8055 /* JFString.m in Sources */,
				EAA7C4451B7799BF00326189 /* JFByteStream.m in Sources */,
				EAA45DB11B76E48B009F8055 /* JFColor.m in Sources */,
				EAA7C42A1B775D9900326189 /* JFUtilities.m in Sources */,
			);
			runOnlyForDeploymentPostprocessing = 0;
		};
		EA5F859E1B769A3700A32291 /* Sources */ = {
			isa = PBXSourcesBuildPhase;
			buildActionMask = 2147483647;
			files = (
				EAA7C43B1B77861F00326189 /* JFUtilitiesTests.m in Sources */,
				EAA7C4371B77852C00326189 /* JFStringTests.m in Sources */,
				EAA7C4421B7799B500326189 /* JFByteStreamTests.m in Sources */,
				EA5F85DB1B76A48200A32291 /* JFFrameworkTests.m in Sources */,
				EAA7C4351B77852C00326189 /* JFColorTests.m in Sources */,
			);
			runOnlyForDeploymentPostprocessing = 0;
		};
		EA5F85B11B769A4700A32291 /* Sources */ = {
			isa = PBXSourcesBuildPhase;
			buildActionMask = 2147483647;
			files = (
				EAA45DB81B76E4B1009F8055 /* JFString.m in Sources */,
				EAA7C4441B7799BF00326189 /* JFByteStream.m in Sources */,
				EAA45DB21B76E48B009F8055 /* JFColor.m in Sources */,
				EAA7C42B1B775D9900326189 /* JFUtilities.m in Sources */,
			);
			runOnlyForDeploymentPostprocessing = 0;
		};
		EA5F85BC1B769A4800A32291 /* Sources */ = {
			isa = PBXSourcesBuildPhase;
			buildActionMask = 2147483647;
			files = (
				EAA7C43C1B77861F00326189 /* JFUtilitiesTests.m in Sources */,
				EAA7C4381B77852C00326189 /* JFStringTests.m in Sources */,
				EAA7C4431B7799B500326189 /* JFByteStreamTests.m in Sources */,
				EA5F85E41B76BC2600A32291 /* JFFrameworkTests.m in Sources */,
				EAA7C4361B77852C00326189 /* JFColorTests.m in Sources */,
			);
			runOnlyForDeploymentPostprocessing = 0;
		};
/* End PBXSourcesBuildPhase section */

/* Begin PBXTargetDependency section */
		EA5F85A51B769A3700A32291 /* PBXTargetDependency */ = {
			isa = PBXTargetDependency;
			target = EA5F85961B769A3700A32291 /* JFFramework-iOS */;
			targetProxy = EA5F85A41B769A3700A32291 /* PBXContainerItemProxy */;
		};
		EA5F85C31B769A4800A32291 /* PBXTargetDependency */ = {
			isa = PBXTargetDependency;
			target = EA5F85B51B769A4700A32291 /* JFFramework-OSX */;
			targetProxy = EA5F85C21B769A4800A32291 /* PBXContainerItemProxy */;
		};
/* End PBXTargetDependency section */

/* Begin XCBuildConfiguration section */
		EA5F85901B768E5A00A32291 /* Debug */ = {
			isa = XCBuildConfiguration;
			buildSettings = {
				CLANG_WARN_OBJC_MISSING_PROPERTY_SYNTHESIS = YES;
				CONFIGURATION_BUILD_DIR = "$(BUILD_DIR)/$(CONFIGURATION)";
				GCC_PREFIX_HEADER = "$(PROJECT_NAME)/Supporting Files/Prefix.pch";
				IPHONEOS_DEPLOYMENT_TARGET = 6.1;
				MACOSX_DEPLOYMENT_TARGET = 10.6;
			};
			name = Debug;
		};
		EA5F85911B768E5A00A32291 /* Release */ = {
			isa = XCBuildConfiguration;
			buildSettings = {
				CLANG_WARN_OBJC_MISSING_PROPERTY_SYNTHESIS = YES;
				CONFIGURATION_BUILD_DIR = "$(BUILD_DIR)/$(CONFIGURATION)";
				GCC_PREFIX_HEADER = "$(PROJECT_NAME)/Supporting Files/Prefix.pch";
				IPHONEOS_DEPLOYMENT_TARGET = 6.1;
				MACOSX_DEPLOYMENT_TARGET = 10.6;
			};
			name = Release;
		};
		EA5F85AC1B769A3700A32291 /* Debug */ = {
			isa = XCBuildConfiguration;
			buildSettings = {
				ALWAYS_SEARCH_USER_PATHS = NO;
				CLANG_CXX_LANGUAGE_STANDARD = "gnu++0x";
				CLANG_CXX_LIBRARY = "libc++";
				CLANG_ENABLE_MODULES = YES;
				CLANG_ENABLE_OBJC_ARC = YES;
				CLANG_WARN_BOOL_CONVERSION = YES;
				CLANG_WARN_CONSTANT_CONVERSION = YES;
				CLANG_WARN_DIRECT_OBJC_ISA_USAGE = YES_ERROR;
				CLANG_WARN_EMPTY_BODY = YES;
				CLANG_WARN_ENUM_CONVERSION = YES;
				CLANG_WARN_INT_CONVERSION = YES;
				CLANG_WARN_OBJC_ROOT_CLASS = YES_ERROR;
				CLANG_WARN_UNREACHABLE_CODE = YES;
				CLANG_WARN__DUPLICATE_METHOD_MATCH = YES;
				CODE_SIGN_IDENTITY = "iPhone Developer";
				COPY_PHASE_STRIP = NO;
				CURRENT_PROJECT_VERSION = 1;
				DEBUG_INFORMATION_FORMAT = "dwarf-with-dsym";
				DYLIB_COMPATIBILITY_VERSION = 1;
				DYLIB_CURRENT_VERSION = 1;
				DYLIB_INSTALL_NAME_BASE = "@rpath";
				ENABLE_STRICT_OBJC_MSGSEND = YES;
				GCC_C_LANGUAGE_STANDARD = gnu99;
				GCC_DYNAMIC_NO_PIC = NO;
				GCC_NO_COMMON_BLOCKS = YES;
				GCC_OPTIMIZATION_LEVEL = 0;
				GCC_PREPROCESSOR_DEFINITIONS = (
					"DEBUG=1",
					"$(inherited)",
				);
				GCC_SYMBOLS_PRIVATE_EXTERN = NO;
				GCC_WARN_64_TO_32_BIT_CONVERSION = YES;
				GCC_WARN_ABOUT_RETURN_TYPE = YES_ERROR;
				GCC_WARN_UNDECLARED_SELECTOR = YES;
				GCC_WARN_UNINITIALIZED_AUTOS = YES_AGGRESSIVE;
				GCC_WARN_UNUSED_FUNCTION = YES;
				GCC_WARN_UNUSED_VARIABLE = YES;
				INFOPLIST_FILE = "$(PROJECT_NAME)/Supporting Files/Info-iOS.plist";
				INSTALL_PATH = "$(LOCAL_LIBRARY_DIR)/Frameworks";
				LD_RUNPATH_SEARCH_PATHS = "$(inherited) @executable_path/Frameworks @loader_path/Frameworks";
				MACH_O_TYPE = staticlib;
				MTL_ENABLE_DEBUG_INFO = YES;
				ONLY_ACTIVE_ARCH = YES;
				PRODUCT_NAME = "$(TARGET_NAME)";
				SDKROOT = iphoneos;
				SKIP_INSTALL = YES;
				TARGETED_DEVICE_FAMILY = "1,2";
				VERSIONING_SYSTEM = "apple-generic";
				VERSION_INFO_PREFIX = "";
			};
			name = Debug;
		};
		EA5F85AD1B769A3700A32291 /* Release */ = {
			isa = XCBuildConfiguration;
			buildSettings = {
				ALWAYS_SEARCH_USER_PATHS = NO;
				CLANG_CXX_LANGUAGE_STANDARD = "gnu++0x";
				CLANG_CXX_LIBRARY = "libc++";
				CLANG_ENABLE_MODULES = YES;
				CLANG_ENABLE_OBJC_ARC = YES;
				CLANG_WARN_BOOL_CONVERSION = YES;
				CLANG_WARN_CONSTANT_CONVERSION = YES;
				CLANG_WARN_DIRECT_OBJC_ISA_USAGE = YES_ERROR;
				CLANG_WARN_EMPTY_BODY = YES;
				CLANG_WARN_ENUM_CONVERSION = YES;
				CLANG_WARN_INT_CONVERSION = YES;
				CLANG_WARN_OBJC_ROOT_CLASS = YES_ERROR;
				CLANG_WARN_UNREACHABLE_CODE = YES;
				CLANG_WARN__DUPLICATE_METHOD_MATCH = YES;
				CODE_SIGN_IDENTITY = "iPhone Developer";
				COPY_PHASE_STRIP = NO;
				CURRENT_PROJECT_VERSION = 1;
				DEBUG_INFORMATION_FORMAT = "dwarf-with-dsym";
				DYLIB_COMPATIBILITY_VERSION = 1;
				DYLIB_CURRENT_VERSION = 1;
				DYLIB_INSTALL_NAME_BASE = "@rpath";
				ENABLE_NS_ASSERTIONS = NO;
				ENABLE_STRICT_OBJC_MSGSEND = YES;
				GCC_C_LANGUAGE_STANDARD = gnu99;
				GCC_NO_COMMON_BLOCKS = YES;
				GCC_WARN_64_TO_32_BIT_CONVERSION = YES;
				GCC_WARN_ABOUT_RETURN_TYPE = YES_ERROR;
				GCC_WARN_UNDECLARED_SELECTOR = YES;
				GCC_WARN_UNINITIALIZED_AUTOS = YES_AGGRESSIVE;
				GCC_WARN_UNUSED_FUNCTION = YES;
				GCC_WARN_UNUSED_VARIABLE = YES;
				INFOPLIST_FILE = "$(PROJECT_NAME)/Supporting Files/Info-iOS.plist";
				INSTALL_PATH = "$(LOCAL_LIBRARY_DIR)/Frameworks";
				LD_RUNPATH_SEARCH_PATHS = "$(inherited) @executable_path/Frameworks @loader_path/Frameworks";
				MACH_O_TYPE = staticlib;
				MTL_ENABLE_DEBUG_INFO = NO;
				PRODUCT_NAME = "$(TARGET_NAME)";
				SDKROOT = iphoneos;
				SKIP_INSTALL = YES;
				TARGETED_DEVICE_FAMILY = "1,2";
				VALIDATE_PRODUCT = YES;
				VERSIONING_SYSTEM = "apple-generic";
				VERSION_INFO_PREFIX = "";
			};
			name = Release;
		};
		EA5F85AF1B769A3700A32291 /* Debug */ = {
			isa = XCBuildConfiguration;
			buildSettings = {
				ALWAYS_SEARCH_USER_PATHS = NO;
				CLANG_CXX_LANGUAGE_STANDARD = "gnu++0x";
				CLANG_CXX_LIBRARY = "libc++";
				CLANG_ENABLE_MODULES = YES;
				CLANG_ENABLE_OBJC_ARC = YES;
				CLANG_WARN_BOOL_CONVERSION = YES;
				CLANG_WARN_CONSTANT_CONVERSION = YES;
				CLANG_WARN_DIRECT_OBJC_ISA_USAGE = YES_ERROR;
				CLANG_WARN_EMPTY_BODY = YES;
				CLANG_WARN_ENUM_CONVERSION = YES;
				CLANG_WARN_INT_CONVERSION = YES;
				CLANG_WARN_OBJC_ROOT_CLASS = YES_ERROR;
				CLANG_WARN_UNREACHABLE_CODE = YES;
				CLANG_WARN__DUPLICATE_METHOD_MATCH = YES;
				COPY_PHASE_STRIP = NO;
				DEBUG_INFORMATION_FORMAT = "dwarf-with-dsym";
				ENABLE_STRICT_OBJC_MSGSEND = YES;
				FRAMEWORK_SEARCH_PATHS = (
					"$(SDKROOT)/Developer/Library/Frameworks",
					"$(inherited)",
				);
				GCC_C_LANGUAGE_STANDARD = gnu99;
				GCC_DYNAMIC_NO_PIC = NO;
				GCC_NO_COMMON_BLOCKS = YES;
				GCC_OPTIMIZATION_LEVEL = 0;
				GCC_PREPROCESSOR_DEFINITIONS = (
					"DEBUG=1",
					"$(inherited)",
				);
				GCC_SYMBOLS_PRIVATE_EXTERN = NO;
				GCC_WARN_64_TO_32_BIT_CONVERSION = YES;
				GCC_WARN_ABOUT_RETURN_TYPE = YES_ERROR;
				GCC_WARN_UNDECLARED_SELECTOR = YES;
				GCC_WARN_UNINITIALIZED_AUTOS = YES_AGGRESSIVE;
				GCC_WARN_UNUSED_FUNCTION = YES;
				GCC_WARN_UNUSED_VARIABLE = YES;
				INFOPLIST_FILE = "$(PROJECT_NAME)/Supporting Files/Info-iOS-Tests.plist";
				LD_RUNPATH_SEARCH_PATHS = "$(inherited) @executable_path/Frameworks @loader_path/Frameworks";
				MTL_ENABLE_DEBUG_INFO = YES;
				ONLY_ACTIVE_ARCH = YES;
				PRODUCT_NAME = "$(TARGET_NAME)";
				SDKROOT = iphoneos;
			};
			name = Debug;
		};
		EA5F85B01B769A3700A32291 /* Release */ = {
			isa = XCBuildConfiguration;
			buildSettings = {
				ALWAYS_SEARCH_USER_PATHS = NO;
				CLANG_CXX_LANGUAGE_STANDARD = "gnu++0x";
				CLANG_CXX_LIBRARY = "libc++";
				CLANG_ENABLE_MODULES = YES;
				CLANG_ENABLE_OBJC_ARC = YES;
				CLANG_WARN_BOOL_CONVERSION = YES;
				CLANG_WARN_CONSTANT_CONVERSION = YES;
				CLANG_WARN_DIRECT_OBJC_ISA_USAGE = YES_ERROR;
				CLANG_WARN_EMPTY_BODY = YES;
				CLANG_WARN_ENUM_CONVERSION = YES;
				CLANG_WARN_INT_CONVERSION = YES;
				CLANG_WARN_OBJC_ROOT_CLASS = YES_ERROR;
				CLANG_WARN_UNREACHABLE_CODE = YES;
				CLANG_WARN__DUPLICATE_METHOD_MATCH = YES;
				COPY_PHASE_STRIP = NO;
				DEBUG_INFORMATION_FORMAT = "dwarf-with-dsym";
				ENABLE_NS_ASSERTIONS = NO;
				ENABLE_STRICT_OBJC_MSGSEND = YES;
				FRAMEWORK_SEARCH_PATHS = (
					"$(SDKROOT)/Developer/Library/Frameworks",
					"$(inherited)",
				);
				GCC_C_LANGUAGE_STANDARD = gnu99;
				GCC_NO_COMMON_BLOCKS = YES;
				GCC_WARN_64_TO_32_BIT_CONVERSION = YES;
				GCC_WARN_ABOUT_RETURN_TYPE = YES_ERROR;
				GCC_WARN_UNDECLARED_SELECTOR = YES;
				GCC_WARN_UNINITIALIZED_AUTOS = YES_AGGRESSIVE;
				GCC_WARN_UNUSED_FUNCTION = YES;
				GCC_WARN_UNUSED_VARIABLE = YES;
				INFOPLIST_FILE = "$(PROJECT_NAME)/Supporting Files/Info-iOS-Tests.plist";
				LD_RUNPATH_SEARCH_PATHS = "$(inherited) @executable_path/Frameworks @loader_path/Frameworks";
				MTL_ENABLE_DEBUG_INFO = NO;
				PRODUCT_NAME = "$(TARGET_NAME)";
				SDKROOT = iphoneos;
				VALIDATE_PRODUCT = YES;
			};
			name = Release;
		};
		EA5F85CA1B769A4800A32291 /* Debug */ = {
			isa = XCBuildConfiguration;
			buildSettings = {
				ALWAYS_SEARCH_USER_PATHS = NO;
				CLANG_CXX_LANGUAGE_STANDARD = "gnu++0x";
				CLANG_CXX_LIBRARY = "libc++";
				CLANG_ENABLE_MODULES = YES;
				CLANG_ENABLE_OBJC_ARC = YES;
				CLANG_WARN_BOOL_CONVERSION = YES;
				CLANG_WARN_CONSTANT_CONVERSION = YES;
				CLANG_WARN_DIRECT_OBJC_ISA_USAGE = YES_ERROR;
				CLANG_WARN_EMPTY_BODY = YES;
				CLANG_WARN_ENUM_CONVERSION = YES;
				CLANG_WARN_INT_CONVERSION = YES;
				CLANG_WARN_OBJC_ROOT_CLASS = YES_ERROR;
				CLANG_WARN_UNREACHABLE_CODE = YES;
				CLANG_WARN__DUPLICATE_METHOD_MATCH = YES;
				CODE_SIGN_IDENTITY = "Developer ID Application";
				COMBINE_HIDPI_IMAGES = YES;
				COPY_PHASE_STRIP = NO;
				CURRENT_PROJECT_VERSION = 1;
				DEBUG_INFORMATION_FORMAT = dwarf;
				DYLIB_COMPATIBILITY_VERSION = 1;
				DYLIB_CURRENT_VERSION = 1;
				DYLIB_INSTALL_NAME_BASE = "@rpath";
				ENABLE_STRICT_OBJC_MSGSEND = YES;
				FRAMEWORK_VERSION = A;
				GCC_C_LANGUAGE_STANDARD = gnu99;
				GCC_DYNAMIC_NO_PIC = NO;
				GCC_NO_COMMON_BLOCKS = YES;
				GCC_OPTIMIZATION_LEVEL = 0;
				GCC_PREPROCESSOR_DEFINITIONS = (
					"DEBUG=1",
					"$(inherited)",
				);
				GCC_SYMBOLS_PRIVATE_EXTERN = NO;
				GCC_WARN_64_TO_32_BIT_CONVERSION = YES;
				GCC_WARN_ABOUT_RETURN_TYPE = YES_ERROR;
				GCC_WARN_UNDECLARED_SELECTOR = YES;
				GCC_WARN_UNINITIALIZED_AUTOS = YES_AGGRESSIVE;
				GCC_WARN_UNUSED_FUNCTION = YES;
				GCC_WARN_UNUSED_VARIABLE = YES;
				INFOPLIST_FILE = "$(PROJECT_NAME)/Supporting Files/Info-OSX.plist";
				INSTALL_PATH = "$(LOCAL_LIBRARY_DIR)/Frameworks";
				LD_RUNPATH_SEARCH_PATHS = "$(inherited) @executable_path/../Frameworks @loader_path/Frameworks";
				MTL_ENABLE_DEBUG_INFO = YES;
				ONLY_ACTIVE_ARCH = YES;
				PRODUCT_NAME = "$(TARGET_NAME)";
				SDKROOT = macosx;
				SKIP_INSTALL = YES;
				VERSIONING_SYSTEM = "apple-generic";
				VERSION_INFO_PREFIX = "";
			};
			name = Debug;
		};
		EA5F85CB1B769A4800A32291 /* Release */ = {
			isa = XCBuildConfiguration;
			buildSettings = {
				ALWAYS_SEARCH_USER_PATHS = NO;
				CLANG_CXX_LANGUAGE_STANDARD = "gnu++0x";
				CLANG_CXX_LIBRARY = "libc++";
				CLANG_ENABLE_MODULES = YES;
				CLANG_ENABLE_OBJC_ARC = YES;
				CLANG_WARN_BOOL_CONVERSION = YES;
				CLANG_WARN_CONSTANT_CONVERSION = YES;
				CLANG_WARN_DIRECT_OBJC_ISA_USAGE = YES_ERROR;
				CLANG_WARN_EMPTY_BODY = YES;
				CLANG_WARN_ENUM_CONVERSION = YES;
				CLANG_WARN_INT_CONVERSION = YES;
				CLANG_WARN_OBJC_ROOT_CLASS = YES_ERROR;
				CLANG_WARN_UNREACHABLE_CODE = YES;
				CLANG_WARN__DUPLICATE_METHOD_MATCH = YES;
				CODE_SIGN_IDENTITY = "Developer ID Application";
				COMBINE_HIDPI_IMAGES = YES;
				COPY_PHASE_STRIP = NO;
				CURRENT_PROJECT_VERSION = 1;
				DEBUG_INFORMATION_FORMAT = "dwarf-with-dsym";
				DYLIB_COMPATIBILITY_VERSION = 1;
				DYLIB_CURRENT_VERSION = 1;
				DYLIB_INSTALL_NAME_BASE = "@rpath";
				ENABLE_NS_ASSERTIONS = NO;
				ENABLE_STRICT_OBJC_MSGSEND = YES;
				FRAMEWORK_VERSION = A;
				GCC_C_LANGUAGE_STANDARD = gnu99;
				GCC_NO_COMMON_BLOCKS = YES;
				GCC_WARN_64_TO_32_BIT_CONVERSION = YES;
				GCC_WARN_ABOUT_RETURN_TYPE = YES_ERROR;
				GCC_WARN_UNDECLARED_SELECTOR = YES;
				GCC_WARN_UNINITIALIZED_AUTOS = YES_AGGRESSIVE;
				GCC_WARN_UNUSED_FUNCTION = YES;
				GCC_WARN_UNUSED_VARIABLE = YES;
				INFOPLIST_FILE = "$(PROJECT_NAME)/Supporting Files/Info-OSX.plist";
				INSTALL_PATH = "$(LOCAL_LIBRARY_DIR)/Frameworks";
				LD_RUNPATH_SEARCH_PATHS = "$(inherited) @executable_path/../Frameworks @loader_path/Frameworks";
				MTL_ENABLE_DEBUG_INFO = NO;
				PRODUCT_NAME = "$(TARGET_NAME)";
				SDKROOT = macosx;
				SKIP_INSTALL = YES;
				VERSIONING_SYSTEM = "apple-generic";
				VERSION_INFO_PREFIX = "";
			};
			name = Release;
		};
		EA5F85CD1B769A4800A32291 /* Debug */ = {
			isa = XCBuildConfiguration;
			buildSettings = {
				ALWAYS_SEARCH_USER_PATHS = NO;
				CLANG_CXX_LANGUAGE_STANDARD = "gnu++0x";
				CLANG_CXX_LIBRARY = "libc++";
				CLANG_ENABLE_MODULES = YES;
				CLANG_ENABLE_OBJC_ARC = YES;
				CLANG_WARN_BOOL_CONVERSION = YES;
				CLANG_WARN_CONSTANT_CONVERSION = YES;
				CLANG_WARN_DIRECT_OBJC_ISA_USAGE = YES_ERROR;
				CLANG_WARN_EMPTY_BODY = YES;
				CLANG_WARN_ENUM_CONVERSION = YES;
				CLANG_WARN_INT_CONVERSION = YES;
				CLANG_WARN_OBJC_ROOT_CLASS = YES_ERROR;
				CLANG_WARN_UNREACHABLE_CODE = YES;
				CLANG_WARN__DUPLICATE_METHOD_MATCH = YES;
				COMBINE_HIDPI_IMAGES = YES;
				COPY_PHASE_STRIP = NO;
				DEBUG_INFORMATION_FORMAT = dwarf;
				ENABLE_STRICT_OBJC_MSGSEND = YES;
				FRAMEWORK_SEARCH_PATHS = (
					"$(DEVELOPER_FRAMEWORKS_DIR)",
					"$(inherited)",
				);
				GCC_C_LANGUAGE_STANDARD = gnu99;
				GCC_DYNAMIC_NO_PIC = NO;
				GCC_NO_COMMON_BLOCKS = YES;
				GCC_OPTIMIZATION_LEVEL = 0;
				GCC_PREPROCESSOR_DEFINITIONS = (
					"DEBUG=1",
					"$(inherited)",
				);
				GCC_SYMBOLS_PRIVATE_EXTERN = NO;
				GCC_WARN_64_TO_32_BIT_CONVERSION = YES;
				GCC_WARN_ABOUT_RETURN_TYPE = YES_ERROR;
				GCC_WARN_UNDECLARED_SELECTOR = YES;
				GCC_WARN_UNINITIALIZED_AUTOS = YES_AGGRESSIVE;
				GCC_WARN_UNUSED_FUNCTION = YES;
				GCC_WARN_UNUSED_VARIABLE = YES;
				INFOPLIST_FILE = "$(PROJECT_NAME)/Supporting Files/Info-OSX-Tests.plist";
				LD_RUNPATH_SEARCH_PATHS = "$(inherited) @executable_path/../Frameworks @loader_path/../Frameworks";
				MTL_ENABLE_DEBUG_INFO = YES;
				ONLY_ACTIVE_ARCH = YES;
				PRODUCT_NAME = "$(TARGET_NAME)";
				SDKROOT = macosx;
			};
			name = Debug;
		};
		EA5F85CE1B769A4800A32291 /* Release */ = {
			isa = XCBuildConfiguration;
			buildSettings = {
				ALWAYS_SEARCH_USER_PATHS = NO;
				CLANG_CXX_LANGUAGE_STANDARD = "gnu++0x";
				CLANG_CXX_LIBRARY = "libc++";
				CLANG_ENABLE_MODULES = YES;
				CLANG_ENABLE_OBJC_ARC = YES;
				CLANG_WARN_BOOL_CONVERSION = YES;
				CLANG_WARN_CONSTANT_CONVERSION = YES;
				CLANG_WARN_DIRECT_OBJC_ISA_USAGE = YES_ERROR;
				CLANG_WARN_EMPTY_BODY = YES;
				CLANG_WARN_ENUM_CONVERSION = YES;
				CLANG_WARN_INT_CONVERSION = YES;
				CLANG_WARN_OBJC_ROOT_CLASS = YES_ERROR;
				CLANG_WARN_UNREACHABLE_CODE = YES;
				CLANG_WARN__DUPLICATE_METHOD_MATCH = YES;
				COMBINE_HIDPI_IMAGES = YES;
				COPY_PHASE_STRIP = NO;
				DEBUG_INFORMATION_FORMAT = "dwarf-with-dsym";
				ENABLE_NS_ASSERTIONS = NO;
				ENABLE_STRICT_OBJC_MSGSEND = YES;
				FRAMEWORK_SEARCH_PATHS = (
					"$(DEVELOPER_FRAMEWORKS_DIR)",
					"$(inherited)",
				);
				GCC_C_LANGUAGE_STANDARD = gnu99;
				GCC_NO_COMMON_BLOCKS = YES;
				GCC_WARN_64_TO_32_BIT_CONVERSION = YES;
				GCC_WARN_ABOUT_RETURN_TYPE = YES_ERROR;
				GCC_WARN_UNDECLARED_SELECTOR = YES;
				GCC_WARN_UNINITIALIZED_AUTOS = YES_AGGRESSIVE;
				GCC_WARN_UNUSED_FUNCTION = YES;
				GCC_WARN_UNUSED_VARIABLE = YES;
				INFOPLIST_FILE = "$(PROJECT_NAME)/Supporting Files/Info-OSX-Tests.plist";
				LD_RUNPATH_SEARCH_PATHS = "$(inherited) @executable_path/../Frameworks @loader_path/../Frameworks";
				MTL_ENABLE_DEBUG_INFO = NO;
				PRODUCT_NAME = "$(TARGET_NAME)";
				SDKROOT = macosx;
			};
			name = Release;
		};
/* End XCBuildConfiguration section */

/* Begin XCConfigurationList section */
		EA5F858F1B768E5A00A32291 /* Build configuration list for PBXProject "JFFramework" */ = {
			isa = XCConfigurationList;
			buildConfigurations = (
				EA5F85901B768E5A00A32291 /* Debug */,
				EA5F85911B768E5A00A32291 /* Release */,
			);
			defaultConfigurationIsVisible = 0;
			defaultConfigurationName = Release;
		};
		EA5F85AB1B769A3700A32291 /* Build configuration list for PBXNativeTarget "JFFramework-iOS" */ = {
			isa = XCConfigurationList;
			buildConfigurations = (
				EA5F85AC1B769A3700A32291 /* Debug */,
				EA5F85AD1B769A3700A32291 /* Release */,
			);
			defaultConfigurationIsVisible = 0;
			defaultConfigurationName = Release;
		};
		EA5F85AE1B769A3700A32291 /* Build configuration list for PBXNativeTarget "JFFramework-iOS-Tests" */ = {
			isa = XCConfigurationList;
			buildConfigurations = (
				EA5F85AF1B769A3700A32291 /* Debug */,
				EA5F85B01B769A3700A32291 /* Release */,
			);
			defaultConfigurationIsVisible = 0;
			defaultConfigurationName = Release;
		};
		EA5F85C91B769A4800A32291 /* Build configuration list for PBXNativeTarget "JFFramework-OSX" */ = {
			isa = XCConfigurationList;
			buildConfigurations = (
				EA5F85CA1B769A4800A32291 /* Debug */,
				EA5F85CB1B769A4800A32291 /* Release */,
			);
			defaultConfigurationIsVisible = 0;
			defaultConfigurationName = Release;
		};
		EA5F85CC1B769A4800A32291 /* Build configuration list for PBXNativeTarget "JFFramework-OSX-Tests" */ = {
			isa = XCConfigurationList;
			buildConfigurations = (
				EA5F85CD1B769A4800A32291 /* Debug */,
				EA5F85CE1B769A4800A32291 /* Release */,
			);
			defaultConfigurationIsVisible = 0;
			defaultConfigurationName = Release;
		};
/* End XCConfigurationList section */
	};
	rootObject = EA5F858C1B768E5A00A32291 /* Project object */;
}
