// !$*UTF8*$!
{
	archiveVersion = 1;
	classes = {
	};
	objectVersion = 46;
	objects = {

/* Begin PBXFileReference section */
		6C1B54241AFCE1F800165804 /* JFURLProtocol.h */ = {isa = PBXFileReference; fileEncoding = 4; lastKnownFileType = sourcecode.c.h; path = JFURLProtocol.h; sourceTree = "<group>"; };
		6C1B54251AFCE1F800165804 /* JFURLProtocol.m */ = {isa = PBXFileReference; fileEncoding = 4; lastKnownFileType = sourcecode.c.objc; path = JFURLProtocol.m; sourceTree = "<group>"; };
		EA26EC251A8785030050049A /* JFCoreDataManager.h */ = {isa = PBXFileReference; fileEncoding = 4; lastKnownFileType = sourcecode.c.h; path = JFCoreDataManager.h; sourceTree = "<group>"; };
		EA26EC261A8785030050049A /* JFCoreDataManager.m */ = {isa = PBXFileReference; fileEncoding = 4; lastKnownFileType = sourcecode.c.objc; path = JFCoreDataManager.m; sourceTree = "<group>"; };
		EA26EC361A8785030050049A /* JFGalleryView.h */ = {isa = PBXFileReference; fileEncoding = 4; lastKnownFileType = sourcecode.c.h; path = JFGalleryView.h; sourceTree = "<group>"; };
		EA26EC371A8785030050049A /* JFGalleryView.m */ = {isa = PBXFileReference; fileEncoding = 4; lastKnownFileType = sourcecode.c.objc; path = JFGalleryView.m; sourceTree = "<group>"; };
		EA26EC401A8785030050049A /* JFSplitViewController.h */ = {isa = PBXFileReference; fileEncoding = 4; lastKnownFileType = sourcecode.c.h; path = JFSplitViewController.h; sourceTree = "<group>"; };
		EA26EC411A8785030050049A /* JFSplitViewController.m */ = {isa = PBXFileReference; fileEncoding = 4; lastKnownFileType = sourcecode.c.objc; path = JFSplitViewController.m; sourceTree = "<group>"; };
		EA26EC4A1A8785030050049A /* JFTextView.h */ = {isa = PBXFileReference; fileEncoding = 4; lastKnownFileType = sourcecode.c.h; path = JFTextView.h; sourceTree = "<group>"; };
		EA26EC4B1A8785030050049A /* JFTextView.m */ = {isa = PBXFileReference; fileEncoding = 4; lastKnownFileType = sourcecode.c.objc; path = JFTextView.m; sourceTree = "<group>"; };
		EA26EC4D1A8785030050049A /* JFTransparentToolbar.h */ = {isa = PBXFileReference; fileEncoding = 4; lastKnownFileType = sourcecode.c.h; path = JFTransparentToolbar.h; sourceTree = "<group>"; };
		EA26EC4E1A8785030050049A /* JFTransparentToolbar.m */ = {isa = PBXFileReference; fileEncoding = 4; lastKnownFileType = sourcecode.c.objc; path = JFTransparentToolbar.m; sourceTree = "<group>"; };
		EA26EC501A8785030050049A /* JFDrawerController.h */ = {isa = PBXFileReference; fileEncoding = 4; lastKnownFileType = sourcecode.c.h; path = JFDrawerController.h; sourceTree = "<group>"; };
		EA26EC511A8785030050049A /* JFDrawerController.m */ = {isa = PBXFileReference; fileEncoding = 4; lastKnownFileType = sourcecode.c.objc; path = JFDrawerController.m; sourceTree = "<group>"; };
		EA26EC521A8785030050049A /* JFMenuItem.h */ = {isa = PBXFileReference; fileEncoding = 4; lastKnownFileType = sourcecode.c.h; path = JFMenuItem.h; sourceTree = "<group>"; };
		EA26EC531A8785030050049A /* JFMenuItem.m */ = {isa = PBXFileReference; fileEncoding = 4; lastKnownFileType = sourcecode.c.objc; path = JFMenuItem.m; sourceTree = "<group>"; };
		EA26EC541A8785030050049A /* JFMenuViewController.h */ = {isa = PBXFileReference; fileEncoding = 4; lastKnownFileType = sourcecode.c.h; path = JFMenuViewController.h; sourceTree = "<group>"; };
		EA26EC551A8785030050049A /* JFMenuViewController.m */ = {isa = PBXFileReference; fileEncoding = 4; lastKnownFileType = sourcecode.c.objc; path = JFMenuViewController.m; sourceTree = "<group>"; };
		EA26EC561A8785030050049A /* JFSimpleFormViewController.h */ = {isa = PBXFileReference; fileEncoding = 4; lastKnownFileType = sourcecode.c.h; path = JFSimpleFormViewController.h; sourceTree = "<group>"; };
		EA26EC571A8785030050049A /* JFSimpleFormViewController.m */ = {isa = PBXFileReference; fileEncoding = 4; lastKnownFileType = sourcecode.c.objc; path = JFSimpleFormViewController.m; sourceTree = "<group>"; };
		EA26EC5D1A8785030050049A /* JFUpdatableFile.h */ = {isa = PBXFileReference; fileEncoding = 4; lastKnownFileType = sourcecode.c.h; path = JFUpdatableFile.h; sourceTree = "<group>"; };
		EA26EC5E1A8785030050049A /* JFUpdatableFile.m */ = {isa = PBXFileReference; fileEncoding = 4; lastKnownFileType = sourcecode.c.objc; path = JFUpdatableFile.m; sourceTree = "<group>"; };
		EA34B1C91ACDB82600CF0B17 /* JFImageManager.h */ = {isa = PBXFileReference; fileEncoding = 4; lastKnownFileType = sourcecode.c.h; path = JFImageManager.h; sourceTree = "<group>"; };
		EA34B1CA1ACDB82600CF0B17 /* JFImageManager.m */ = {isa = PBXFileReference; fileEncoding = 4; lastKnownFileType = sourcecode.c.objc; path = JFImageManager.m; sourceTree = "<group>"; };
		EA34B1D11ACDECA800CF0B17 /* JFImageObserver.h */ = {isa = PBXFileReference; fileEncoding = 4; lastKnownFileType = sourcecode.c.h; path = JFImageObserver.h; sourceTree = "<group>"; };
		EA34B1D21ACDECA800CF0B17 /* JFImageObserver.m */ = {isa = PBXFileReference; fileEncoding = 4; lastKnownFileType = sourcecode.c.objc; path = JFImageObserver.m; sourceTree = "<group>"; };
		EACA68971A8106D900D79126 /* Prefix.pch */ = {isa = PBXFileReference; lastKnownFileType = sourcecode.c.h; path = Prefix.pch; sourceTree = "<group>"; };
/* End PBXFileReference section */

/* Begin PBXGroup section */
		6C06BE9B1AF769C100C5F5CC /* Data Access */ = {
			isa = PBXGroup;
			children = (
				6C1B54241AFCE1F800165804 /* JFURLProtocol.h */,
				6C1B54251AFCE1F800165804 /* JFURLProtocol.m */,
			);
			path = "Data Access";
			sourceTree = "<group>";
		};
		EA26EBEA1A87679F0050049A /* Utilities */ = {
			isa = PBXGroup;
			children = (
				EA34B1C91ACDB82600CF0B17 /* JFImageManager.h */,
				EA34B1CA1ACDB82600CF0B17 /* JFImageManager.m */,
				EA34B1D11ACDECA800CF0B17 /* JFImageObserver.h */,
				EA34B1D21ACDECA800CF0B17 /* JFImageObserver.m */,
			);
			path = Utilities;
			sourceTree = "<group>";
		};
		EA26EC151A8782460050049A /* OLD */ = {
			isa = PBXGroup;
			children = (
				EA26EC241A8785030050049A /* Data Access */,
				EA26EC2E1A8785030050049A /* User Interface */,
				EA26EC5A1A8785030050049A /* Utilities */,
			);
			path = OLD;
			sourceTree = "<group>";
		};
		EA26EC241A8785030050049A /* Data Access */ = {
			isa = PBXGroup;
			children = (
				EA26EC251A8785030050049A /* JFCoreDataManager.h */,
				EA26EC261A8785030050049A /* JFCoreDataManager.m */,
			);
			path = "Data Access";
			sourceTree = "<group>";
		};
		EA26EC2E1A8785030050049A /* User Interface */ = {
			isa = PBXGroup;
			children = (
				EA26EC351A8785030050049A /* Galleries */,
				EA26EC3B1A8785030050049A /* Structure */,
				EA26EC471A8785030050049A /* Texts */,
				EA26EC4C1A8785030050049A /* Toolbars */,
				EA26EC4F1A8785030050049A /* Work In Progress */,
			);
			path = "User Interface";
			sourceTree = "<group>";
		};
		EA26EC351A8785030050049A /* Galleries */ = {
			isa = PBXGroup;
			children = (
				EA26EC361A8785030050049A /* JFGalleryView.h */,
				EA26EC371A8785030050049A /* JFGalleryView.m */,
			);
			path = Galleries;
			sourceTree = "<group>";
		};
		EA26EC3B1A8785030050049A /* Structure */ = {
			isa = PBXGroup;
			children = (
				EA26EC401A8785030050049A /* JFSplitViewController.h */,
				EA26EC411A8785030050049A /* JFSplitViewController.m */,
			);
			path = Structure;
			sourceTree = "<group>";
		};
		EA26EC471A8785030050049A /* Texts */ = {
			isa = PBXGroup;
			children = (
				EA26EC4A1A8785030050049A /* JFTextView.h */,
				EA26EC4B1A8785030050049A /* JFTextView.m */,
			);
			path = Texts;
			sourceTree = "<group>";
		};
		EA26EC4C1A8785030050049A /* Toolbars */ = {
			isa = PBXGroup;
			children = (
				EA26EC4D1A8785030050049A /* JFTransparentToolbar.h */,
				EA26EC4E1A8785030050049A /* JFTransparentToolbar.m */,
			);
			path = Toolbars;
			sourceTree = "<group>";
		};
		EA26EC4F1A8785030050049A /* Work In Progress */ = {
			isa = PBXGroup;
			children = (
				EA26EC501A8785030050049A /* JFDrawerController.h */,
				EA26EC511A8785030050049A /* JFDrawerController.m */,
				EA26EC521A8785030050049A /* JFMenuItem.h */,
				EA26EC531A8785030050049A /* JFMenuItem.m */,
				EA26EC541A8785030050049A /* JFMenuViewController.h */,
				EA26EC551A8785030050049A /* JFMenuViewController.m */,
				EA26EC561A8785030050049A /* JFSimpleFormViewController.h */,
				EA26EC571A8785030050049A /* JFSimpleFormViewController.m */,
			);
			path = "Work In Progress";
			sourceTree = "<group>";
		};
		EA26EC5A1A8785030050049A /* Utilities */ = {
			isa = PBXGroup;
			children = (
				EA26EC5D1A8785030050049A /* JFUpdatableFile.h */,
				EA26EC5E1A8785030050049A /* JFUpdatableFile.m */,
			);
			path = Utilities;
			sourceTree = "<group>";
		};
		EA7ED2011A6FA63D00220BA1 /* Products */ = {
			isa = PBXGroup;
			children = (
			);
			name = Products;
			sourceTree = "<group>";
		};
		EACA688A1A8105F600D79126 /* Sources */ = {
			isa = PBXGroup;
			children = (
				6C06BE9B1AF769C100C5F5CC /* Data Access */,
				EA26EC151A8782460050049A /* OLD */,
				EA26EBEA1A87679F0050049A /* Utilities */,
			);
			name = Sources;
			path = JFFramework/Sources;
			sourceTree = "<group>";
		};
		EACA68961A8106D900D79126 /* Supporting Files */ = {
			isa = PBXGroup;
			children = (
				EACA68971A8106D900D79126 /* Prefix.pch */,
			);
			name = "Supporting Files";
			path = "JFFramework/Supporting Files";
			sourceTree = "<group>";
		};
		EAE47AF31A6FA548009D8766 = {
			isa = PBXGroup;
			children = (
				EA7ED2011A6FA63D00220BA1 /* Products */,
				EACA688A1A8105F600D79126 /* Sources */,
				EACA68961A8106D900D79126 /* Supporting Files */,
			);
			sourceTree = "<group>";
		};
/* End PBXGroup section */

/* Begin PBXProject section */
		EAE47AF41A6FA548009D8766 /* Project object */ = {
			isa = PBXProject;
			attributes = {
				CLASSPREFIX = JF;
				LastUpgradeCheck = 0610;
				ORGANIZATIONNAME = "Jacopo Filié";
			};
			buildConfigurationList = EAE47AF71A6FA548009D8766 /* Build configuration list for PBXProject "Old JFFramework" */;
			compatibilityVersion = "Xcode 3.2";
			developmentRegion = English;
			hasScannedForEncodings = 0;
			knownRegions = (
				en,
			);
			mainGroup = EAE47AF31A6FA548009D8766;
			productRefGroup = EA7ED2011A6FA63D00220BA1 /* Products */;
			projectDirPath = "";
			projectRoot = "";
			targets = (
			);
		};
/* End PBXProject section */

/* Begin XCBuildConfiguration section */
		EAE47AF81A6FA548009D8766 /* Debug */ = {
			isa = XCBuildConfiguration;
			buildSettings = {
			};
			name = Debug;
		};
		EAE47AF91A6FA548009D8766 /* Release */ = {
			isa = XCBuildConfiguration;
			buildSettings = {
			};
			name = Release;
		};
/* End XCBuildConfiguration section */

/* Begin XCConfigurationList section */
		EAE47AF71A6FA548009D8766 /* Build configuration list for PBXProject "Old JFFramework" */ = {
			isa = XCConfigurationList;
			buildConfigurations = (
				EAE47AF81A6FA548009D8766 /* Debug */,
				EAE47AF91A6FA548009D8766 /* Release */,
			);
			defaultConfigurationIsVisible = 0;
			defaultConfigurationName = Release;
		};
/* End XCConfigurationList section */
	};
	rootObject = EAE47AF41A6FA548009D8766 /* Project object */;
}
