// !$*UTF8*$!
{
	archiveVersion = 1;
	classes = {
	};
	objectVersion = 46;
	objects = {

/* Begin PBXAggregateTarget section */
		EACA68A91A810D6900D79126 /* All Frameworks */ = {
			isa = PBXAggregateTarget;
			buildConfigurationList = EACA68AA1A810D6900D79126 /* Build configuration list for PBXAggregateTarget "All Frameworks" */;
			buildPhases = (
			);
			dependencies = (
				EACA68AE1A810D7300D79126 /* PBXTargetDependency */,
				EACA68B01A810D7300D79126 /* PBXTargetDependency */,
			);
			name = "All Frameworks";
			productName = "All Frameworks";
		};
/* End PBXAggregateTarget section */

/* Begin PBXBuildFile section */
		EACA688D1A81065500D79126 /* JFUtilities.h in Headers */ = {isa = PBXBuildFile; fileRef = EACA688B1A81065500D79126 /* JFUtilities.h */; settings = {ATTRIBUTES = (Public, ); }; };
		EACA688E1A81065500D79126 /* JFUtilities.h in Headers */ = {isa = PBXBuildFile; fileRef = EACA688B1A81065500D79126 /* JFUtilities.h */; settings = {ATTRIBUTES = (Public, ); }; };
		EACA688F1A81065500D79126 /* JFUtilities.m in Sources */ = {isa = PBXBuildFile; fileRef = EACA688C1A81065500D79126 /* JFUtilities.m */; };
		EACA68901A81065500D79126 /* JFUtilities.m in Sources */ = {isa = PBXBuildFile; fileRef = EACA688C1A81065500D79126 /* JFUtilities.m */; };
		EACA68921A81069300D79126 /* Foundation.framework in Frameworks */ = {isa = PBXBuildFile; fileRef = EACA68911A81069300D79126 /* Foundation.framework */; };
		EACA68991A8107E600D79126 /* UIKit.framework in Frameworks */ = {isa = PBXBuildFile; fileRef = EACA68981A8107E600D79126 /* UIKit.framework */; };
		EACA689F1A810A2500D79126 /* Foundation.framework in Frameworks */ = {isa = PBXBuildFile; fileRef = EACA689E1A810A2500D79126 /* Foundation.framework */; };
		EACA68A11A810A3000D79126 /* AppKit.framework in Frameworks */ = {isa = PBXBuildFile; fileRef = EACA68A01A810A3000D79126 /* AppKit.framework */; };
/* End PBXBuildFile section */

/* Begin PBXContainerItemProxy section */
		EACA68AD1A810D7300D79126 /* PBXContainerItemProxy */ = {
			isa = PBXContainerItemProxy;
			containerPortal = EAE47AF41A6FA548009D8766 /* Project object */;
			proxyType = 1;
			remoteGlobalIDString = EA7ED21B1A6FA65B00220BA1;
			remoteInfo = JFFramework;
		};
		EACA68AF1A810D7300D79126 /* PBXContainerItemProxy */ = {
			isa = PBXContainerItemProxy;
			containerPortal = EAE47AF41A6FA548009D8766 /* Project object */;
			proxyType = 1;
			remoteGlobalIDString = EA7ED1FF1A6FA63D00220BA1;
			remoteInfo = JFMobileFramework;
		};
/* End PBXContainerItemProxy section */

/* Begin PBXFileReference section */
		EA7ED2001A6FA63D00220BA1 /* libJFMobileFramework.a */ = {isa = PBXFileReference; explicitFileType = archive.ar; includeInIndex = 0; path = libJFMobileFramework.a; sourceTree = BUILT_PRODUCTS_DIR; };
		EA7ED21C1A6FA65B00220BA1 /* libJFFramework.a */ = {isa = PBXFileReference; explicitFileType = archive.ar; includeInIndex = 0; path = libJFFramework.a; sourceTree = BUILT_PRODUCTS_DIR; };
		EACA688B1A81065500D79126 /* JFUtilities.h */ = {isa = PBXFileReference; fileEncoding = 4; lastKnownFileType = sourcecode.c.h; path = JFUtilities.h; sourceTree = "<group>"; };
		EACA688C1A81065500D79126 /* JFUtilities.m */ = {isa = PBXFileReference; fileEncoding = 4; lastKnownFileType = sourcecode.c.objc; path = JFUtilities.m; sourceTree = "<group>"; };
		EACA68911A81069300D79126 /* Foundation.framework */ = {isa = PBXFileReference; lastKnownFileType = wrapper.framework; name = Foundation.framework; path = Platforms/iPhoneOS.platform/Developer/SDKs/iPhoneOS8.1.sdk/System/Library/Frameworks/Foundation.framework; sourceTree = DEVELOPER_DIR; };
		EACA68971A8106D900D79126 /* Prefix.pch */ = {isa = PBXFileReference; lastKnownFileType = sourcecode.c.h; path = Prefix.pch; sourceTree = "<group>"; };
		EACA68981A8107E600D79126 /* UIKit.framework */ = {isa = PBXFileReference; lastKnownFileType = wrapper.framework; name = UIKit.framework; path = Platforms/iPhoneOS.platform/Developer/SDKs/iPhoneOS8.1.sdk/System/Library/Frameworks/UIKit.framework; sourceTree = DEVELOPER_DIR; };
		EACA689E1A810A2500D79126 /* Foundation.framework */ = {isa = PBXFileReference; lastKnownFileType = wrapper.framework; name = Foundation.framework; path = System/Library/Frameworks/Foundation.framework; sourceTree = SDKROOT; };
		EACA68A01A810A3000D79126 /* AppKit.framework */ = {isa = PBXFileReference; lastKnownFileType = wrapper.framework; name = AppKit.framework; path = System/Library/Frameworks/AppKit.framework; sourceTree = SDKROOT; };
/* End PBXFileReference section */

/* Begin PBXFrameworksBuildPhase section */
		EA7ED1FD1A6FA63D00220BA1 /* Frameworks */ = {
			isa = PBXFrameworksBuildPhase;
			buildActionMask = 2147483647;
			files = (
				EACA68921A81069300D79126 /* Foundation.framework in Frameworks */,
				EACA68991A8107E600D79126 /* UIKit.framework in Frameworks */,
			);
			runOnlyForDeploymentPostprocessing = 0;
		};
		EA7ED2191A6FA65B00220BA1 /* Frameworks */ = {
			isa = PBXFrameworksBuildPhase;
			buildActionMask = 2147483647;
			files = (
				EACA68A11A810A3000D79126 /* AppKit.framework in Frameworks */,
				EACA689F1A810A2500D79126 /* Foundation.framework in Frameworks */,
			);
			runOnlyForDeploymentPostprocessing = 0;
		};
/* End PBXFrameworksBuildPhase section */

/* Begin PBXGroup section */
		EA7ED2011A6FA63D00220BA1 /* Products */ = {
			isa = PBXGroup;
			children = (
				EA7ED2001A6FA63D00220BA1 /* libJFMobileFramework.a */,
				EA7ED21C1A6FA65B00220BA1 /* libJFFramework.a */,
			);
			name = Products;
			sourceTree = "<group>";
		};
		EACA688A1A8105F600D79126 /* Sources */ = {
			isa = PBXGroup;
			children = (
				EACA688B1A81065500D79126 /* JFUtilities.h */,
				EACA688C1A81065500D79126 /* JFUtilities.m */,
			);
			name = Sources;
			path = JFFramework/Sources;
			sourceTree = "<group>";
		};
		EACA68951A8106C300D79126 /* Frameworks */ = {
			isa = PBXGroup;
			children = (
				EACA689C1A810A0500D79126 /* iOS */,
				EACA689D1A810A0C00D79126 /* OSX */,
			);
			name = Frameworks;
			sourceTree = "<group>";
		};
		EACA68961A8106D900D79126 /* Supporting Files */ = {
			isa = PBXGroup;
			children = (
				EACA68971A8106D900D79126 /* Prefix.pch */,
			);
			name = "Supporting Files";
			path = "JFFramework/Supporting Files";
			sourceTree = "<group>";
		};
		EACA689C1A810A0500D79126 /* iOS */ = {
			isa = PBXGroup;
			children = (
				EACA68911A81069300D79126 /* Foundation.framework */,
				EACA68981A8107E600D79126 /* UIKit.framework */,
			);
			name = iOS;
			sourceTree = "<group>";
		};
		EACA689D1A810A0C00D79126 /* OSX */ = {
			isa = PBXGroup;
			children = (
				EACA68A01A810A3000D79126 /* AppKit.framework */,
				EACA689E1A810A2500D79126 /* Foundation.framework */,
			);
			name = OSX;
			sourceTree = "<group>";
		};
		EAE47AF31A6FA548009D8766 = {
			isa = PBXGroup;
			children = (
				EACA68951A8106C300D79126 /* Frameworks */,
				EA7ED2011A6FA63D00220BA1 /* Products */,
				EACA688A1A8105F600D79126 /* Sources */,
				EACA68961A8106D900D79126 /* Supporting Files */,
			);
			sourceTree = "<group>";
		};
/* End PBXGroup section */

/* Begin PBXHeadersBuildPhase section */
		EA7ED21A1A6FA65B00220BA1 /* Headers */ = {
			isa = PBXHeadersBuildPhase;
			buildActionMask = 2147483647;
			files = (
				EACA688D1A81065500D79126 /* JFUtilities.h in Headers */,
			);
			runOnlyForDeploymentPostprocessing = 0;
		};
		EAFA1DA21A80EDAF00AF57D5 /* Headers */ = {
			isa = PBXHeadersBuildPhase;
			buildActionMask = 2147483647;
			files = (
				EACA688E1A81065500D79126 /* JFUtilities.h in Headers */,
			);
			runOnlyForDeploymentPostprocessing = 0;
		};
/* End PBXHeadersBuildPhase section */

/* Begin PBXNativeTarget section */
		EA7ED1FF1A6FA63D00220BA1 /* JFMobileFramework */ = {
			isa = PBXNativeTarget;
			buildConfigurationList = EA7ED2121A6FA63D00220BA1 /* Build configuration list for PBXNativeTarget "JFMobileFramework" */;
			buildPhases = (
				EA7ED1FC1A6FA63D00220BA1 /* Sources */,
				EA7ED1FD1A6FA63D00220BA1 /* Frameworks */,
				EAFA1DA21A80EDAF00AF57D5 /* Headers */,
			);
			buildRules = (
			);
			dependencies = (
			);
			name = JFMobileFramework;
			productName = JFMobileFramework;
			productReference = EA7ED2001A6FA63D00220BA1 /* libJFMobileFramework.a */;
			productType = "com.apple.product-type.library.static";
		};
		EA7ED21B1A6FA65B00220BA1 /* JFFramework */ = {
			isa = PBXNativeTarget;
			buildConfigurationList = EA7ED22D1A6FA65B00220BA1 /* Build configuration list for PBXNativeTarget "JFFramework" */;
			buildPhases = (
				EA7ED2181A6FA65B00220BA1 /* Sources */,
				EA7ED2191A6FA65B00220BA1 /* Frameworks */,
				EA7ED21A1A6FA65B00220BA1 /* Headers */,
			);
			buildRules = (
			);
			dependencies = (
			);
			name = JFFramework;
			productName = JFFramework;
			productReference = EA7ED21C1A6FA65B00220BA1 /* libJFFramework.a */;
			productType = "com.apple.product-type.library.static";
		};
/* End PBXNativeTarget section */

/* Begin PBXProject section */
		EAE47AF41A6FA548009D8766 /* Project object */ = {
			isa = PBXProject;
			attributes = {
				CLASSPREFIX = JF;
				LastUpgradeCheck = 0610;
				ORGANIZATIONNAME = "Jacopo Filié";
				TargetAttributes = {
					EA7ED1FF1A6FA63D00220BA1 = {
						CreatedOnToolsVersion = 6.1.1;
					};
					EA7ED21B1A6FA65B00220BA1 = {
						CreatedOnToolsVersion = 6.1.1;
					};
					EACA68A91A810D6900D79126 = {
						CreatedOnToolsVersion = 6.1.1;
					};
				};
			};
			buildConfigurationList = EAE47AF71A6FA548009D8766 /* Build configuration list for PBXProject "JFFramework" */;
			compatibilityVersion = "Xcode 3.2";
			developmentRegion = English;
			hasScannedForEncodings = 0;
			knownRegions = (
				en,
			);
			mainGroup = EAE47AF31A6FA548009D8766;
			productRefGroup = EA7ED2011A6FA63D00220BA1 /* Products */;
			projectDirPath = "";
			projectRoot = "";
			targets = (
				EA7ED21B1A6FA65B00220BA1 /* JFFramework */,
				EA7ED1FF1A6FA63D00220BA1 /* JFMobileFramework */,
				EACA68A91A810D6900D79126 /* All Frameworks */,
			);
		};
/* End PBXProject section */

/* Begin PBXSourcesBuildPhase section */
		EA7ED1FC1A6FA63D00220BA1 /* Sources */ = {
			isa = PBXSourcesBuildPhase;
			buildActionMask = 2147483647;
			files = (
				EACA68901A81065500D79126 /* JFUtilities.m in Sources */,
			);
			runOnlyForDeploymentPostprocessing = 0;
		};
		EA7ED2181A6FA65B00220BA1 /* Sources */ = {
			isa = PBXSourcesBuildPhase;
			buildActionMask = 2147483647;
			files = (
				EACA688F1A81065500D79126 /* JFUtilities.m in Sources */,
			);
			runOnlyForDeploymentPostprocessing = 0;
		};
/* End PBXSourcesBuildPhase section */

/* Begin PBXTargetDependency section */
		EACA68AE1A810D7300D79126 /* PBXTargetDependency */ = {
			isa = PBXTargetDependency;
			target = EA7ED21B1A6FA65B00220BA1 /* JFFramework */;
			targetProxy = EACA68AD1A810D7300D79126 /* PBXContainerItemProxy */;
		};
		EACA68B01A810D7300D79126 /* PBXTargetDependency */ = {
			isa = PBXTargetDependency;
			target = EA7ED1FF1A6FA63D00220BA1 /* JFMobileFramework */;
			targetProxy = EACA68AF1A810D7300D79126 /* PBXContainerItemProxy */;
		};
/* End PBXTargetDependency section */

/* Begin XCBuildConfiguration section */
		EA7ED2131A6FA63D00220BA1 /* Debug */ = {
			isa = XCBuildConfiguration;
			buildSettings = {
				IPHONEOS_DEPLOYMENT_TARGET = 6.0;
				SDKROOT = iphoneos;
				SUPPORTED_PLATFORMS = "iphonesimulator iphoneos";
			};
			name = Debug;
		};
		EA7ED2141A6FA63D00220BA1 /* Release */ = {
			isa = XCBuildConfiguration;
			buildSettings = {
				IPHONEOS_DEPLOYMENT_TARGET = 6.0;
				SDKROOT = iphoneos;
				SUPPORTED_PLATFORMS = "iphonesimulator iphoneos";
			};
			name = Release;
		};
		EA7ED22E1A6FA65B00220BA1 /* Debug */ = {
			isa = XCBuildConfiguration;
			buildSettings = {
				MACOSX_DEPLOYMENT_TARGET = 10.6;
				SDKROOT = macosx;
				SUPPORTED_PLATFORMS = macosx;
			};
			name = Debug;
		};
		EA7ED22F1A6FA65B00220BA1 /* Release */ = {
			isa = XCBuildConfiguration;
			buildSettings = {
				MACOSX_DEPLOYMENT_TARGET = 10.6;
				SDKROOT = macosx;
				SUPPORTED_PLATFORMS = macosx;
			};
			name = Release;
		};
		EACA68AB1A810D6900D79126 /* Debug */ = {
			isa = XCBuildConfiguration;
			buildSettings = {
				PRODUCT_NAME = "$(TARGET_NAME)";
			};
			name = Debug;
		};
		EACA68AC1A810D6900D79126 /* Release */ = {
			isa = XCBuildConfiguration;
			buildSettings = {
				PRODUCT_NAME = "$(TARGET_NAME)";
			};
			name = Release;
		};
		EAE47AF81A6FA548009D8766 /* Debug */ = {
			isa = XCBuildConfiguration;
			buildSettings = {
				ALWAYS_SEARCH_USER_PATHS = NO;
				CLANG_ENABLE_MODULES = YES;
				CLANG_ENABLE_OBJC_ARC = YES;
				CLANG_WARN_BOOL_CONVERSION = YES;
				CLANG_WARN_CONSTANT_CONVERSION = YES;
				CLANG_WARN_DIRECT_OBJC_ISA_USAGE = YES_ERROR;
				CLANG_WARN_EMPTY_BODY = YES;
				CLANG_WARN_ENUM_CONVERSION = YES;
				CLANG_WARN_INT_CONVERSION = YES;
				CLANG_WARN_OBJC_ROOT_CLASS = YES_ERROR;
				CLANG_WARN_UNREACHABLE_CODE = YES;
				CLANG_WARN__DUPLICATE_METHOD_MATCH = YES;
				CONFIGURATION_BUILD_DIR = "$(BUILD_DIR)/$(CONFIGURATION)";
				ENABLE_STRICT_OBJC_MSGSEND = YES;
				GCC_OPTIMIZATION_LEVEL = 0;
				GCC_PREFIX_HEADER = "$(PROJECT_NAME)/Supporting Files/Prefix.pch";
				GCC_PREPROCESSOR_DEFINITIONS = (
					"DEBUG=1",
					"$(inherited)",
				);
				GCC_WARN_64_TO_32_BIT_CONVERSION = YES;
				GCC_WARN_ABOUT_RETURN_TYPE = YES_ERROR;
				GCC_WARN_UNDECLARED_SELECTOR = YES;
				GCC_WARN_UNINITIALIZED_AUTOS = YES_AGGRESSIVE;
				GCC_WARN_UNUSED_FUNCTION = YES;
				GCC_WARN_UNUSED_VARIABLE = YES;
				ONLY_ACTIVE_ARCH = YES;
				OTHER_LDFLAGS = "-ObjC";
				PRODUCT_NAME = "$(TARGET_NAME)";
				PUBLIC_HEADERS_FOLDER_PATH = "include/$(PRODUCT_NAME)";
				SKIP_INSTALL = YES;
			};
			name = Debug;
		};
		EAE47AF91A6FA548009D8766 /* Release */ = {
			isa = XCBuildConfiguration;
			buildSettings = {
				ALWAYS_SEARCH_USER_PATHS = NO;
				CLANG_ENABLE_MODULES = YES;
				CLANG_ENABLE_OBJC_ARC = YES;
				CLANG_WARN_BOOL_CONVERSION = YES;
				CLANG_WARN_CONSTANT_CONVERSION = YES;
				CLANG_WARN_DIRECT_OBJC_ISA_USAGE = YES_ERROR;
				CLANG_WARN_EMPTY_BODY = YES;
				CLANG_WARN_ENUM_CONVERSION = YES;
				CLANG_WARN_INT_CONVERSION = YES;
				CLANG_WARN_OBJC_ROOT_CLASS = YES_ERROR;
				CLANG_WARN_UNREACHABLE_CODE = YES;
				CLANG_WARN__DUPLICATE_METHOD_MATCH = YES;
				CONFIGURATION_BUILD_DIR = "$(BUILD_DIR)/$(CONFIGURATION)";
				ENABLE_NS_ASSERTIONS = NO;
				ENABLE_STRICT_OBJC_MSGSEND = YES;
				GCC_PREFIX_HEADER = "$(PROJECT_NAME)/Supporting Files/Prefix.pch";
				GCC_WARN_64_TO_32_BIT_CONVERSION = YES;
				GCC_WARN_ABOUT_RETURN_TYPE = YES_ERROR;
				GCC_WARN_UNDECLARED_SELECTOR = YES;
				GCC_WARN_UNINITIALIZED_AUTOS = YES_AGGRESSIVE;
				GCC_WARN_UNUSED_FUNCTION = YES;
				GCC_WARN_UNUSED_VARIABLE = YES;
				OTHER_LDFLAGS = "-ObjC";
				PRODUCT_NAME = "$(TARGET_NAME)";
				PUBLIC_HEADERS_FOLDER_PATH = "include/$(PRODUCT_NAME)";
				SKIP_INSTALL = YES;
			};
			name = Release;
		};
/* End XCBuildConfiguration section */

/* Begin XCConfigurationList section */
		EA7ED2121A6FA63D00220BA1 /* Build configuration list for PBXNativeTarget "JFMobileFramework" */ = {
			isa = XCConfigurationList;
			buildConfigurations = (
				EA7ED2131A6FA63D00220BA1 /* Debug */,
				EA7ED2141A6FA63D00220BA1 /* Release */,
			);
			defaultConfigurationIsVisible = 0;
			defaultConfigurationName = Release;
		};
		EA7ED22D1A6FA65B00220BA1 /* Build configuration list for PBXNativeTarget "JFFramework" */ = {
			isa = XCConfigurationList;
			buildConfigurations = (
				EA7ED22E1A6FA65B00220BA1 /* Debug */,
				EA7ED22F1A6FA65B00220BA1 /* Release */,
			);
			defaultConfigurationIsVisible = 0;
			defaultConfigurationName = Release;
		};
		EACA68AA1A810D6900D79126 /* Build configuration list for PBXAggregateTarget "All Frameworks" */ = {
			isa = XCConfigurationList;
			buildConfigurations = (
				EACA68AB1A810D6900D79126 /* Debug */,
				EACA68AC1A810D6900D79126 /* Release */,
			);
			defaultConfigurationIsVisible = 0;
		};
		EAE47AF71A6FA548009D8766 /* Build configuration list for PBXProject "JFFramework" */ = {
			isa = XCConfigurationList;
			buildConfigurations = (
				EAE47AF81A6FA548009D8766 /* Debug */,
				EAE47AF91A6FA548009D8766 /* Release */,
			);
			defaultConfigurationIsVisible = 0;
			defaultConfigurationName = Release;
		};
/* End XCConfigurationList section */
	};
	rootObject = EAE47AF41A6FA548009D8766 /* Project object */;
}
